
Microsoft Visual Studio Solution File, Format Version 12.00
# Visual Studio 15
VisualStudioVersion = 15.0.28010.2036
MinimumVisualStudioVersion = 10.0.40219.1
Project("{9A19103F-16F7-4668-BE54-9A1E7A4F7556}") = "Elsa.Core", "src\core\Elsa.Core\Elsa.Core.csproj", "{300EE2D5-54C5-46F2-AD03-BB43589EA074}"
EndProject
Project("{2150E333-8FDC-42A3-9474-1A3956D46DE8}") = "src", "src", "{DA71CDAA-8DD3-4D5F-9FBD-8E4B37A2D925}"
EndProject
Project("{2150E333-8FDC-42A3-9474-1A3956D46DE8}") = "solution", "solution", "{7165BB9E-F22C-40D2-B7B1-CA3EFA2529A0}"
	ProjectSection(SolutionItems) = preProject
		.editorconfig = .editorconfig
		.gitignore = .gitignore
		Nuget.Config = Nuget.Config
		README.md = README.md
		.dockerignore = .dockerignore
		docker-compose.yaml = docker-compose.yaml
		Dockerfile = Dockerfile
	EndProjectSection
EndProject
Project("{9A19103F-16F7-4668-BE54-9A1E7A4F7556}") = "Elsa.Abstractions", "src\core\Elsa.Abstractions\Elsa.Abstractions.csproj", "{3130C574-557C-4DA2-933E-AED7A9EBE48A}"
EndProject
Project("{2150E333-8FDC-42A3-9474-1A3956D46DE8}") = "core", "core", "{35F44BE9-13D0-417C-A01A-F0787BEE6DC3}"
EndProject
Project("{9A19103F-16F7-4668-BE54-9A1E7A4F7556}") = "Elsa.Activities.Console", "src\activities\Elsa.Activities.Console\Elsa.Activities.Console.csproj", "{B98B80CB-D3A3-437C-A61C-ED82C8C77B2F}"
EndProject
Project("{9A19103F-16F7-4668-BE54-9A1E7A4F7556}") = "Elsa.Activities.Http", "src\activities\Elsa.Activities.Http\Elsa.Activities.Http.csproj", "{1D63E1B4-2386-4BEC-9090-C3F3CBF25703}"
EndProject
Project("{2150E333-8FDC-42A3-9474-1A3956D46DE8}") = "activities", "activities", "{B43B546E-23F3-46E8-ACB7-D04F05CDA180}"
EndProject
Project("{9A19103F-16F7-4668-BE54-9A1E7A4F7556}") = "Elsa.Activities.Email", "src\activities\Elsa.Activities.Email\Elsa.Activities.Email.csproj", "{D20FCB88-9DCA-49EA-9CC2-5B94DD935D30}"
EndProject
Project("{9A19103F-16F7-4668-BE54-9A1E7A4F7556}") = "Elsa.Activities.Timers", "src\activities\Elsa.Activities.Timers\Elsa.Activities.Timers.csproj", "{E4B71DC4-3E73-49C3-9B4E-CA13909F222D}"
EndProject
Project("{9A19103F-16F7-4668-BE54-9A1E7A4F7556}") = "Elsa.Activities.MassTransit", "src\activities\Elsa.Activities.MassTransit\Elsa.Activities.MassTransit.csproj", "{C4939482-9447-47D1-B6AF-E9F8C6323841}"
EndProject
Project("{2150E333-8FDC-42A3-9474-1A3956D46DE8}") = "persistence", "persistence", "{76710230-AC6D-4E54-9A06-15F34C155118}"
EndProject
Project("{9A19103F-16F7-4668-BE54-9A1E7A4F7556}") = "Elsa.Persistence.YesSql", "src\persistence\Elsa.Persistence.YesSql\Elsa.Persistence.YesSql.csproj", "{4DB0741F-EAD9-4E37-862D-A1DA12462B7D}"
EndProject
Project("{9A19103F-16F7-4668-BE54-9A1E7A4F7556}") = "Elsa.Activities.UserTask", "src\activities\Elsa.Activities.UserTask\Elsa.Activities.UserTask.csproj", "{BC0F57E2-AB64-4026-B6E3-E03D9133DB26}"
EndProject
Project("{9A19103F-16F7-4668-BE54-9A1E7A4F7556}") = "Elsa.Persistence.EntityFrameworkCore", "src\persistence\Elsa.Persistence.EntityFrameworkCore\Elsa.Persistence.EntityFrameworkCore.csproj", "{349D4C87-E17F-4F51-B493-1994BF631D37}"
EndProject
Project("{2150E333-8FDC-42A3-9474-1A3956D46DE8}") = "dashboard", "dashboard", "{8B87D79A-F0DE-4F88-81D3-8C8C69108ADB}"
EndProject
Project("{9A19103F-16F7-4668-BE54-9A1E7A4F7556}") = "Elsa.Dashboard", "src\dashboard\Elsa.Dashboard\Elsa.Dashboard.csproj", "{493FC3E3-34FE-4F8D-AF37-38A5F5541FBD}"
EndProject
Project("{9A19103F-16F7-4668-BE54-9A1E7A4F7556}") = "Elsa.Persistence.MongoDb", "src\persistence\Elsa.Persistence.MongoDb\Elsa.Persistence.MongoDb.csproj", "{82CDD590-2409-4C7E-8AF4-07C7D718D4D8}"
EndProject
Project("{9A19103F-16F7-4668-BE54-9A1E7A4F7556}") = "Elsa.WorkflowDesigner", "src\dashboard\Elsa.WorkflowDesigner\Elsa.WorkflowDesigner.csproj", "{120E4BF9-4A42-4BB9-A0B2-9597160D6E37}"
EndProject
Project("{FAE04EC0-301F-11D3-BF4B-00C04F79EFBC}") = "Elsa.Persistence.DocumentDb", "src\persistence\Elsa.Persistence.DocumentDb\Elsa.Persistence.DocumentDb.csproj", "{39EBECE7-538B-431C-AAB7-901AB16E6D4A}"
EndProject
Project("{FAE04EC0-301F-11D3-BF4B-00C04F79EFBC}") = "Elsa.Activities.Dropbox", "src\activities\Elsa.Activities.Dropbox\Elsa.Activities.Dropbox.csproj", "{5A3C9D59-21FE-4BE3-A00A-FF3F198EEC97}"
EndProject
Project("{2150E333-8FDC-42A3-9474-1A3956D46DE8}") = "scripting", "scripting", "{5E230C5F-7A64-4E95-A790-DF40CC66DA31}"
EndProject
Project("{FAE04EC0-301F-11D3-BF4B-00C04F79EFBC}") = "Elsa.Scripting.JavaScript", "src\scripting\Elsa.Scripting.JavaScript\Elsa.Scripting.JavaScript.csproj", "{DA91DAF2-4C59-4468-8F1D-6A500D218A1E}"
EndProject
Project("{FAE04EC0-301F-11D3-BF4B-00C04F79EFBC}") = "Elsa.Scripting.Liquid", "src\scripting\Elsa.Scripting.Liquid\Elsa.Scripting.Liquid.csproj", "{9A2D1E3E-328F-4E02-86F8-84974925C1E3}"
EndProject
Project("{FAE04EC0-301F-11D3-BF4B-00C04F79EFBC}") = "Elsa.Activities.ControlFlow", "src\activities\Elsa.Activities.ControlFlow\Elsa.Activities.ControlFlow.csproj", "{3FC85C9D-CC20-4F54-9936-029F19FBFBE1}"
EndProject
Project("{FAE04EC0-301F-11D3-BF4B-00C04F79EFBC}") = "Elsa.Activities.Workflows", "src\activities\Elsa.Activities.Workflows\Elsa.Activities.Workflows.csproj", "{1BB8EC9E-AEBD-438B-9FA7-B7FA78999D7D}"
EndProject
Project("{FAE04EC0-301F-11D3-BF4B-00C04F79EFBC}") = "Elsa", "src\core\Elsa\Elsa.csproj", "{ED2A4FE5-821B-46F7-B72F-E66DE0D66C93}"
EndProject
Project("{FAE04EC0-301F-11D3-BF4B-00C04F79EFBC}") = "Elsa.Dashboard.Web", "src\dashboard\Elsa.Dashboard.Web\Elsa.Dashboard.Web.csproj", "{7179277B-E692-43CA-8243-3FE4FC2DD1EA}"
EndProject
Project("{FAE04EC0-301F-11D3-BF4B-00C04F79EFBC}") = "Elsa.Activities.Reflection", "src\activities\Elsa.Activities.Reflection\Elsa.Activities.Reflection.csproj", "{1689E6C1-DD2B-4ECC-B9C8-E6A7E4E6AAA0}"
EndProject
Global
	GlobalSection(SolutionConfigurationPlatforms) = preSolution
		Debug|Any CPU = Debug|Any CPU
		Release|Any CPU = Release|Any CPU
	EndGlobalSection
	GlobalSection(ProjectConfigurationPlatforms) = postSolution
		{300EE2D5-54C5-46F2-AD03-BB43589EA074}.Debug|Any CPU.ActiveCfg = Debug|Any CPU
		{300EE2D5-54C5-46F2-AD03-BB43589EA074}.Debug|Any CPU.Build.0 = Debug|Any CPU
		{300EE2D5-54C5-46F2-AD03-BB43589EA074}.Release|Any CPU.ActiveCfg = Release|Any CPU
		{300EE2D5-54C5-46F2-AD03-BB43589EA074}.Release|Any CPU.Build.0 = Release|Any CPU
		{3130C574-557C-4DA2-933E-AED7A9EBE48A}.Debug|Any CPU.ActiveCfg = Debug|Any CPU
		{3130C574-557C-4DA2-933E-AED7A9EBE48A}.Debug|Any CPU.Build.0 = Debug|Any CPU
		{3130C574-557C-4DA2-933E-AED7A9EBE48A}.Release|Any CPU.ActiveCfg = Release|Any CPU
		{3130C574-557C-4DA2-933E-AED7A9EBE48A}.Release|Any CPU.Build.0 = Release|Any CPU
		{B98B80CB-D3A3-437C-A61C-ED82C8C77B2F}.Debug|Any CPU.ActiveCfg = Debug|Any CPU
		{B98B80CB-D3A3-437C-A61C-ED82C8C77B2F}.Debug|Any CPU.Build.0 = Debug|Any CPU
		{B98B80CB-D3A3-437C-A61C-ED82C8C77B2F}.Release|Any CPU.ActiveCfg = Release|Any CPU
		{B98B80CB-D3A3-437C-A61C-ED82C8C77B2F}.Release|Any CPU.Build.0 = Release|Any CPU
		{1D63E1B4-2386-4BEC-9090-C3F3CBF25703}.Debug|Any CPU.ActiveCfg = Debug|Any CPU
		{1D63E1B4-2386-4BEC-9090-C3F3CBF25703}.Debug|Any CPU.Build.0 = Debug|Any CPU
		{1D63E1B4-2386-4BEC-9090-C3F3CBF25703}.Release|Any CPU.ActiveCfg = Release|Any CPU
		{1D63E1B4-2386-4BEC-9090-C3F3CBF25703}.Release|Any CPU.Build.0 = Release|Any CPU
		{D20FCB88-9DCA-49EA-9CC2-5B94DD935D30}.Debug|Any CPU.ActiveCfg = Debug|Any CPU
		{D20FCB88-9DCA-49EA-9CC2-5B94DD935D30}.Debug|Any CPU.Build.0 = Debug|Any CPU
		{D20FCB88-9DCA-49EA-9CC2-5B94DD935D30}.Release|Any CPU.ActiveCfg = Release|Any CPU
		{D20FCB88-9DCA-49EA-9CC2-5B94DD935D30}.Release|Any CPU.Build.0 = Release|Any CPU
		{E4B71DC4-3E73-49C3-9B4E-CA13909F222D}.Debug|Any CPU.ActiveCfg = Debug|Any CPU
		{E4B71DC4-3E73-49C3-9B4E-CA13909F222D}.Debug|Any CPU.Build.0 = Debug|Any CPU
		{E4B71DC4-3E73-49C3-9B4E-CA13909F222D}.Release|Any CPU.ActiveCfg = Release|Any CPU
		{E4B71DC4-3E73-49C3-9B4E-CA13909F222D}.Release|Any CPU.Build.0 = Release|Any CPU
		{C4939482-9447-47D1-B6AF-E9F8C6323841}.Debug|Any CPU.ActiveCfg = Debug|Any CPU
		{C4939482-9447-47D1-B6AF-E9F8C6323841}.Debug|Any CPU.Build.0 = Debug|Any CPU
		{C4939482-9447-47D1-B6AF-E9F8C6323841}.Release|Any CPU.ActiveCfg = Release|Any CPU
		{C4939482-9447-47D1-B6AF-E9F8C6323841}.Release|Any CPU.Build.0 = Release|Any CPU
		{4DB0741F-EAD9-4E37-862D-A1DA12462B7D}.Debug|Any CPU.ActiveCfg = Debug|Any CPU
		{4DB0741F-EAD9-4E37-862D-A1DA12462B7D}.Debug|Any CPU.Build.0 = Debug|Any CPU
		{4DB0741F-EAD9-4E37-862D-A1DA12462B7D}.Release|Any CPU.ActiveCfg = Release|Any CPU
		{4DB0741F-EAD9-4E37-862D-A1DA12462B7D}.Release|Any CPU.Build.0 = Release|Any CPU
		{BC0F57E2-AB64-4026-B6E3-E03D9133DB26}.Debug|Any CPU.ActiveCfg = Debug|Any CPU
		{BC0F57E2-AB64-4026-B6E3-E03D9133DB26}.Debug|Any CPU.Build.0 = Debug|Any CPU
		{BC0F57E2-AB64-4026-B6E3-E03D9133DB26}.Release|Any CPU.ActiveCfg = Release|Any CPU
		{BC0F57E2-AB64-4026-B6E3-E03D9133DB26}.Release|Any CPU.Build.0 = Release|Any CPU
		{349D4C87-E17F-4F51-B493-1994BF631D37}.Debug|Any CPU.ActiveCfg = Debug|Any CPU
		{349D4C87-E17F-4F51-B493-1994BF631D37}.Debug|Any CPU.Build.0 = Debug|Any CPU
		{349D4C87-E17F-4F51-B493-1994BF631D37}.Release|Any CPU.ActiveCfg = Release|Any CPU
		{349D4C87-E17F-4F51-B493-1994BF631D37}.Release|Any CPU.Build.0 = Release|Any CPU
		{493FC3E3-34FE-4F8D-AF37-38A5F5541FBD}.Debug|Any CPU.ActiveCfg = Debug|Any CPU
		{493FC3E3-34FE-4F8D-AF37-38A5F5541FBD}.Debug|Any CPU.Build.0 = Debug|Any CPU
		{493FC3E3-34FE-4F8D-AF37-38A5F5541FBD}.Release|Any CPU.ActiveCfg = Release|Any CPU
		{493FC3E3-34FE-4F8D-AF37-38A5F5541FBD}.Release|Any CPU.Build.0 = Release|Any CPU
		{82CDD590-2409-4C7E-8AF4-07C7D718D4D8}.Debug|Any CPU.ActiveCfg = Debug|Any CPU
		{82CDD590-2409-4C7E-8AF4-07C7D718D4D8}.Debug|Any CPU.Build.0 = Debug|Any CPU
		{82CDD590-2409-4C7E-8AF4-07C7D718D4D8}.Release|Any CPU.ActiveCfg = Release|Any CPU
		{82CDD590-2409-4C7E-8AF4-07C7D718D4D8}.Release|Any CPU.Build.0 = Release|Any CPU
		{120E4BF9-4A42-4BB9-A0B2-9597160D6E37}.Debug|Any CPU.ActiveCfg = Debug|Any CPU
		{120E4BF9-4A42-4BB9-A0B2-9597160D6E37}.Debug|Any CPU.Build.0 = Debug|Any CPU
		{120E4BF9-4A42-4BB9-A0B2-9597160D6E37}.Release|Any CPU.ActiveCfg = Release|Any CPU
		{120E4BF9-4A42-4BB9-A0B2-9597160D6E37}.Release|Any CPU.Build.0 = Release|Any CPU
		{39EBECE7-538B-431C-AAB7-901AB16E6D4A}.Debug|Any CPU.ActiveCfg = Debug|Any CPU
		{39EBECE7-538B-431C-AAB7-901AB16E6D4A}.Debug|Any CPU.Build.0 = Debug|Any CPU
		{39EBECE7-538B-431C-AAB7-901AB16E6D4A}.Release|Any CPU.ActiveCfg = Release|Any CPU
		{39EBECE7-538B-431C-AAB7-901AB16E6D4A}.Release|Any CPU.Build.0 = Release|Any CPU
		{5A3C9D59-21FE-4BE3-A00A-FF3F198EEC97}.Debug|Any CPU.ActiveCfg = Debug|Any CPU
		{5A3C9D59-21FE-4BE3-A00A-FF3F198EEC97}.Debug|Any CPU.Build.0 = Debug|Any CPU
		{5A3C9D59-21FE-4BE3-A00A-FF3F198EEC97}.Release|Any CPU.ActiveCfg = Release|Any CPU
		{5A3C9D59-21FE-4BE3-A00A-FF3F198EEC97}.Release|Any CPU.Build.0 = Release|Any CPU
		{DA91DAF2-4C59-4468-8F1D-6A500D218A1E}.Debug|Any CPU.ActiveCfg = Debug|Any CPU
		{DA91DAF2-4C59-4468-8F1D-6A500D218A1E}.Debug|Any CPU.Build.0 = Debug|Any CPU
		{DA91DAF2-4C59-4468-8F1D-6A500D218A1E}.Release|Any CPU.ActiveCfg = Release|Any CPU
		{DA91DAF2-4C59-4468-8F1D-6A500D218A1E}.Release|Any CPU.Build.0 = Release|Any CPU
		{9A2D1E3E-328F-4E02-86F8-84974925C1E3}.Debug|Any CPU.ActiveCfg = Debug|Any CPU
		{9A2D1E3E-328F-4E02-86F8-84974925C1E3}.Debug|Any CPU.Build.0 = Debug|Any CPU
		{9A2D1E3E-328F-4E02-86F8-84974925C1E3}.Release|Any CPU.ActiveCfg = Release|Any CPU
		{9A2D1E3E-328F-4E02-86F8-84974925C1E3}.Release|Any CPU.Build.0 = Release|Any CPU
		{3FC85C9D-CC20-4F54-9936-029F19FBFBE1}.Debug|Any CPU.ActiveCfg = Debug|Any CPU
		{3FC85C9D-CC20-4F54-9936-029F19FBFBE1}.Debug|Any CPU.Build.0 = Debug|Any CPU
		{3FC85C9D-CC20-4F54-9936-029F19FBFBE1}.Release|Any CPU.ActiveCfg = Release|Any CPU
		{3FC85C9D-CC20-4F54-9936-029F19FBFBE1}.Release|Any CPU.Build.0 = Release|Any CPU
		{1BB8EC9E-AEBD-438B-9FA7-B7FA78999D7D}.Debug|Any CPU.ActiveCfg = Debug|Any CPU
		{1BB8EC9E-AEBD-438B-9FA7-B7FA78999D7D}.Debug|Any CPU.Build.0 = Debug|Any CPU
		{1BB8EC9E-AEBD-438B-9FA7-B7FA78999D7D}.Release|Any CPU.ActiveCfg = Release|Any CPU
		{1BB8EC9E-AEBD-438B-9FA7-B7FA78999D7D}.Release|Any CPU.Build.0 = Release|Any CPU
		{ED2A4FE5-821B-46F7-B72F-E66DE0D66C93}.Debug|Any CPU.ActiveCfg = Debug|Any CPU
		{ED2A4FE5-821B-46F7-B72F-E66DE0D66C93}.Debug|Any CPU.Build.0 = Debug|Any CPU
		{ED2A4FE5-821B-46F7-B72F-E66DE0D66C93}.Release|Any CPU.ActiveCfg = Release|Any CPU
		{ED2A4FE5-821B-46F7-B72F-E66DE0D66C93}.Release|Any CPU.Build.0 = Release|Any CPU
		{7179277B-E692-43CA-8243-3FE4FC2DD1EA}.Debug|Any CPU.ActiveCfg = Debug|Any CPU
		{7179277B-E692-43CA-8243-3FE4FC2DD1EA}.Debug|Any CPU.Build.0 = Debug|Any CPU
		{7179277B-E692-43CA-8243-3FE4FC2DD1EA}.Release|Any CPU.ActiveCfg = Release|Any CPU
		{7179277B-E692-43CA-8243-3FE4FC2DD1EA}.Release|Any CPU.Build.0 = Release|Any CPU
		{1689E6C1-DD2B-4ECC-B9C8-E6A7E4E6AAA0}.Debug|Any CPU.ActiveCfg = Debug|Any CPU
		{1689E6C1-DD2B-4ECC-B9C8-E6A7E4E6AAA0}.Debug|Any CPU.Build.0 = Debug|Any CPU
		{1689E6C1-DD2B-4ECC-B9C8-E6A7E4E6AAA0}.Release|Any CPU.ActiveCfg = Release|Any CPU
		{1689E6C1-DD2B-4ECC-B9C8-E6A7E4E6AAA0}.Release|Any CPU.Build.0 = Release|Any CPU
	EndGlobalSection
	GlobalSection(SolutionProperties) = preSolution
		HideSolutionNode = FALSE
	EndGlobalSection
	GlobalSection(NestedProjects) = preSolution
		{300EE2D5-54C5-46F2-AD03-BB43589EA074} = {35F44BE9-13D0-417C-A01A-F0787BEE6DC3}
		{3130C574-557C-4DA2-933E-AED7A9EBE48A} = {35F44BE9-13D0-417C-A01A-F0787BEE6DC3}
		{35F44BE9-13D0-417C-A01A-F0787BEE6DC3} = {DA71CDAA-8DD3-4D5F-9FBD-8E4B37A2D925}
		{B98B80CB-D3A3-437C-A61C-ED82C8C77B2F} = {B43B546E-23F3-46E8-ACB7-D04F05CDA180}
		{1D63E1B4-2386-4BEC-9090-C3F3CBF25703} = {B43B546E-23F3-46E8-ACB7-D04F05CDA180}
		{B43B546E-23F3-46E8-ACB7-D04F05CDA180} = {DA71CDAA-8DD3-4D5F-9FBD-8E4B37A2D925}
		{D20FCB88-9DCA-49EA-9CC2-5B94DD935D30} = {B43B546E-23F3-46E8-ACB7-D04F05CDA180}
		{E4B71DC4-3E73-49C3-9B4E-CA13909F222D} = {B43B546E-23F3-46E8-ACB7-D04F05CDA180}
		{C4939482-9447-47D1-B6AF-E9F8C6323841} = {B43B546E-23F3-46E8-ACB7-D04F05CDA180}
		{76710230-AC6D-4E54-9A06-15F34C155118} = {DA71CDAA-8DD3-4D5F-9FBD-8E4B37A2D925}
		{4DB0741F-EAD9-4E37-862D-A1DA12462B7D} = {76710230-AC6D-4E54-9A06-15F34C155118}
		{BC0F57E2-AB64-4026-B6E3-E03D9133DB26} = {B43B546E-23F3-46E8-ACB7-D04F05CDA180}
		{349D4C87-E17F-4F51-B493-1994BF631D37} = {76710230-AC6D-4E54-9A06-15F34C155118}
		{8B87D79A-F0DE-4F88-81D3-8C8C69108ADB} = {DA71CDAA-8DD3-4D5F-9FBD-8E4B37A2D925}
		{493FC3E3-34FE-4F8D-AF37-38A5F5541FBD} = {8B87D79A-F0DE-4F88-81D3-8C8C69108ADB}
		{82CDD590-2409-4C7E-8AF4-07C7D718D4D8} = {76710230-AC6D-4E54-9A06-15F34C155118}
		{120E4BF9-4A42-4BB9-A0B2-9597160D6E37} = {8B87D79A-F0DE-4F88-81D3-8C8C69108ADB}
		{39EBECE7-538B-431C-AAB7-901AB16E6D4A} = {76710230-AC6D-4E54-9A06-15F34C155118}
		{5A3C9D59-21FE-4BE3-A00A-FF3F198EEC97} = {B43B546E-23F3-46E8-ACB7-D04F05CDA180}
		{5E230C5F-7A64-4E95-A790-DF40CC66DA31} = {DA71CDAA-8DD3-4D5F-9FBD-8E4B37A2D925}
		{DA91DAF2-4C59-4468-8F1D-6A500D218A1E} = {5E230C5F-7A64-4E95-A790-DF40CC66DA31}
		{9A2D1E3E-328F-4E02-86F8-84974925C1E3} = {5E230C5F-7A64-4E95-A790-DF40CC66DA31}
		{3FC85C9D-CC20-4F54-9936-029F19FBFBE1} = {B43B546E-23F3-46E8-ACB7-D04F05CDA180}
		{1BB8EC9E-AEBD-438B-9FA7-B7FA78999D7D} = {B43B546E-23F3-46E8-ACB7-D04F05CDA180}
		{ED2A4FE5-821B-46F7-B72F-E66DE0D66C93} = {35F44BE9-13D0-417C-A01A-F0787BEE6DC3}
		{7179277B-E692-43CA-8243-3FE4FC2DD1EA} = {8B87D79A-F0DE-4F88-81D3-8C8C69108ADB}
		{1689E6C1-DD2B-4ECC-B9C8-E6A7E4E6AAA0} = {B43B546E-23F3-46E8-ACB7-D04F05CDA180}
	EndGlobalSection
	GlobalSection(ExtensibilityGlobals) = postSolution
		SolutionGuid = {8B0975FD-7050-48B0-88C5-48C33378E158}
	EndGlobalSection
EndGlobal
