
Microsoft Visual Studio Solution File, Format Version 12.00
Project("{2150E333-8FDC-42A3-9474-1A3956D46DE8}") = "src", "src", "{61017E64-6D00-49CB-9E81-5002DC8F7D5F}"
EndProject
Project("{2150E333-8FDC-42A3-9474-1A3956D46DE8}") = "samples", "samples", "{155227F0-A33B-40AA-A4B4-06F813EB921B}"
EndProject
Project("{2150E333-8FDC-42A3-9474-1A3956D46DE8}") = "common", "common", "{C6658DE0-2B2F-47F0-BB61-2CA66D435C09}"
EndProject
Project("{FAE04EC0-301F-11D3-BF4B-00C04F79EFBC}") = "Elsa.Samples.Console1", "src\samples\console\Elsa.Samples.Console1\Elsa.Samples.Console1.csproj", "{B44A9DDA-8091-490A-BC0B-2EAE4A601B09}"
EndProject
Project("{FAE04EC0-301F-11D3-BF4B-00C04F79EFBC}") = "Elsa.Workflows.Core", "src\core\Elsa.Workflows.Core\Elsa.Workflows.Core.csproj", "{6FA9ED7D-2D32-46BC-B47F-E503B2A4C0A9}"
EndProject
Project("{2150E333-8FDC-42A3-9474-1A3956D46DE8}") = "solution", "solution", "{7D21EB5E-D6B4-48A5-A9BC-A26387A65F0B}"
ProjectSection(SolutionItems) = preProject
	README.md = README.md
	docker-compose.yml = docker-compose.yml
EndProjectSection
EndProject
Project("{2150E333-8FDC-42A3-9474-1A3956D46DE8}") = "docs", "docs", "{0354F050-3992-4DD4-B0EE-5FBA04AC72B6}"
EndProject
Project("{2150E333-8FDC-42A3-9474-1A3956D46DE8}") = "console", "console", "{873BFC3E-63C2-4495-A503-5EC05DCD84E4}"
EndProject
Project("{2150E333-8FDC-42A3-9474-1A3956D46DE8}") = "aspnet", "aspnet", "{56C2FFB8-EA54-45B5-A095-4A78142EB4B5}"
EndProject
Project("{FAE04EC0-301F-11D3-BF4B-00C04F79EFBC}") = "Elsa.Samples.Web1", "src\samples\aspnet\Elsa.Samples.Web1\Elsa.Samples.Web1.csproj", "{A2E6E9A4-4C21-4022-A53E-BDF5ED0D0678}"
EndProject
Project("{FAE04EC0-301F-11D3-BF4B-00C04F79EFBC}") = "Elsa.Workflows.Api", "src\api\Elsa.Workflows.Api\Elsa.Workflows.Api.csproj", "{39C6C4A2-077E-48C2-B295-DFE357EC38B2}"
EndProject
Project("{2150E333-8FDC-42A3-9474-1A3956D46DE8}") = "dsl", "dsl", "{CE121DFD-72D4-4DB7-968F-C0DB320D08FB}"
EndProject
Project("{FAE04EC0-301F-11D3-BF4B-00C04F79EFBC}") = "Elsa.Dsl", "src\dsl\Elsa.Dsl\Elsa.Dsl.csproj", "{61F5C50C-C572-46AB-8F37-54D1F84CC31D}"
EndProject
Project("{FAE04EC0-301F-11D3-BF4B-00C04F79EFBC}") = "Elsa.Samples.Console2", "src\samples\console\Elsa.Samples.Console2\Elsa.Samples.Console2.csproj", "{48960E35-903C-4EF0-A8F4-3871B000B12D}"
EndProject
Project("{FAE04EC0-301F-11D3-BF4B-00C04F79EFBC}") = "Elsa.ProtoActor", "src\runtime\Elsa.ProtoActor\Elsa.ProtoActor.csproj", "{E5A05E1D-0F7F-4030-B434-596C76486CDB}"
EndProject
Project("{FAE04EC0-301F-11D3-BF4B-00C04F79EFBC}") = "Elsa.Samples.Web2", "src\samples\aspnet\Elsa.Samples.Web2\Elsa.Samples.Web2.csproj", "{13A6BAF1-9BAD-4A3A-A61F-5E4F01CDF0BF}"
EndProject
Project("{FAE04EC0-301F-11D3-BF4B-00C04F79EFBC}") = "Elsa", "src\core\Elsa\Elsa.csproj", "{521365AE-A681-4E4B-87E6-B4D982CDD520}"
EndProject
Project("{FAE04EC0-301F-11D3-BF4B-00C04F79EFBC}") = "Elsa.Mediator", "src\core\Elsa.Mediator\Elsa.Mediator.csproj", "{5CC45C6C-0751-4A33-8306-758BB17417F7}"
EndProject
Project("{FAE04EC0-301F-11D3-BF4B-00C04F79EFBC}") = "Elsa.Workflows.Management", "src\core\Elsa.Workflows.Management\Elsa.Workflows.Management.csproj", "{03C2D8B9-C61F-4750-8107-765E3FE02ADA}"
EndProject
Project("{FAE04EC0-301F-11D3-BF4B-00C04F79EFBC}") = "Elsa.Liquid", "src\scripting\Elsa.Liquid\Elsa.Liquid.csproj", "{A7473430-F228-4534-AEA5-AA8D80E09364}"
EndProject
Project("{2150E333-8FDC-42A3-9474-1A3956D46DE8}") = "modules", "modules", "{5BA4A8FA-F7F4-45B3-AEC8-8886D35AAC79}"
EndProject
Project("{FAE04EC0-301F-11D3-BF4B-00C04F79EFBC}") = "Elsa.Quartz", "src\modules\Elsa.Quartz\Elsa.Quartz.csproj", "{7D5A49B4-9A9B-496E-803B-DEB85B2C3132}"
EndProject
Project("{FAE04EC0-301F-11D3-BF4B-00C04F79EFBC}") = "Elsa.Jobs.Abstractions", "src\core\Elsa.Jobs.Abstractions\Elsa.Jobs.Abstractions.csproj", "{50697882-E38B-4CE7-B041-8009C18490E0}"
EndProject
Project("{FAE04EC0-301F-11D3-BF4B-00C04F79EFBC}") = "Elsa.Http", "src\modules\Elsa.Http\Elsa.Http.csproj", "{82E26BF9-5F3A-4365-899A-AB1FFD54AA45}"
EndProject
Project("{FAE04EC0-301F-11D3-BF4B-00C04F79EFBC}") = "Elsa.Scheduling", "src\modules\Elsa.Scheduling\Elsa.Scheduling.csproj", "{ACD65CE5-3CC2-47B1-BFAC-72443D764F6E}"
EndProject
Project("{FAE04EC0-301F-11D3-BF4B-00C04F79EFBC}") = "Elsa.AzureServiceBus", "src\modules\Elsa.AzureServiceBus\Elsa.AzureServiceBus.csproj", "{24C7095B-5CDD-4369-9F34-5565A019B195}"
EndProject
Project("{FAE04EC0-301F-11D3-BF4B-00C04F79EFBC}") = "Elsa.Formatting", "src\core\Elsa.Formatting\Elsa.Formatting.csproj", "{49716A83-239C-4913-BC11-E379ED2F676E}"
EndProject
Project("{FAE04EC0-301F-11D3-BF4B-00C04F79EFBC}") = "Elsa.JavaScript", "src\modules\Elsa.JavaScript\Elsa.JavaScript.csproj", "{D31581AB-A6C1-4B73-AB63-45667F6C82AE}"
EndProject
Project("{FAE04EC0-301F-11D3-BF4B-00C04F79EFBC}") = "Elsa.Hangfire", "src\modules\Elsa.Hangfire\Elsa.Hangfire.csproj", "{0601A2A6-2C62-418B-9104-8CDE497E5283}"
EndProject
Project("{FAE04EC0-301F-11D3-BF4B-00C04F79EFBC}") = "Elsa.WorkflowContexts", "src\modules\Elsa.WorkflowContexts\Elsa.WorkflowContexts.csproj", "{302BFC43-ED2F-43AE-8AD4-FCD481B0AC67}"
EndProject
Project("{FAE04EC0-301F-11D3-BF4B-00C04F79EFBC}") = "Elsa.ServiceBus.Abstractions", "src\core\Elsa.ServiceBus.Abstractions\Elsa.ServiceBus.Abstractions.csproj", "{61FAFEED-A477-4D8F-A293-C0196F11EA0F}"
EndProject
Project("{FAE04EC0-301F-11D3-BF4B-00C04F79EFBC}") = "Elsa.MassTransit", "src\modules\Elsa.MassTransit\Elsa.MassTransit.csproj", "{BB983D0B-A939-4008-B9E3-C7C172BCF83A}"
EndProject
Project("{2150E333-8FDC-42A3-9474-1A3956D46DE8}") = "test", "test", "{90031D64-CA0F-46D0-9AF4-8DC023A5FFCD}"
EndProject
Project("{FAE04EC0-301F-11D3-BF4B-00C04F79EFBC}") = "Elsa.IntegrationTests", "test\Elsa.IntegrationTests\Elsa.IntegrationTests.csproj", "{B066ED0A-86E0-4025-85C2-7E8F7139D8A4}"
EndProject
Project("{FAE04EC0-301F-11D3-BF4B-00C04F79EFBC}") = "Elsa.UnitTests", "test\Elsa.UnitTests\Elsa.UnitTests.csproj", "{85A6862B-E523-45FA-A26B-BF98BE140E89}"
EndProject
Project("{FAE04EC0-301F-11D3-BF4B-00C04F79EFBC}") = "Elsa.Testing.Shared", "test\Elsa.Testing.Shared\Elsa.Testing.Shared.csproj", "{6B80C8AC-E9E7-43FD-B514-C0D801D15792}"
EndProject
Project("{FAE04EC0-301F-11D3-BF4B-00C04F79EFBC}") = "Elsa.Samples.Web3", "src\samples\aspnet\Elsa.Samples.Web3\Elsa.Samples.Web3.csproj", "{177F4FF3-4618-4CB1-BA93-8B024BC64CD8}"
EndProject
Project("{2150E333-8FDC-42A3-9474-1A3956D46DE8}") = "apps", "apps", "{2CA48C3F-1B7C-454B-BEA8-58718090B4EB}"
EndProject
Project("{FAE04EC0-301F-11D3-BF4B-00C04F79EFBC}") = "Elsa.AllInOne.Web", "src\apps\all-in-one-web\Elsa.AllInOne.Web.csproj", "{8CB06629-BD00-46FF-B727-FC86B286A07E}"
EndProject
Project("{FAE04EC0-301F-11D3-BF4B-00C04F79EFBC}") = "Elsa.Workflows.Runtime", "src\core\Elsa.Workflows.Runtime\Elsa.Workflows.Runtime.csproj", "{B3C22F07-C20C-440A-91EF-57685B6BFB42}"
EndProject
Project("{FAE04EC0-301F-11D3-BF4B-00C04F79EFBC}") = "Elsa.Workflows.Persistence", "src\core\Elsa.Workflows.Persistence\Elsa.Workflows.Persistence.csproj", "{904FF38F-32AE-4046-AD80-474D0E702C7C}"
EndProject
Project("{FAE04EC0-301F-11D3-BF4B-00C04F79EFBC}") = "Elsa.Workflows.Persistence.EntityFrameworkCore", "src\persistence\efcore\Elsa.Workflows.Persistence.EntityFrameworkCore\Elsa.Workflows.Persistence.EntityFrameworkCore.csproj", "{92CC542F-942B-4EF4-A4DE-970332B68394}"
EndProject
Project("{FAE04EC0-301F-11D3-BF4B-00C04F79EFBC}") = "Elsa.Workflows.Persistence.EntityFrameworkCore.Sqlite", "src\persistence\efcore\Elsa.Workflows.Persistence.EntityFrameworkCore.Sqlite\Elsa.Workflows.Persistence.EntityFrameworkCore.Sqlite.csproj", "{C81E2148-283E-409F-BFE7-60CD2E227887}"
EndProject
Project("{FAE04EC0-301F-11D3-BF4B-00C04F79EFBC}") = "Elsa.AspNetCore", "src\core\Elsa.AspNetCore\Elsa.AspNetCore.csproj", "{D1DA35F2-E531-41EA-ADF4-48E5DF3DAABF}"
EndProject
Project("{FAE04EC0-301F-11D3-BF4B-00C04F79EFBC}") = "Elsa.Labels", "src\modules\Elsa.Labels\Elsa.Labels.csproj", "{80FF5821-E831-450D-AA0C-C76D07D878F4}"
EndProject
Project("{FAE04EC0-301F-11D3-BF4B-00C04F79EFBC}") = "Elsa.Labels.Persistence.EntityFrameworkCore", "src\modules\Elsa.Labels.Persistence.EntityFrameworkCore\Elsa.Labels.Persistence.EntityFrameworkCore.csproj", "{6EC47405-CB49-4B7E-B381-C0C6C9C2787F}"
EndProject
Project("{FAE04EC0-301F-11D3-BF4B-00C04F79EFBC}") = "Elsa.Persistence.Abstractions", "src\core\Elsa.Persistence.Abstractions\Elsa.Persistence.Abstractions.csproj", "{BD563276-CFF7-4A7B-BBCE-9DFF51C93849}"
EndProject
Project("{2150E333-8FDC-42A3-9474-1A3956D46DE8}") = "workflows", "workflows", "{C8B1677B-0988-4119-B02A-1A106C587377}"
EndProject
Global
	GlobalSection(SolutionConfigurationPlatforms) = preSolution
		Debug|Any CPU = Debug|Any CPU
		Release|Any CPU = Release|Any CPU
	EndGlobalSection
	GlobalSection(ProjectConfigurationPlatforms) = postSolution
		{B44A9DDA-8091-490A-BC0B-2EAE4A601B09}.Debug|Any CPU.ActiveCfg = Debug|Any CPU
		{B44A9DDA-8091-490A-BC0B-2EAE4A601B09}.Debug|Any CPU.Build.0 = Debug|Any CPU
		{B44A9DDA-8091-490A-BC0B-2EAE4A601B09}.Release|Any CPU.ActiveCfg = Release|Any CPU
		{B44A9DDA-8091-490A-BC0B-2EAE4A601B09}.Release|Any CPU.Build.0 = Release|Any CPU
		{6FA9ED7D-2D32-46BC-B47F-E503B2A4C0A9}.Debug|Any CPU.ActiveCfg = Debug|Any CPU
		{6FA9ED7D-2D32-46BC-B47F-E503B2A4C0A9}.Debug|Any CPU.Build.0 = Debug|Any CPU
		{6FA9ED7D-2D32-46BC-B47F-E503B2A4C0A9}.Release|Any CPU.ActiveCfg = Release|Any CPU
		{6FA9ED7D-2D32-46BC-B47F-E503B2A4C0A9}.Release|Any CPU.Build.0 = Release|Any CPU
		{A2E6E9A4-4C21-4022-A53E-BDF5ED0D0678}.Debug|Any CPU.ActiveCfg = Debug|Any CPU
		{A2E6E9A4-4C21-4022-A53E-BDF5ED0D0678}.Debug|Any CPU.Build.0 = Debug|Any CPU
		{A2E6E9A4-4C21-4022-A53E-BDF5ED0D0678}.Release|Any CPU.ActiveCfg = Release|Any CPU
		{A2E6E9A4-4C21-4022-A53E-BDF5ED0D0678}.Release|Any CPU.Build.0 = Release|Any CPU
		{39C6C4A2-077E-48C2-B295-DFE357EC38B2}.Debug|Any CPU.ActiveCfg = Debug|Any CPU
		{39C6C4A2-077E-48C2-B295-DFE357EC38B2}.Debug|Any CPU.Build.0 = Debug|Any CPU
		{39C6C4A2-077E-48C2-B295-DFE357EC38B2}.Release|Any CPU.ActiveCfg = Release|Any CPU
		{39C6C4A2-077E-48C2-B295-DFE357EC38B2}.Release|Any CPU.Build.0 = Release|Any CPU
		{61F5C50C-C572-46AB-8F37-54D1F84CC31D}.Debug|Any CPU.ActiveCfg = Debug|Any CPU
		{61F5C50C-C572-46AB-8F37-54D1F84CC31D}.Debug|Any CPU.Build.0 = Debug|Any CPU
		{61F5C50C-C572-46AB-8F37-54D1F84CC31D}.Release|Any CPU.ActiveCfg = Release|Any CPU
		{61F5C50C-C572-46AB-8F37-54D1F84CC31D}.Release|Any CPU.Build.0 = Release|Any CPU
		{48960E35-903C-4EF0-A8F4-3871B000B12D}.Debug|Any CPU.ActiveCfg = Debug|Any CPU
		{48960E35-903C-4EF0-A8F4-3871B000B12D}.Debug|Any CPU.Build.0 = Debug|Any CPU
		{48960E35-903C-4EF0-A8F4-3871B000B12D}.Release|Any CPU.ActiveCfg = Release|Any CPU
		{48960E35-903C-4EF0-A8F4-3871B000B12D}.Release|Any CPU.Build.0 = Release|Any CPU
		{E5A05E1D-0F7F-4030-B434-596C76486CDB}.Debug|Any CPU.ActiveCfg = Debug|Any CPU
		{E5A05E1D-0F7F-4030-B434-596C76486CDB}.Debug|Any CPU.Build.0 = Debug|Any CPU
		{E5A05E1D-0F7F-4030-B434-596C76486CDB}.Release|Any CPU.ActiveCfg = Release|Any CPU
		{E5A05E1D-0F7F-4030-B434-596C76486CDB}.Release|Any CPU.Build.0 = Release|Any CPU
		{13A6BAF1-9BAD-4A3A-A61F-5E4F01CDF0BF}.Debug|Any CPU.ActiveCfg = Debug|Any CPU
		{13A6BAF1-9BAD-4A3A-A61F-5E4F01CDF0BF}.Debug|Any CPU.Build.0 = Debug|Any CPU
		{13A6BAF1-9BAD-4A3A-A61F-5E4F01CDF0BF}.Release|Any CPU.ActiveCfg = Release|Any CPU
		{13A6BAF1-9BAD-4A3A-A61F-5E4F01CDF0BF}.Release|Any CPU.Build.0 = Release|Any CPU
		{521365AE-A681-4E4B-87E6-B4D982CDD520}.Debug|Any CPU.ActiveCfg = Debug|Any CPU
		{521365AE-A681-4E4B-87E6-B4D982CDD520}.Debug|Any CPU.Build.0 = Debug|Any CPU
		{521365AE-A681-4E4B-87E6-B4D982CDD520}.Release|Any CPU.ActiveCfg = Release|Any CPU
		{521365AE-A681-4E4B-87E6-B4D982CDD520}.Release|Any CPU.Build.0 = Release|Any CPU
		{5CC45C6C-0751-4A33-8306-758BB17417F7}.Debug|Any CPU.ActiveCfg = Debug|Any CPU
		{5CC45C6C-0751-4A33-8306-758BB17417F7}.Debug|Any CPU.Build.0 = Debug|Any CPU
		{5CC45C6C-0751-4A33-8306-758BB17417F7}.Release|Any CPU.ActiveCfg = Release|Any CPU
		{5CC45C6C-0751-4A33-8306-758BB17417F7}.Release|Any CPU.Build.0 = Release|Any CPU
		{03C2D8B9-C61F-4750-8107-765E3FE02ADA}.Debug|Any CPU.ActiveCfg = Debug|Any CPU
		{03C2D8B9-C61F-4750-8107-765E3FE02ADA}.Debug|Any CPU.Build.0 = Debug|Any CPU
		{03C2D8B9-C61F-4750-8107-765E3FE02ADA}.Release|Any CPU.ActiveCfg = Release|Any CPU
		{03C2D8B9-C61F-4750-8107-765E3FE02ADA}.Release|Any CPU.Build.0 = Release|Any CPU
		{A7473430-F228-4534-AEA5-AA8D80E09364}.Debug|Any CPU.ActiveCfg = Debug|Any CPU
		{A7473430-F228-4534-AEA5-AA8D80E09364}.Debug|Any CPU.Build.0 = Debug|Any CPU
		{A7473430-F228-4534-AEA5-AA8D80E09364}.Release|Any CPU.ActiveCfg = Release|Any CPU
		{A7473430-F228-4534-AEA5-AA8D80E09364}.Release|Any CPU.Build.0 = Release|Any CPU
		{7D5A49B4-9A9B-496E-803B-DEB85B2C3132}.Debug|Any CPU.ActiveCfg = Debug|Any CPU
		{7D5A49B4-9A9B-496E-803B-DEB85B2C3132}.Debug|Any CPU.Build.0 = Debug|Any CPU
		{7D5A49B4-9A9B-496E-803B-DEB85B2C3132}.Release|Any CPU.ActiveCfg = Release|Any CPU
		{7D5A49B4-9A9B-496E-803B-DEB85B2C3132}.Release|Any CPU.Build.0 = Release|Any CPU
		{50697882-E38B-4CE7-B041-8009C18490E0}.Debug|Any CPU.ActiveCfg = Debug|Any CPU
		{50697882-E38B-4CE7-B041-8009C18490E0}.Debug|Any CPU.Build.0 = Debug|Any CPU
		{50697882-E38B-4CE7-B041-8009C18490E0}.Release|Any CPU.ActiveCfg = Release|Any CPU
		{50697882-E38B-4CE7-B041-8009C18490E0}.Release|Any CPU.Build.0 = Release|Any CPU
		{82E26BF9-5F3A-4365-899A-AB1FFD54AA45}.Debug|Any CPU.ActiveCfg = Debug|Any CPU
		{82E26BF9-5F3A-4365-899A-AB1FFD54AA45}.Debug|Any CPU.Build.0 = Debug|Any CPU
		{82E26BF9-5F3A-4365-899A-AB1FFD54AA45}.Release|Any CPU.ActiveCfg = Release|Any CPU
		{82E26BF9-5F3A-4365-899A-AB1FFD54AA45}.Release|Any CPU.Build.0 = Release|Any CPU
		{ACD65CE5-3CC2-47B1-BFAC-72443D764F6E}.Debug|Any CPU.ActiveCfg = Debug|Any CPU
		{ACD65CE5-3CC2-47B1-BFAC-72443D764F6E}.Debug|Any CPU.Build.0 = Debug|Any CPU
		{ACD65CE5-3CC2-47B1-BFAC-72443D764F6E}.Release|Any CPU.ActiveCfg = Release|Any CPU
		{ACD65CE5-3CC2-47B1-BFAC-72443D764F6E}.Release|Any CPU.Build.0 = Release|Any CPU
		{24C7095B-5CDD-4369-9F34-5565A019B195}.Debug|Any CPU.ActiveCfg = Debug|Any CPU
		{24C7095B-5CDD-4369-9F34-5565A019B195}.Debug|Any CPU.Build.0 = Debug|Any CPU
		{24C7095B-5CDD-4369-9F34-5565A019B195}.Release|Any CPU.ActiveCfg = Release|Any CPU
		{24C7095B-5CDD-4369-9F34-5565A019B195}.Release|Any CPU.Build.0 = Release|Any CPU
		{49716A83-239C-4913-BC11-E379ED2F676E}.Debug|Any CPU.ActiveCfg = Debug|Any CPU
		{49716A83-239C-4913-BC11-E379ED2F676E}.Debug|Any CPU.Build.0 = Debug|Any CPU
		{49716A83-239C-4913-BC11-E379ED2F676E}.Release|Any CPU.ActiveCfg = Release|Any CPU
		{49716A83-239C-4913-BC11-E379ED2F676E}.Release|Any CPU.Build.0 = Release|Any CPU
		{D31581AB-A6C1-4B73-AB63-45667F6C82AE}.Debug|Any CPU.ActiveCfg = Debug|Any CPU
		{D31581AB-A6C1-4B73-AB63-45667F6C82AE}.Debug|Any CPU.Build.0 = Debug|Any CPU
		{D31581AB-A6C1-4B73-AB63-45667F6C82AE}.Release|Any CPU.ActiveCfg = Release|Any CPU
		{D31581AB-A6C1-4B73-AB63-45667F6C82AE}.Release|Any CPU.Build.0 = Release|Any CPU
		{0601A2A6-2C62-418B-9104-8CDE497E5283}.Debug|Any CPU.ActiveCfg = Debug|Any CPU
		{0601A2A6-2C62-418B-9104-8CDE497E5283}.Debug|Any CPU.Build.0 = Debug|Any CPU
		{0601A2A6-2C62-418B-9104-8CDE497E5283}.Release|Any CPU.ActiveCfg = Release|Any CPU
		{0601A2A6-2C62-418B-9104-8CDE497E5283}.Release|Any CPU.Build.0 = Release|Any CPU
		{302BFC43-ED2F-43AE-8AD4-FCD481B0AC67}.Debug|Any CPU.ActiveCfg = Debug|Any CPU
		{302BFC43-ED2F-43AE-8AD4-FCD481B0AC67}.Debug|Any CPU.Build.0 = Debug|Any CPU
		{302BFC43-ED2F-43AE-8AD4-FCD481B0AC67}.Release|Any CPU.ActiveCfg = Release|Any CPU
		{302BFC43-ED2F-43AE-8AD4-FCD481B0AC67}.Release|Any CPU.Build.0 = Release|Any CPU
		{61FAFEED-A477-4D8F-A293-C0196F11EA0F}.Debug|Any CPU.ActiveCfg = Debug|Any CPU
		{61FAFEED-A477-4D8F-A293-C0196F11EA0F}.Debug|Any CPU.Build.0 = Debug|Any CPU
		{61FAFEED-A477-4D8F-A293-C0196F11EA0F}.Release|Any CPU.ActiveCfg = Release|Any CPU
		{61FAFEED-A477-4D8F-A293-C0196F11EA0F}.Release|Any CPU.Build.0 = Release|Any CPU
		{BB983D0B-A939-4008-B9E3-C7C172BCF83A}.Debug|Any CPU.ActiveCfg = Debug|Any CPU
		{BB983D0B-A939-4008-B9E3-C7C172BCF83A}.Debug|Any CPU.Build.0 = Debug|Any CPU
		{BB983D0B-A939-4008-B9E3-C7C172BCF83A}.Release|Any CPU.ActiveCfg = Release|Any CPU
		{BB983D0B-A939-4008-B9E3-C7C172BCF83A}.Release|Any CPU.Build.0 = Release|Any CPU
		{B066ED0A-86E0-4025-85C2-7E8F7139D8A4}.Debug|Any CPU.ActiveCfg = Debug|Any CPU
		{B066ED0A-86E0-4025-85C2-7E8F7139D8A4}.Debug|Any CPU.Build.0 = Debug|Any CPU
		{B066ED0A-86E0-4025-85C2-7E8F7139D8A4}.Release|Any CPU.ActiveCfg = Release|Any CPU
		{B066ED0A-86E0-4025-85C2-7E8F7139D8A4}.Release|Any CPU.Build.0 = Release|Any CPU
		{85A6862B-E523-45FA-A26B-BF98BE140E89}.Debug|Any CPU.ActiveCfg = Debug|Any CPU
		{85A6862B-E523-45FA-A26B-BF98BE140E89}.Debug|Any CPU.Build.0 = Debug|Any CPU
		{85A6862B-E523-45FA-A26B-BF98BE140E89}.Release|Any CPU.ActiveCfg = Release|Any CPU
		{85A6862B-E523-45FA-A26B-BF98BE140E89}.Release|Any CPU.Build.0 = Release|Any CPU
		{6B80C8AC-E9E7-43FD-B514-C0D801D15792}.Debug|Any CPU.ActiveCfg = Debug|Any CPU
		{6B80C8AC-E9E7-43FD-B514-C0D801D15792}.Debug|Any CPU.Build.0 = Debug|Any CPU
		{6B80C8AC-E9E7-43FD-B514-C0D801D15792}.Release|Any CPU.ActiveCfg = Release|Any CPU
		{6B80C8AC-E9E7-43FD-B514-C0D801D15792}.Release|Any CPU.Build.0 = Release|Any CPU
		{177F4FF3-4618-4CB1-BA93-8B024BC64CD8}.Debug|Any CPU.ActiveCfg = Debug|Any CPU
		{177F4FF3-4618-4CB1-BA93-8B024BC64CD8}.Debug|Any CPU.Build.0 = Debug|Any CPU
		{177F4FF3-4618-4CB1-BA93-8B024BC64CD8}.Release|Any CPU.ActiveCfg = Release|Any CPU
		{177F4FF3-4618-4CB1-BA93-8B024BC64CD8}.Release|Any CPU.Build.0 = Release|Any CPU
		{8CB06629-BD00-46FF-B727-FC86B286A07E}.Debug|Any CPU.ActiveCfg = Debug|Any CPU
		{8CB06629-BD00-46FF-B727-FC86B286A07E}.Debug|Any CPU.Build.0 = Debug|Any CPU
		{8CB06629-BD00-46FF-B727-FC86B286A07E}.Release|Any CPU.ActiveCfg = Release|Any CPU
		{8CB06629-BD00-46FF-B727-FC86B286A07E}.Release|Any CPU.Build.0 = Release|Any CPU
		{B3C22F07-C20C-440A-91EF-57685B6BFB42}.Debug|Any CPU.ActiveCfg = Debug|Any CPU
		{B3C22F07-C20C-440A-91EF-57685B6BFB42}.Debug|Any CPU.Build.0 = Debug|Any CPU
		{B3C22F07-C20C-440A-91EF-57685B6BFB42}.Release|Any CPU.ActiveCfg = Release|Any CPU
		{B3C22F07-C20C-440A-91EF-57685B6BFB42}.Release|Any CPU.Build.0 = Release|Any CPU
		{904FF38F-32AE-4046-AD80-474D0E702C7C}.Debug|Any CPU.ActiveCfg = Debug|Any CPU
		{904FF38F-32AE-4046-AD80-474D0E702C7C}.Debug|Any CPU.Build.0 = Debug|Any CPU
		{904FF38F-32AE-4046-AD80-474D0E702C7C}.Release|Any CPU.ActiveCfg = Release|Any CPU
		{904FF38F-32AE-4046-AD80-474D0E702C7C}.Release|Any CPU.Build.0 = Release|Any CPU
		{92CC542F-942B-4EF4-A4DE-970332B68394}.Debug|Any CPU.ActiveCfg = Debug|Any CPU
		{92CC542F-942B-4EF4-A4DE-970332B68394}.Debug|Any CPU.Build.0 = Debug|Any CPU
		{92CC542F-942B-4EF4-A4DE-970332B68394}.Release|Any CPU.ActiveCfg = Release|Any CPU
		{92CC542F-942B-4EF4-A4DE-970332B68394}.Release|Any CPU.Build.0 = Release|Any CPU
		{C81E2148-283E-409F-BFE7-60CD2E227887}.Debug|Any CPU.ActiveCfg = Debug|Any CPU
		{C81E2148-283E-409F-BFE7-60CD2E227887}.Debug|Any CPU.Build.0 = Debug|Any CPU
		{C81E2148-283E-409F-BFE7-60CD2E227887}.Release|Any CPU.ActiveCfg = Release|Any CPU
		{C81E2148-283E-409F-BFE7-60CD2E227887}.Release|Any CPU.Build.0 = Release|Any CPU
		{D1DA35F2-E531-41EA-ADF4-48E5DF3DAABF}.Debug|Any CPU.ActiveCfg = Debug|Any CPU
		{D1DA35F2-E531-41EA-ADF4-48E5DF3DAABF}.Debug|Any CPU.Build.0 = Debug|Any CPU
		{D1DA35F2-E531-41EA-ADF4-48E5DF3DAABF}.Release|Any CPU.ActiveCfg = Release|Any CPU
		{D1DA35F2-E531-41EA-ADF4-48E5DF3DAABF}.Release|Any CPU.Build.0 = Release|Any CPU
		{80FF5821-E831-450D-AA0C-C76D07D878F4}.Debug|Any CPU.ActiveCfg = Debug|Any CPU
		{80FF5821-E831-450D-AA0C-C76D07D878F4}.Debug|Any CPU.Build.0 = Debug|Any CPU
		{80FF5821-E831-450D-AA0C-C76D07D878F4}.Release|Any CPU.ActiveCfg = Release|Any CPU
		{80FF5821-E831-450D-AA0C-C76D07D878F4}.Release|Any CPU.Build.0 = Release|Any CPU
		{6EC47405-CB49-4B7E-B381-C0C6C9C2787F}.Debug|Any CPU.ActiveCfg = Debug|Any CPU
		{6EC47405-CB49-4B7E-B381-C0C6C9C2787F}.Debug|Any CPU.Build.0 = Debug|Any CPU
		{6EC47405-CB49-4B7E-B381-C0C6C9C2787F}.Release|Any CPU.ActiveCfg = Release|Any CPU
		{6EC47405-CB49-4B7E-B381-C0C6C9C2787F}.Release|Any CPU.Build.0 = Release|Any CPU
		{BD563276-CFF7-4A7B-BBCE-9DFF51C93849}.Debug|Any CPU.ActiveCfg = Debug|Any CPU
		{BD563276-CFF7-4A7B-BBCE-9DFF51C93849}.Debug|Any CPU.Build.0 = Debug|Any CPU
		{BD563276-CFF7-4A7B-BBCE-9DFF51C93849}.Release|Any CPU.ActiveCfg = Release|Any CPU
		{BD563276-CFF7-4A7B-BBCE-9DFF51C93849}.Release|Any CPU.Build.0 = Release|Any CPU
	EndGlobalSection
	GlobalSection(NestedProjects) = preSolution
		{155227F0-A33B-40AA-A4B4-06F813EB921B} = {61017E64-6D00-49CB-9E81-5002DC8F7D5F}
		{C6658DE0-2B2F-47F0-BB61-2CA66D435C09} = {61017E64-6D00-49CB-9E81-5002DC8F7D5F}
		{873BFC3E-63C2-4495-A503-5EC05DCD84E4} = {155227F0-A33B-40AA-A4B4-06F813EB921B}
		{B44A9DDA-8091-490A-BC0B-2EAE4A601B09} = {873BFC3E-63C2-4495-A503-5EC05DCD84E4}
		{56C2FFB8-EA54-45B5-A095-4A78142EB4B5} = {155227F0-A33B-40AA-A4B4-06F813EB921B}
		{A2E6E9A4-4C21-4022-A53E-BDF5ED0D0678} = {56C2FFB8-EA54-45B5-A095-4A78142EB4B5}
		{CE121DFD-72D4-4DB7-968F-C0DB320D08FB} = {61017E64-6D00-49CB-9E81-5002DC8F7D5F}
		{61F5C50C-C572-46AB-8F37-54D1F84CC31D} = {CE121DFD-72D4-4DB7-968F-C0DB320D08FB}
		{48960E35-903C-4EF0-A8F4-3871B000B12D} = {873BFC3E-63C2-4495-A503-5EC05DCD84E4}
		{13A6BAF1-9BAD-4A3A-A61F-5E4F01CDF0BF} = {56C2FFB8-EA54-45B5-A095-4A78142EB4B5}
		{5CC45C6C-0751-4A33-8306-758BB17417F7} = {C6658DE0-2B2F-47F0-BB61-2CA66D435C09}
		{5BA4A8FA-F7F4-45B3-AEC8-8886D35AAC79} = {61017E64-6D00-49CB-9E81-5002DC8F7D5F}
		{7D5A49B4-9A9B-496E-803B-DEB85B2C3132} = {5BA4A8FA-F7F4-45B3-AEC8-8886D35AAC79}
		{50697882-E38B-4CE7-B041-8009C18490E0} = {C6658DE0-2B2F-47F0-BB61-2CA66D435C09}
		{82E26BF9-5F3A-4365-899A-AB1FFD54AA45} = {5BA4A8FA-F7F4-45B3-AEC8-8886D35AAC79}
		{ACD65CE5-3CC2-47B1-BFAC-72443D764F6E} = {5BA4A8FA-F7F4-45B3-AEC8-8886D35AAC79}
		{24C7095B-5CDD-4369-9F34-5565A019B195} = {5BA4A8FA-F7F4-45B3-AEC8-8886D35AAC79}
		{49716A83-239C-4913-BC11-E379ED2F676E} = {C6658DE0-2B2F-47F0-BB61-2CA66D435C09}
		{D31581AB-A6C1-4B73-AB63-45667F6C82AE} = {5BA4A8FA-F7F4-45B3-AEC8-8886D35AAC79}
		{0601A2A6-2C62-418B-9104-8CDE497E5283} = {5BA4A8FA-F7F4-45B3-AEC8-8886D35AAC79}
		{302BFC43-ED2F-43AE-8AD4-FCD481B0AC67} = {5BA4A8FA-F7F4-45B3-AEC8-8886D35AAC79}
		{61FAFEED-A477-4D8F-A293-C0196F11EA0F} = {C6658DE0-2B2F-47F0-BB61-2CA66D435C09}
		{BB983D0B-A939-4008-B9E3-C7C172BCF83A} = {5BA4A8FA-F7F4-45B3-AEC8-8886D35AAC79}
		{B066ED0A-86E0-4025-85C2-7E8F7139D8A4} = {90031D64-CA0F-46D0-9AF4-8DC023A5FFCD}
		{85A6862B-E523-45FA-A26B-BF98BE140E89} = {90031D64-CA0F-46D0-9AF4-8DC023A5FFCD}
		{6B80C8AC-E9E7-43FD-B514-C0D801D15792} = {90031D64-CA0F-46D0-9AF4-8DC023A5FFCD}
		{177F4FF3-4618-4CB1-BA93-8B024BC64CD8} = {56C2FFB8-EA54-45B5-A095-4A78142EB4B5}
		{2CA48C3F-1B7C-454B-BEA8-58718090B4EB} = {61017E64-6D00-49CB-9E81-5002DC8F7D5F}
		{8CB06629-BD00-46FF-B727-FC86B286A07E} = {2CA48C3F-1B7C-454B-BEA8-58718090B4EB}
		{D1DA35F2-E531-41EA-ADF4-48E5DF3DAABF} = {C6658DE0-2B2F-47F0-BB61-2CA66D435C09}
		{80FF5821-E831-450D-AA0C-C76D07D878F4} = {5BA4A8FA-F7F4-45B3-AEC8-8886D35AAC79}
		{6EC47405-CB49-4B7E-B381-C0C6C9C2787F} = {5BA4A8FA-F7F4-45B3-AEC8-8886D35AAC79}
		{BD563276-CFF7-4A7B-BBCE-9DFF51C93849} = {C6658DE0-2B2F-47F0-BB61-2CA66D435C09}
		{C8B1677B-0988-4119-B02A-1A106C587377} = {61017E64-6D00-49CB-9E81-5002DC8F7D5F}
		{6FA9ED7D-2D32-46BC-B47F-E503B2A4C0A9} = {C8B1677B-0988-4119-B02A-1A106C587377}
		{03C2D8B9-C61F-4750-8107-765E3FE02ADA} = {C8B1677B-0988-4119-B02A-1A106C587377}
		{904FF38F-32AE-4046-AD80-474D0E702C7C} = {C8B1677B-0988-4119-B02A-1A106C587377}
		{B3C22F07-C20C-440A-91EF-57685B6BFB42} = {C8B1677B-0988-4119-B02A-1A106C587377}
		{521365AE-A681-4E4B-87E6-B4D982CDD520} = {61017E64-6D00-49CB-9E81-5002DC8F7D5F}
		{39C6C4A2-077E-48C2-B295-DFE357EC38B2} = {C8B1677B-0988-4119-B02A-1A106C587377}
		{E5A05E1D-0F7F-4030-B434-596C76486CDB} = {5BA4A8FA-F7F4-45B3-AEC8-8886D35AAC79}
		{92CC542F-942B-4EF4-A4DE-970332B68394} = {C8B1677B-0988-4119-B02A-1A106C587377}
		{C81E2148-283E-409F-BFE7-60CD2E227887} = {C8B1677B-0988-4119-B02A-1A106C587377}
		{A7473430-F228-4534-AEA5-AA8D80E09364} = {5BA4A8FA-F7F4-45B3-AEC8-8886D35AAC79}
	EndGlobalSection
EndGlobal
