
Microsoft Visual Studio Solution File, Format Version 12.00
Project("{2150E333-8FDC-42A3-9474-1A3956D46DE8}") = "src", "src", "{61017E64-6D00-49CB-9E81-5002DC8F7D5F}"
EndProject
Project("{2150E333-8FDC-42A3-9474-1A3956D46DE8}") = "samples", "samples", "{155227F0-A33B-40AA-A4B4-06F813EB921B}"
EndProject
Project("{2150E333-8FDC-42A3-9474-1A3956D46DE8}") = "common", "common", "{C6658DE0-2B2F-47F0-BB61-2CA66D435C09}"
EndProject
Project("{2150E333-8FDC-42A3-9474-1A3956D46DE8}") = "solution", "solution", "{7D21EB5E-D6B4-48A5-A9BC-A26387A65F0B}"
ProjectSection(SolutionItems) = preProject
	README.md = README.md
	docker-compose.yml = docker-compose.yml
	common.props = common.props
	configureawait.props = configureawait.props
	.gitignore = .gitignore
	icon.png = icon.png
	.github\workflows\packages.yml = .github\workflows\packages.yml
	.github\workflows\all-in-one-web.yml = .github\workflows\all-in-one-web.yml
	build-and-run-all-in-one-web-docker.sh = build-and-run-all-in-one-web-docker.sh
	NuGet.Config = NuGet.Config
	.github\workflows\npm-packages.yml = .github\workflows\npm-packages.yml
EndProjectSection
EndProject
Project("{2150E333-8FDC-42A3-9474-1A3956D46DE8}") = "docs", "docs", "{0354F050-3992-4DD4-B0EE-5FBA04AC72B6}"
EndProject
Project("{2150E333-8FDC-42A3-9474-1A3956D46DE8}") = "console", "console", "{873BFC3E-63C2-4495-A503-5EC05DCD84E4}"
EndProject
Project("{2150E333-8FDC-42A3-9474-1A3956D46DE8}") = "aspnet", "aspnet", "{56C2FFB8-EA54-45B5-A095-4A78142EB4B5}"
EndProject
Project("{2150E333-8FDC-42A3-9474-1A3956D46DE8}") = "modules", "modules", "{5BA4A8FA-F7F4-45B3-AEC8-8886D35AAC79}"
EndProject
Project("{FAE04EC0-301F-11D3-BF4B-00C04F79EFBC}") = "Elsa.Quartz", "src\modules\Elsa.Quartz\Elsa.Quartz.csproj", "{7D5A49B4-9A9B-496E-803B-DEB85B2C3132}"
EndProject
Project("{FAE04EC0-301F-11D3-BF4B-00C04F79EFBC}") = "Elsa.Http", "src\modules\Elsa.Http\Elsa.Http.csproj", "{82E26BF9-5F3A-4365-899A-AB1FFD54AA45}"
EndProject
Project("{FAE04EC0-301F-11D3-BF4B-00C04F79EFBC}") = "Elsa.Scheduling", "src\modules\Elsa.Scheduling\Elsa.Scheduling.csproj", "{ACD65CE5-3CC2-47B1-BFAC-72443D764F6E}"
EndProject
Project("{FAE04EC0-301F-11D3-BF4B-00C04F79EFBC}") = "Elsa.AzureServiceBus", "src\modules\Elsa.AzureServiceBus\Elsa.AzureServiceBus.csproj", "{24C7095B-5CDD-4369-9F34-5565A019B195}"
EndProject
Project("{FAE04EC0-301F-11D3-BF4B-00C04F79EFBC}") = "Elsa.JavaScript", "src\modules\Elsa.JavaScript\Elsa.JavaScript.csproj", "{D31581AB-A6C1-4B73-AB63-45667F6C82AE}"
EndProject
Project("{FAE04EC0-301F-11D3-BF4B-00C04F79EFBC}") = "Elsa.Hangfire", "src\modules\Elsa.Hangfire\Elsa.Hangfire.csproj", "{0601A2A6-2C62-418B-9104-8CDE497E5283}"
EndProject
Project("{FAE04EC0-301F-11D3-BF4B-00C04F79EFBC}") = "Elsa.WorkflowContexts", "src\modules\Elsa.WorkflowContexts\Elsa.WorkflowContexts.csproj", "{302BFC43-ED2F-43AE-8AD4-FCD481B0AC67}"
EndProject
Project("{FAE04EC0-301F-11D3-BF4B-00C04F79EFBC}") = "Elsa.MassTransit", "src\modules\Elsa.MassTransit\Elsa.MassTransit.csproj", "{BB983D0B-A939-4008-B9E3-C7C172BCF83A}"
EndProject
Project("{2150E333-8FDC-42A3-9474-1A3956D46DE8}") = "test", "test", "{90031D64-CA0F-46D0-9AF4-8DC023A5FFCD}"
EndProject
Project("{FAE04EC0-301F-11D3-BF4B-00C04F79EFBC}") = "Elsa.Labels", "src\modules\Elsa.Labels\Elsa.Labels.csproj", "{80FF5821-E831-450D-AA0C-C76D07D878F4}"
EndProject
Project("{2150E333-8FDC-42A3-9474-1A3956D46DE8}") = "bundles", "bundles", "{F06B9573-DF68-4606-866C-A7546A10A05A}"
EndProject
Project("{FAE04EC0-301F-11D3-BF4B-00C04F79EFBC}") = "Elsa", "src\bundles\Elsa\Elsa.csproj", "{FC5D2CE9-FFB0-478D-8D54-E4109D1FD202}"
EndProject
Project("{FAE04EC0-301F-11D3-BF4B-00C04F79EFBC}") = "Elsa.Liquid", "src\modules\Elsa.Liquid\Elsa.Liquid.csproj", "{8E5BD3D9-3529-48BC-B741-CFB7A69DB233}"
EndProject
Project("{FAE04EC0-301F-11D3-BF4B-00C04F79EFBC}") = "Elsa.ProtoActor", "src\modules\Elsa.ProtoActor\Elsa.ProtoActor.csproj", "{B2049499-D384-46DF-8837-F1180107DD54}"
EndProject
Project("{FAE04EC0-301F-11D3-BF4B-00C04F79EFBC}") = "Elsa.Dsl", "src\modules\Elsa.Dsl\Elsa.Dsl.csproj", "{78DAB791-8595-4612-8E9E-2248AF5B1862}"
EndProject
Project("{FAE04EC0-301F-11D3-BF4B-00C04F79EFBC}") = "Elsa.AllInOne.Web", "src\bundles\Elsa.AllInOne.Web\Elsa.AllInOne.Web.csproj", "{E31F8955-B221-48AA-B301-6EE317D6F5B1}"
EndProject
Project("{FAE04EC0-301F-11D3-BF4B-00C04F79EFBC}") = "Elsa.WorkflowServer.Web", "src\bundles\Elsa.WorkflowServer.Web\Elsa.WorkflowServer.Web.csproj", "{3C2752A7-EEBC-4ED4-B1BF-0FCF6E071BC2}"
EndProject
Project("{FAE04EC0-301F-11D3-BF4B-00C04F79EFBC}") = "Elsa.Workflows.Api", "src\modules\Elsa.Workflows.Api\Elsa.Workflows.Api.csproj", "{C9539BD8-D2AE-4A8D-8281-71A05B3FBF31}"
EndProject
Project("{FAE04EC0-301F-11D3-BF4B-00C04F79EFBC}") = "Elsa.Workflows.Core", "src\modules\Elsa.Workflows.Core\Elsa.Workflows.Core.csproj", "{169E2C9B-6687-427F-A278-30BF849BFEDC}"
EndProject
Project("{FAE04EC0-301F-11D3-BF4B-00C04F79EFBC}") = "Elsa.Workflows.Management", "src\modules\Elsa.Workflows.Management\Elsa.Workflows.Management.csproj", "{2DD5D66B-85E9-4AF9-911C-C9F963234159}"
EndProject
Project("{FAE04EC0-301F-11D3-BF4B-00C04F79EFBC}") = "Elsa.Workflows.Runtime", "src\modules\Elsa.Workflows.Runtime\Elsa.Workflows.Runtime.csproj", "{8A050229-DB79-4E0B-9AFF-7565E87F2954}"
EndProject
Project("{FAE04EC0-301F-11D3-BF4B-00C04F79EFBC}") = "Elsa.Features", "src\common\Elsa.Features\Elsa.Features.csproj", "{C237BA1A-3A7D-4AB2-BE09-2696F3C082A4}"
EndProject
Project("{FAE04EC0-301F-11D3-BF4B-00C04F79EFBC}") = "Elsa.Expressions", "src\modules\Elsa.Expressions\Elsa.Expressions.csproj", "{80529478-A383-4FEA-B744-C71264969E9A}"
EndProject
Project("{FAE04EC0-301F-11D3-BF4B-00C04F79EFBC}") = "Elsa.Mediator", "src\modules\Elsa.Mediator\Elsa.Mediator.csproj", "{40ED82D8-A7BB-4D37-9157-3176EDA3E119}"
EndProject
Project("{FAE04EC0-301F-11D3-BF4B-00C04F79EFBC}") = "Elsa.Api.Common", "src\common\Elsa.Api.Common\Elsa.Api.Common.csproj", "{39CD855E-83B1-4A96-93F7-01608211EBE3}"
EndProject
Project("{FAE04EC0-301F-11D3-BF4B-00C04F79EFBC}") = "Elsa.Identity", "src\modules\Elsa.Identity\Elsa.Identity.csproj", "{30B49E42-AE61-4F7C-981F-923F07BB3986}"
EndProject
Project("{FAE04EC0-301F-11D3-BF4B-00C04F79EFBC}") = "Elsa.Common", "src\modules\Elsa.Common\Elsa.Common.csproj", "{D229105F-6879-4452-9189-75DE060C0F4C}"
EndProject
Project("{2150E333-8FDC-42A3-9474-1A3956D46DE8}") = "worker", "worker", "{389D40B8-005F-46A1-9493-1FE6065F04FD}"
EndProject
Project("{FAE04EC0-301F-11D3-BF4B-00C04F79EFBC}") = "Elsa.EntityFrameworkCore", "src\modules\Elsa.EntityFrameworkCore\Elsa.EntityFrameworkCore.csproj", "{7CC95512-7F44-45C3-A669-95B7048D4730}"
EndProject
Project("{FAE04EC0-301F-11D3-BF4B-00C04F79EFBC}") = "Elsa.EntityFrameworkCore.Sqlite", "src\modules\Elsa.EntityFrameworkCore.Sqlite\Elsa.EntityFrameworkCore.Sqlite.csproj", "{CAC22763-4A1C-4FC5-AC0D-6148927596D6}"
EndProject
Project("{FAE04EC0-301F-11D3-BF4B-00C04F79EFBC}") = "Elsa.Samples.HelloWorld", "src\samples\console\Elsa.Samples.HelloWorld\Elsa.Samples.HelloWorld.csproj", "{D253AFC2-9496-4538-B424-47CC579B7A96}"
EndProject
Project("{FAE04EC0-301F-11D3-BF4B-00C04F79EFBC}") = "Elsa.Samples.SequentialWorkflows", "src\samples\console\Elsa.Samples.SequentialWorkflows\Elsa.Samples.SequentialWorkflows.csproj", "{74B9AFE0-EB4B-4AD2-BF25-90753203EFF8}"
EndProject
Project("{FAE04EC0-301F-11D3-BF4B-00C04F79EFBC}") = "Elsa.Samples.ConditionalWorkflows", "src\samples\console\Elsa.Samples.ConditionalWorkflows\Elsa.Samples.ConditionalWorkflows.csproj", "{70D3ACE9-EB41-4B36-949C-08B8C22B99F7}"
EndProject
Project("{FAE04EC0-301F-11D3-BF4B-00C04F79EFBC}") = "Elsa.Samples.LoopingWorkflows", "src\samples\console\Elsa.Samples.LoopingWorkflows\Elsa.Samples.LoopingWorkflows.csproj", "{997F5709-61E0-4874-BFC3-07974685E02E}"
EndProject
Project("{FAE04EC0-301F-11D3-BF4B-00C04F79EFBC}") = "Elsa.Telnyx", "src\modules\Elsa.Telnyx\Elsa.Telnyx.csproj", "{F09B30F7-AF33-44D7-B835-099D1F72A37E}"
EndProject
Project("{FAE04EC0-301F-11D3-BF4B-00C04F79EFBC}") = "Elsa.Samples.TelnyxIntegration", "src\samples\aspnet\Elsa.Samples.TelnyxIntegration\Elsa.Samples.TelnyxIntegration.csproj", "{55AAF940-12DC-4793-805C-992AEF2C1E8D}"
EndProject
Project("{FAE04EC0-301F-11D3-BF4B-00C04F79EFBC}") = "Elsa.Samples.Composition", "src\samples\console\Elsa.Samples.Composition\Elsa.Samples.Composition.csproj", "{1AA0AEFC-BD58-4284-A6C5-AD15C5C79782}"
EndProject
Project("{FAE04EC0-301F-11D3-BF4B-00C04F79EFBC}") = "Elsa.EntityFrameworkCore.SqlServer", "src\modules\Elsa.EntityFrameworkCore.SqlServer\Elsa.EntityFrameworkCore.SqlServer.csproj", "{555A4306-3BAB-409E-8BB8-3171A5867B2C}"
EndProject
Project("{FAE04EC0-301F-11D3-BF4B-00C04F79EFBC}") = "Elsa.Email", "src\modules\Elsa.Email\Elsa.Email.csproj", "{1E5BD8D9-55BE-41E2-B389-6AB9F26C22AF}"
EndProject
Project("{FAE04EC0-301F-11D3-BF4B-00C04F79EFBC}") = "Elsa.Workflows.Designer", "src\modules\Elsa.Workflows.Designer\Elsa.Workflows.Designer.csproj", "{B191F11D-583D-44D9-8A08-F5B0DC58B822}"
EndProject
Project("{FAE04EC0-301F-11D3-BF4B-00C04F79EFBC}") = "Elsa.Samples.HelloWorld", "src\samples\aspnet\Elsa.Samples.HelloWorld\Elsa.Samples.HelloWorld.csproj", "{DF8CCA17-6B00-42C6-B4EC-61B42AA91EE0}"
EndProject
Project("{FAE04EC0-301F-11D3-BF4B-00C04F79EFBC}") = "Elsa.Testing.Shared", "src\common\Elsa.Testing.Shared\Elsa.Testing.Shared.csproj", "{AD8C4BB0-C78F-496C-B326-1D82C02C7568}"
EndProject
Project("{FAE04EC0-301F-11D3-BF4B-00C04F79EFBC}") = "Elsa.Workflows.Sinks", "src\modules\Elsa.Workflows.Sinks\Elsa.Workflows.Sinks.csproj", "{7F1FDA45-C731-4DCC-BFF6-403D4B857A93}"
EndProject
Project("{FAE04EC0-301F-11D3-BF4B-00C04F79EFBC}") = "Elsa.Samples.WorkflowFunctions", "src\samples\console\Elsa.Samples.WorkflowFunctions\Elsa.Samples.WorkflowFunctions.csproj", "{4782CA82-83B0-437E-8C97-636BB8B402EA}"
EndProject
Project("{FAE04EC0-301F-11D3-BF4B-00C04F79EFBC}") = "Elsa.Samples.MyBackendApi", "src\samples\aspnet\Elsa.Samples.MyBackendApi\Elsa.Samples.MyBackendApi.csproj", "{1A37795B-EBAB-4A9F-8CF0-373DA3D4C64A}"
EndProject
Project("{FAE04EC0-301F-11D3-BF4B-00C04F79EFBC}") = "Elsa.Samples.WorkflowServer", "src\samples\aspnet\Elsa.Samples.WorkflowServer\Elsa.Samples.WorkflowServer.csproj", "{89157FB8-A25B-42EC-A91F-37DFEE274C8C}"
EndProject
Project("{FAE04EC0-301F-11D3-BF4B-00C04F79EFBC}") = "Elsa.Samples.WorkflowDesigner", "src\samples\aspnet\Elsa.Samples.WorkflowDesigner\Elsa.Samples.WorkflowDesigner.csproj", "{812B3B34-D2DD-4A3B-BA2D-3D3C52E0C062}"
EndProject
Project("{FAE04EC0-301F-11D3-BF4B-00C04F79EFBC}") = "Elsa.Samples.WorkflowServerAndDesigner", "src\samples\aspnet\Elsa.Samples.WorkflowServerAndDesigner\Elsa.Samples.WorkflowServerAndDesigner.csproj", "{34FBB2D3-4E2B-4411-95F2-C6B56899826A}"
EndProject
Project("{2150E333-8FDC-42A3-9474-1A3956D46DE8}") = "docker", "docker", "{986E5482-0482-448C-B9E4-EC67A9474B85}"
	ProjectSection(SolutionItems) = preProject
		docker\Dockerfile = docker\Dockerfile
	EndProjectSection
EndProject
Project("{FAE04EC0-301F-11D3-BF4B-00C04F79EFBC}") = "Elsa.Samples.WorkflowSinks", "src\samples\aspnet\Elsa.Samples.WorkflowSinks\Elsa.Samples.WorkflowSinks.csproj", "{536EFB55-EEA1-4761-9A72-D4EA84A6DB70}"
EndProject
Project("{FAE04EC0-301F-11D3-BF4B-00C04F79EFBC}") = "Elsa.EntityFrameworkCore.PostgreSql", "src\modules\Elsa.EntityFrameworkCore.PostgreSql\Elsa.EntityFrameworkCore.PostgreSql.csproj", "{AA84DBF7-F70F-4673-8DC2-6EFBE3E9BF83}"
EndProject
Project("{FAE04EC0-301F-11D3-BF4B-00C04F79EFBC}") = "Elsa.Samples.RunTaskIntegration", "src\samples\aspnet\Elsa.Samples.RunTaskIntegration\Elsa.Samples.RunTaskIntegration.csproj", "{51050209-EC2F-4DC7-8F46-07E22B7811CD}"
EndProject
Project("{FAE04EC0-301F-11D3-BF4B-00C04F79EFBC}") = "Elsa.Elasticsearch", "src\modules\Elsa.Elasticsearch\Elsa.Elasticsearch.csproj", "{3246883E-2FA7-4B4A-BDC5-99039A2869BC}"
EndProject
Project("{FAE04EC0-301F-11D3-BF4B-00C04F79EFBC}") = "Elsa.Webhooks", "src\modules\Elsa.Webhooks\Elsa.Webhooks.csproj", "{2BBFDE36-28A7-4875-8EBE-CC25C76B97FF}"
EndProject
Project("{FAE04EC0-301F-11D3-BF4B-00C04F79EFBC}") = "Elsa.Samples.Webhooks.WorkflowServer", "src\samples\aspnet\Elsa.Samples.Webhooks.WorkflowServer\Elsa.Samples.Webhooks.WorkflowServer.csproj", "{130A7A00-A9AF-4EA8-8107-BBEA07F166DF}"
EndProject
Project("{FAE04EC0-301F-11D3-BF4B-00C04F79EFBC}") = "Elsa.Samples.Webhooks.ExternalApp", "src\samples\aspnet\Elsa.Samples.Webhooks.ExternalApp\Elsa.Samples.Webhooks.ExternalApp.csproj", "{036D287A-33E1-4B28-BE13-14AEA16BC91F}"
EndProject
Project("{FAE04EC0-301F-11D3-BF4B-00C04F79EFBC}") = "Elsa.Samples.MassTransitActivities", "src\samples\aspnet\Elsa.Samples.MassTransitActivities\Elsa.Samples.MassTransitActivities.csproj", "{A1A8AD89-C9C4-41BF-BBCB-EF0544A28BFB}"
EndProject
Project("{FAE04EC0-301F-11D3-BF4B-00C04F79EFBC}") = "Elsa.ProtoActor.Cluster.AzureContainerApps", "src\modules\Elsa.ProtoActor.Cluster.AzureContainerApps\Elsa.ProtoActor.Cluster.AzureContainerApps.csproj", "{9F79BBEC-02CE-4F76-AED4-BC191DA3054B}"
EndProject
Project("{FAE04EC0-301F-11D3-BF4B-00C04F79EFBC}") = "Elsa.Samples.AzureServiceBusActivities", "src\samples\aspnet\Elsa.Samples.AzureServiceBusActivities\Elsa.Samples.AzureServiceBusActivities.csproj", "{C25CFDCF-8E06-4DD8-A83E-FF7EF9FDA02E}"
EndProject
Project("{FAE04EC0-301F-11D3-BF4B-00C04F79EFBC}") = "Elsa.Samples.ElasticsearchStorage", "src\samples\aspnet\Elsa.Samples.ElasticsearchStorage\Elsa.Samples.ElasticsearchStorage.csproj", "{4A54379F-4775-41B6-9752-FF300288916A}"
EndProject
Project("{FAE04EC0-301F-11D3-BF4B-00C04F79EFBC}") = "Elsa.Samples.OutboundHttpRequests", "src\samples\console\Elsa.Samples.OutboundHttpRequests\Elsa.Samples.OutboundHttpRequests.csproj", "{39AB433B-F7A6-4DD3-873A-9527946B7BD8}"
EndProject
Project("{2150E333-8FDC-42A3-9474-1A3956D46DE8}") = "unit", "unit", "{18453B51-25EB-4317-A4B3-B10518252E92}"
EndProject
Project("{2150E333-8FDC-42A3-9474-1A3956D46DE8}") = "integration", "integration", "{1B8D5897-902E-4632-8698-E89CAF3DDF54}"
EndProject
Project("{2150E333-8FDC-42A3-9474-1A3956D46DE8}") = "component", "component", "{08B41FFA-CEE3-46A7-B5C0-3EB65D37A16C}"
EndProject
Project("{FAE04EC0-301F-11D3-BF4B-00C04F79EFBC}") = "Elsa.JavaScript.UnitTests", "test\unit\Elsa.JavaScript.UnitTests\Elsa.JavaScript.UnitTests.csproj", "{0BB927FB-8C12-49B6-9150-64B733B2EBFD}"
EndProject
Project("{FAE04EC0-301F-11D3-BF4B-00C04F79EFBC}") = "Elsa.IntegrationTests", "test\integration\Elsa.IntegrationTests\Elsa.IntegrationTests.csproj", "{E9652738-2B3D-4357-B84B-54F0EA161382}"
EndProject
Project("{2150E333-8FDC-42A3-9474-1A3956D46DE8}") = "clients", "clients", "{89608AA5-5ADE-4832-AC7B-871C4AE64210}"
EndProject
Project("{FAE04EC0-301F-11D3-BF4B-00C04F79EFBC}") = "Elsa.Api.Client", "src\clients\Elsa.Api.Client\Elsa.Api.Client.csproj", "{1FCB2200-28B8-4703-8E89-73241AAED047}"
EndProject
Project("{FAE04EC0-301F-11D3-BF4B-00C04F79EFBC}") = "Elsa.Samples.QuartzIntegration", "src\samples\aspnet\Elsa.Samples.QuartzIntegration\Elsa.Samples.QuartzIntegration.csproj", "{B0312D9E-FA30-43E9-B666-40A8782D6E1C}"
EndProject
Project("{FAE04EC0-301F-11D3-BF4B-00C04F79EFBC}") = "Elsa.Samples.HangfireIntegration", "src\samples\aspnet\Elsa.Samples.HangfireIntegration\Elsa.Samples.HangfireIntegration.csproj", "{D2614FC7-102F-4F78-BB06-7C87304A10BA}"
EndProject
Project("{FAE04EC0-301F-11D3-BF4B-00C04F79EFBC}") = "Elsa.Samples.ProtoActorRuntime", "src\samples\aspnet\Elsa.Samples.ProtoActorRuntime\Elsa.Samples.ProtoActorRuntime.csproj", "{A41E24C6-B16D-4C6A-A9A9-2C5AF424F20F}"
EndProject
Project("{FAE04EC0-301F-11D3-BF4B-00C04F79EFBC}") = "Elsa.Samples.WorkflowContexts", "src\samples\aspnet\Elsa.Samples.WorkflowContexts\Elsa.Samples.WorkflowContexts.csproj", "{F88AB1C2-100E-459F-B2BE-5F2ACF050A0A}"
EndProject
Project("{FAE04EC0-301F-11D3-BF4B-00C04F79EFBC}") = "Elsa.Samples.Bookmarks", "src\samples\console\Elsa.Samples.Bookmarks\Elsa.Samples.Bookmarks.csproj", "{A527B8B0-7214-4C4F-B62F-8A244B8416C8}"
EndProject
Project("{FAE04EC0-301F-11D3-BF4B-00C04F79EFBC}") = "Elsa.Samples.CustomActivities", "src\samples\console\Elsa.Samples.CustomActivities\Elsa.Samples.CustomActivities.csproj", "{6DB4423B-0C99-46C9-8960-6BD54D42113A}"
EndProject
Project("{FAE04EC0-301F-11D3-BF4B-00C04F79EFBC}") = "Elsa.Samples.FlowchartWorkflows", "src\samples\console\Elsa.Samples.FlowchartWorkflows\Elsa.Samples.FlowchartWorkflows.csproj", "{A1A8A2C2-7F5C-4859-8F59-F60F867CE19C}"
EndProject
Project("{FAE04EC0-301F-11D3-BF4B-00C04F79EFBC}") = "Elsa.Samples.WorkflowInputOutput", "src\samples\console\Elsa.Samples.WorkflowInputOutput\Elsa.Samples.WorkflowInputOutput.csproj", "{FAF438E1-B771-418B-83DD-A0F959C82D97}"
EndProject
Project("{FAE04EC0-301F-11D3-BF4B-00C04F79EFBC}") = "Elsa.Samples.Onboarding.Web", "src\samples\aspnet\Elsa.Samples.Onboarding.Web\Elsa.Samples.Onboarding.Web.csproj", "{D64F1240-0110-42E1-AE59-E95AEC8A2900}"
EndProject
Project("{FAE04EC0-301F-11D3-BF4B-00C04F79EFBC}") = "Elsa.Samples.Onboarding.WorkflowServer", "src\samples\aspnet\Elsa.Samples.Onboarding.WorkflowServer\Elsa.Samples.Onboarding.WorkflowServer.csproj", "{199FC97A-682B-4C7B-A560-1032B16AEAC4}"
EndProject
Project("{FAE04EC0-301F-11D3-BF4B-00C04F79EFBC}") = "Elsa.Samples.JsonWorkflows", "src\samples\console\Elsa.Samples.JsonWorkflows\Elsa.Samples.JsonWorkflows.csproj", "{4FA6955C-6860-493F-ABD4-CE327A33EEA3}"
EndProject
Project("{FAE04EC0-301F-11D3-BF4B-00C04F79EFBC}") = "Elsa.Samples.JsonWorkflowProvider", "src\samples\aspnet\Elsa.Samples.JsonWorkflowProvider\Elsa.Samples.JsonWorkflowProvider.csproj", "{C5043453-5FB8-4796-9A80-C4C766F2CB62}"
EndProject
Project("{FAE04EC0-301F-11D3-BF4B-00C04F79EFBC}") = "Elsa.WorkflowProviders.FluentStorage", "src\modules\Elsa.WorkflowProviders.FluentStorage\Elsa.WorkflowProviders.FluentStorage.csproj", "{044C3108-FE79-460A-9C31-A03C30228836}"
EndProject
Project("{FAE04EC0-301F-11D3-BF4B-00C04F79EFBC}") = "Elsa.Samples.AspNet.ProtoActorRuntime.AzureContainerApps", "src\samples\aspnet\Elsa.Samples.AspNet.ProtoActorRuntime.AzureContainerApps\Elsa.Samples.AspNet.ProtoActorRuntime.AzureContainerApps.csproj", "{3212A999-4AC4-4911-9AA4-92AB906BCB5E}"
EndProject
Global
	GlobalSection(SolutionConfigurationPlatforms) = preSolution
		Debug|Any CPU = Debug|Any CPU
		Release|Any CPU = Release|Any CPU
	EndGlobalSection
	GlobalSection(ProjectConfigurationPlatforms) = postSolution
		{7D5A49B4-9A9B-496E-803B-DEB85B2C3132}.Debug|Any CPU.ActiveCfg = Debug|Any CPU
		{7D5A49B4-9A9B-496E-803B-DEB85B2C3132}.Debug|Any CPU.Build.0 = Debug|Any CPU
		{7D5A49B4-9A9B-496E-803B-DEB85B2C3132}.Release|Any CPU.ActiveCfg = Release|Any CPU
		{7D5A49B4-9A9B-496E-803B-DEB85B2C3132}.Release|Any CPU.Build.0 = Release|Any CPU
		{82E26BF9-5F3A-4365-899A-AB1FFD54AA45}.Debug|Any CPU.ActiveCfg = Debug|Any CPU
		{82E26BF9-5F3A-4365-899A-AB1FFD54AA45}.Debug|Any CPU.Build.0 = Debug|Any CPU
		{82E26BF9-5F3A-4365-899A-AB1FFD54AA45}.Release|Any CPU.ActiveCfg = Release|Any CPU
		{82E26BF9-5F3A-4365-899A-AB1FFD54AA45}.Release|Any CPU.Build.0 = Release|Any CPU
		{ACD65CE5-3CC2-47B1-BFAC-72443D764F6E}.Debug|Any CPU.ActiveCfg = Debug|Any CPU
		{ACD65CE5-3CC2-47B1-BFAC-72443D764F6E}.Debug|Any CPU.Build.0 = Debug|Any CPU
		{ACD65CE5-3CC2-47B1-BFAC-72443D764F6E}.Release|Any CPU.ActiveCfg = Release|Any CPU
		{ACD65CE5-3CC2-47B1-BFAC-72443D764F6E}.Release|Any CPU.Build.0 = Release|Any CPU
		{24C7095B-5CDD-4369-9F34-5565A019B195}.Debug|Any CPU.ActiveCfg = Debug|Any CPU
		{24C7095B-5CDD-4369-9F34-5565A019B195}.Debug|Any CPU.Build.0 = Debug|Any CPU
		{24C7095B-5CDD-4369-9F34-5565A019B195}.Release|Any CPU.ActiveCfg = Release|Any CPU
		{24C7095B-5CDD-4369-9F34-5565A019B195}.Release|Any CPU.Build.0 = Release|Any CPU
		{D31581AB-A6C1-4B73-AB63-45667F6C82AE}.Debug|Any CPU.ActiveCfg = Debug|Any CPU
		{D31581AB-A6C1-4B73-AB63-45667F6C82AE}.Debug|Any CPU.Build.0 = Debug|Any CPU
		{D31581AB-A6C1-4B73-AB63-45667F6C82AE}.Release|Any CPU.ActiveCfg = Release|Any CPU
		{D31581AB-A6C1-4B73-AB63-45667F6C82AE}.Release|Any CPU.Build.0 = Release|Any CPU
		{0601A2A6-2C62-418B-9104-8CDE497E5283}.Debug|Any CPU.ActiveCfg = Debug|Any CPU
		{0601A2A6-2C62-418B-9104-8CDE497E5283}.Debug|Any CPU.Build.0 = Debug|Any CPU
		{0601A2A6-2C62-418B-9104-8CDE497E5283}.Release|Any CPU.ActiveCfg = Release|Any CPU
		{0601A2A6-2C62-418B-9104-8CDE497E5283}.Release|Any CPU.Build.0 = Release|Any CPU
		{302BFC43-ED2F-43AE-8AD4-FCD481B0AC67}.Debug|Any CPU.ActiveCfg = Debug|Any CPU
		{302BFC43-ED2F-43AE-8AD4-FCD481B0AC67}.Debug|Any CPU.Build.0 = Debug|Any CPU
		{302BFC43-ED2F-43AE-8AD4-FCD481B0AC67}.Release|Any CPU.ActiveCfg = Release|Any CPU
		{302BFC43-ED2F-43AE-8AD4-FCD481B0AC67}.Release|Any CPU.Build.0 = Release|Any CPU
		{BB983D0B-A939-4008-B9E3-C7C172BCF83A}.Debug|Any CPU.ActiveCfg = Debug|Any CPU
		{BB983D0B-A939-4008-B9E3-C7C172BCF83A}.Debug|Any CPU.Build.0 = Debug|Any CPU
		{BB983D0B-A939-4008-B9E3-C7C172BCF83A}.Release|Any CPU.ActiveCfg = Release|Any CPU
		{BB983D0B-A939-4008-B9E3-C7C172BCF83A}.Release|Any CPU.Build.0 = Release|Any CPU
		{80FF5821-E831-450D-AA0C-C76D07D878F4}.Debug|Any CPU.ActiveCfg = Debug|Any CPU
		{80FF5821-E831-450D-AA0C-C76D07D878F4}.Debug|Any CPU.Build.0 = Debug|Any CPU
		{80FF5821-E831-450D-AA0C-C76D07D878F4}.Release|Any CPU.ActiveCfg = Release|Any CPU
		{80FF5821-E831-450D-AA0C-C76D07D878F4}.Release|Any CPU.Build.0 = Release|Any CPU
		{FC5D2CE9-FFB0-478D-8D54-E4109D1FD202}.Debug|Any CPU.ActiveCfg = Debug|Any CPU
		{FC5D2CE9-FFB0-478D-8D54-E4109D1FD202}.Debug|Any CPU.Build.0 = Debug|Any CPU
		{FC5D2CE9-FFB0-478D-8D54-E4109D1FD202}.Release|Any CPU.ActiveCfg = Release|Any CPU
		{FC5D2CE9-FFB0-478D-8D54-E4109D1FD202}.Release|Any CPU.Build.0 = Release|Any CPU
		{8E5BD3D9-3529-48BC-B741-CFB7A69DB233}.Debug|Any CPU.ActiveCfg = Debug|Any CPU
		{8E5BD3D9-3529-48BC-B741-CFB7A69DB233}.Debug|Any CPU.Build.0 = Debug|Any CPU
		{8E5BD3D9-3529-48BC-B741-CFB7A69DB233}.Release|Any CPU.ActiveCfg = Release|Any CPU
		{8E5BD3D9-3529-48BC-B741-CFB7A69DB233}.Release|Any CPU.Build.0 = Release|Any CPU
		{B2049499-D384-46DF-8837-F1180107DD54}.Debug|Any CPU.ActiveCfg = Debug|Any CPU
		{B2049499-D384-46DF-8837-F1180107DD54}.Debug|Any CPU.Build.0 = Debug|Any CPU
		{B2049499-D384-46DF-8837-F1180107DD54}.Release|Any CPU.ActiveCfg = Release|Any CPU
		{B2049499-D384-46DF-8837-F1180107DD54}.Release|Any CPU.Build.0 = Release|Any CPU
		{78DAB791-8595-4612-8E9E-2248AF5B1862}.Debug|Any CPU.ActiveCfg = Debug|Any CPU
		{78DAB791-8595-4612-8E9E-2248AF5B1862}.Debug|Any CPU.Build.0 = Debug|Any CPU
		{78DAB791-8595-4612-8E9E-2248AF5B1862}.Release|Any CPU.ActiveCfg = Release|Any CPU
		{78DAB791-8595-4612-8E9E-2248AF5B1862}.Release|Any CPU.Build.0 = Release|Any CPU
		{E31F8955-B221-48AA-B301-6EE317D6F5B1}.Debug|Any CPU.ActiveCfg = Debug|Any CPU
		{E31F8955-B221-48AA-B301-6EE317D6F5B1}.Debug|Any CPU.Build.0 = Debug|Any CPU
		{E31F8955-B221-48AA-B301-6EE317D6F5B1}.Release|Any CPU.ActiveCfg = Release|Any CPU
		{E31F8955-B221-48AA-B301-6EE317D6F5B1}.Release|Any CPU.Build.0 = Release|Any CPU
		{3C2752A7-EEBC-4ED4-B1BF-0FCF6E071BC2}.Debug|Any CPU.ActiveCfg = Debug|Any CPU
		{3C2752A7-EEBC-4ED4-B1BF-0FCF6E071BC2}.Debug|Any CPU.Build.0 = Debug|Any CPU
		{3C2752A7-EEBC-4ED4-B1BF-0FCF6E071BC2}.Release|Any CPU.ActiveCfg = Release|Any CPU
		{3C2752A7-EEBC-4ED4-B1BF-0FCF6E071BC2}.Release|Any CPU.Build.0 = Release|Any CPU
		{C9539BD8-D2AE-4A8D-8281-71A05B3FBF31}.Debug|Any CPU.ActiveCfg = Debug|Any CPU
		{C9539BD8-D2AE-4A8D-8281-71A05B3FBF31}.Debug|Any CPU.Build.0 = Debug|Any CPU
		{C9539BD8-D2AE-4A8D-8281-71A05B3FBF31}.Release|Any CPU.ActiveCfg = Release|Any CPU
		{C9539BD8-D2AE-4A8D-8281-71A05B3FBF31}.Release|Any CPU.Build.0 = Release|Any CPU
		{169E2C9B-6687-427F-A278-30BF849BFEDC}.Debug|Any CPU.ActiveCfg = Debug|Any CPU
		{169E2C9B-6687-427F-A278-30BF849BFEDC}.Debug|Any CPU.Build.0 = Debug|Any CPU
		{169E2C9B-6687-427F-A278-30BF849BFEDC}.Release|Any CPU.ActiveCfg = Release|Any CPU
		{169E2C9B-6687-427F-A278-30BF849BFEDC}.Release|Any CPU.Build.0 = Release|Any CPU
		{2DD5D66B-85E9-4AF9-911C-C9F963234159}.Debug|Any CPU.ActiveCfg = Debug|Any CPU
		{2DD5D66B-85E9-4AF9-911C-C9F963234159}.Debug|Any CPU.Build.0 = Debug|Any CPU
		{2DD5D66B-85E9-4AF9-911C-C9F963234159}.Release|Any CPU.ActiveCfg = Release|Any CPU
		{2DD5D66B-85E9-4AF9-911C-C9F963234159}.Release|Any CPU.Build.0 = Release|Any CPU
		{8A050229-DB79-4E0B-9AFF-7565E87F2954}.Debug|Any CPU.ActiveCfg = Debug|Any CPU
		{8A050229-DB79-4E0B-9AFF-7565E87F2954}.Debug|Any CPU.Build.0 = Debug|Any CPU
		{8A050229-DB79-4E0B-9AFF-7565E87F2954}.Release|Any CPU.ActiveCfg = Release|Any CPU
		{8A050229-DB79-4E0B-9AFF-7565E87F2954}.Release|Any CPU.Build.0 = Release|Any CPU
		{C237BA1A-3A7D-4AB2-BE09-2696F3C082A4}.Debug|Any CPU.ActiveCfg = Debug|Any CPU
		{C237BA1A-3A7D-4AB2-BE09-2696F3C082A4}.Debug|Any CPU.Build.0 = Debug|Any CPU
		{C237BA1A-3A7D-4AB2-BE09-2696F3C082A4}.Release|Any CPU.ActiveCfg = Release|Any CPU
		{C237BA1A-3A7D-4AB2-BE09-2696F3C082A4}.Release|Any CPU.Build.0 = Release|Any CPU
		{80529478-A383-4FEA-B744-C71264969E9A}.Debug|Any CPU.ActiveCfg = Debug|Any CPU
		{80529478-A383-4FEA-B744-C71264969E9A}.Debug|Any CPU.Build.0 = Debug|Any CPU
		{80529478-A383-4FEA-B744-C71264969E9A}.Release|Any CPU.ActiveCfg = Release|Any CPU
		{80529478-A383-4FEA-B744-C71264969E9A}.Release|Any CPU.Build.0 = Release|Any CPU
		{40ED82D8-A7BB-4D37-9157-3176EDA3E119}.Debug|Any CPU.ActiveCfg = Debug|Any CPU
		{40ED82D8-A7BB-4D37-9157-3176EDA3E119}.Debug|Any CPU.Build.0 = Debug|Any CPU
		{40ED82D8-A7BB-4D37-9157-3176EDA3E119}.Release|Any CPU.ActiveCfg = Release|Any CPU
		{40ED82D8-A7BB-4D37-9157-3176EDA3E119}.Release|Any CPU.Build.0 = Release|Any CPU
		{39CD855E-83B1-4A96-93F7-01608211EBE3}.Debug|Any CPU.ActiveCfg = Debug|Any CPU
		{39CD855E-83B1-4A96-93F7-01608211EBE3}.Debug|Any CPU.Build.0 = Debug|Any CPU
		{39CD855E-83B1-4A96-93F7-01608211EBE3}.Release|Any CPU.ActiveCfg = Release|Any CPU
		{39CD855E-83B1-4A96-93F7-01608211EBE3}.Release|Any CPU.Build.0 = Release|Any CPU
		{30B49E42-AE61-4F7C-981F-923F07BB3986}.Debug|Any CPU.ActiveCfg = Debug|Any CPU
		{30B49E42-AE61-4F7C-981F-923F07BB3986}.Debug|Any CPU.Build.0 = Debug|Any CPU
		{30B49E42-AE61-4F7C-981F-923F07BB3986}.Release|Any CPU.ActiveCfg = Release|Any CPU
		{30B49E42-AE61-4F7C-981F-923F07BB3986}.Release|Any CPU.Build.0 = Release|Any CPU
		{D229105F-6879-4452-9189-75DE060C0F4C}.Debug|Any CPU.ActiveCfg = Debug|Any CPU
		{D229105F-6879-4452-9189-75DE060C0F4C}.Debug|Any CPU.Build.0 = Debug|Any CPU
		{D229105F-6879-4452-9189-75DE060C0F4C}.Release|Any CPU.ActiveCfg = Release|Any CPU
		{D229105F-6879-4452-9189-75DE060C0F4C}.Release|Any CPU.Build.0 = Release|Any CPU
		{7CC95512-7F44-45C3-A669-95B7048D4730}.Debug|Any CPU.ActiveCfg = Debug|Any CPU
		{7CC95512-7F44-45C3-A669-95B7048D4730}.Debug|Any CPU.Build.0 = Debug|Any CPU
		{7CC95512-7F44-45C3-A669-95B7048D4730}.Release|Any CPU.ActiveCfg = Release|Any CPU
		{7CC95512-7F44-45C3-A669-95B7048D4730}.Release|Any CPU.Build.0 = Release|Any CPU
		{CAC22763-4A1C-4FC5-AC0D-6148927596D6}.Debug|Any CPU.ActiveCfg = Debug|Any CPU
		{CAC22763-4A1C-4FC5-AC0D-6148927596D6}.Debug|Any CPU.Build.0 = Debug|Any CPU
		{CAC22763-4A1C-4FC5-AC0D-6148927596D6}.Release|Any CPU.ActiveCfg = Release|Any CPU
		{CAC22763-4A1C-4FC5-AC0D-6148927596D6}.Release|Any CPU.Build.0 = Release|Any CPU
		{D253AFC2-9496-4538-B424-47CC579B7A96}.Debug|Any CPU.ActiveCfg = Debug|Any CPU
		{D253AFC2-9496-4538-B424-47CC579B7A96}.Debug|Any CPU.Build.0 = Debug|Any CPU
		{D253AFC2-9496-4538-B424-47CC579B7A96}.Release|Any CPU.ActiveCfg = Release|Any CPU
		{D253AFC2-9496-4538-B424-47CC579B7A96}.Release|Any CPU.Build.0 = Release|Any CPU
		{74B9AFE0-EB4B-4AD2-BF25-90753203EFF8}.Debug|Any CPU.ActiveCfg = Debug|Any CPU
		{74B9AFE0-EB4B-4AD2-BF25-90753203EFF8}.Debug|Any CPU.Build.0 = Debug|Any CPU
		{74B9AFE0-EB4B-4AD2-BF25-90753203EFF8}.Release|Any CPU.ActiveCfg = Release|Any CPU
		{74B9AFE0-EB4B-4AD2-BF25-90753203EFF8}.Release|Any CPU.Build.0 = Release|Any CPU
		{70D3ACE9-EB41-4B36-949C-08B8C22B99F7}.Debug|Any CPU.ActiveCfg = Debug|Any CPU
		{70D3ACE9-EB41-4B36-949C-08B8C22B99F7}.Debug|Any CPU.Build.0 = Debug|Any CPU
		{70D3ACE9-EB41-4B36-949C-08B8C22B99F7}.Release|Any CPU.ActiveCfg = Release|Any CPU
		{70D3ACE9-EB41-4B36-949C-08B8C22B99F7}.Release|Any CPU.Build.0 = Release|Any CPU
		{997F5709-61E0-4874-BFC3-07974685E02E}.Debug|Any CPU.ActiveCfg = Debug|Any CPU
		{997F5709-61E0-4874-BFC3-07974685E02E}.Debug|Any CPU.Build.0 = Debug|Any CPU
		{997F5709-61E0-4874-BFC3-07974685E02E}.Release|Any CPU.ActiveCfg = Release|Any CPU
		{997F5709-61E0-4874-BFC3-07974685E02E}.Release|Any CPU.Build.0 = Release|Any CPU
		{F09B30F7-AF33-44D7-B835-099D1F72A37E}.Debug|Any CPU.ActiveCfg = Debug|Any CPU
		{F09B30F7-AF33-44D7-B835-099D1F72A37E}.Debug|Any CPU.Build.0 = Debug|Any CPU
		{F09B30F7-AF33-44D7-B835-099D1F72A37E}.Release|Any CPU.ActiveCfg = Release|Any CPU
		{F09B30F7-AF33-44D7-B835-099D1F72A37E}.Release|Any CPU.Build.0 = Release|Any CPU
		{55AAF940-12DC-4793-805C-992AEF2C1E8D}.Debug|Any CPU.ActiveCfg = Debug|Any CPU
		{55AAF940-12DC-4793-805C-992AEF2C1E8D}.Debug|Any CPU.Build.0 = Debug|Any CPU
		{55AAF940-12DC-4793-805C-992AEF2C1E8D}.Release|Any CPU.ActiveCfg = Release|Any CPU
		{55AAF940-12DC-4793-805C-992AEF2C1E8D}.Release|Any CPU.Build.0 = Release|Any CPU
		{1AA0AEFC-BD58-4284-A6C5-AD15C5C79782}.Debug|Any CPU.ActiveCfg = Debug|Any CPU
		{1AA0AEFC-BD58-4284-A6C5-AD15C5C79782}.Debug|Any CPU.Build.0 = Debug|Any CPU
		{1AA0AEFC-BD58-4284-A6C5-AD15C5C79782}.Release|Any CPU.ActiveCfg = Release|Any CPU
		{1AA0AEFC-BD58-4284-A6C5-AD15C5C79782}.Release|Any CPU.Build.0 = Release|Any CPU
		{555A4306-3BAB-409E-8BB8-3171A5867B2C}.Debug|Any CPU.ActiveCfg = Debug|Any CPU
		{555A4306-3BAB-409E-8BB8-3171A5867B2C}.Debug|Any CPU.Build.0 = Debug|Any CPU
		{555A4306-3BAB-409E-8BB8-3171A5867B2C}.Release|Any CPU.ActiveCfg = Release|Any CPU
		{555A4306-3BAB-409E-8BB8-3171A5867B2C}.Release|Any CPU.Build.0 = Release|Any CPU
		{1E5BD8D9-55BE-41E2-B389-6AB9F26C22AF}.Debug|Any CPU.ActiveCfg = Debug|Any CPU
		{1E5BD8D9-55BE-41E2-B389-6AB9F26C22AF}.Debug|Any CPU.Build.0 = Debug|Any CPU
		{1E5BD8D9-55BE-41E2-B389-6AB9F26C22AF}.Release|Any CPU.ActiveCfg = Release|Any CPU
		{1E5BD8D9-55BE-41E2-B389-6AB9F26C22AF}.Release|Any CPU.Build.0 = Release|Any CPU
		{B191F11D-583D-44D9-8A08-F5B0DC58B822}.Debug|Any CPU.ActiveCfg = Debug|Any CPU
		{B191F11D-583D-44D9-8A08-F5B0DC58B822}.Debug|Any CPU.Build.0 = Debug|Any CPU
		{B191F11D-583D-44D9-8A08-F5B0DC58B822}.Release|Any CPU.ActiveCfg = Release|Any CPU
		{B191F11D-583D-44D9-8A08-F5B0DC58B822}.Release|Any CPU.Build.0 = Release|Any CPU
		{DF8CCA17-6B00-42C6-B4EC-61B42AA91EE0}.Debug|Any CPU.ActiveCfg = Debug|Any CPU
		{DF8CCA17-6B00-42C6-B4EC-61B42AA91EE0}.Debug|Any CPU.Build.0 = Debug|Any CPU
		{DF8CCA17-6B00-42C6-B4EC-61B42AA91EE0}.Release|Any CPU.ActiveCfg = Release|Any CPU
		{DF8CCA17-6B00-42C6-B4EC-61B42AA91EE0}.Release|Any CPU.Build.0 = Release|Any CPU
		{AD8C4BB0-C78F-496C-B326-1D82C02C7568}.Debug|Any CPU.ActiveCfg = Debug|Any CPU
		{AD8C4BB0-C78F-496C-B326-1D82C02C7568}.Debug|Any CPU.Build.0 = Debug|Any CPU
		{AD8C4BB0-C78F-496C-B326-1D82C02C7568}.Release|Any CPU.ActiveCfg = Release|Any CPU
		{AD8C4BB0-C78F-496C-B326-1D82C02C7568}.Release|Any CPU.Build.0 = Release|Any CPU
		{7F1FDA45-C731-4DCC-BFF6-403D4B857A93}.Debug|Any CPU.ActiveCfg = Debug|Any CPU
		{7F1FDA45-C731-4DCC-BFF6-403D4B857A93}.Debug|Any CPU.Build.0 = Debug|Any CPU
		{7F1FDA45-C731-4DCC-BFF6-403D4B857A93}.Release|Any CPU.ActiveCfg = Release|Any CPU
		{7F1FDA45-C731-4DCC-BFF6-403D4B857A93}.Release|Any CPU.Build.0 = Release|Any CPU
		{4782CA82-83B0-437E-8C97-636BB8B402EA}.Debug|Any CPU.ActiveCfg = Debug|Any CPU
		{4782CA82-83B0-437E-8C97-636BB8B402EA}.Debug|Any CPU.Build.0 = Debug|Any CPU
		{4782CA82-83B0-437E-8C97-636BB8B402EA}.Release|Any CPU.ActiveCfg = Release|Any CPU
		{4782CA82-83B0-437E-8C97-636BB8B402EA}.Release|Any CPU.Build.0 = Release|Any CPU
		{1A37795B-EBAB-4A9F-8CF0-373DA3D4C64A}.Debug|Any CPU.ActiveCfg = Debug|Any CPU
		{1A37795B-EBAB-4A9F-8CF0-373DA3D4C64A}.Debug|Any CPU.Build.0 = Debug|Any CPU
		{1A37795B-EBAB-4A9F-8CF0-373DA3D4C64A}.Release|Any CPU.ActiveCfg = Release|Any CPU
		{1A37795B-EBAB-4A9F-8CF0-373DA3D4C64A}.Release|Any CPU.Build.0 = Release|Any CPU
		{89157FB8-A25B-42EC-A91F-37DFEE274C8C}.Debug|Any CPU.ActiveCfg = Debug|Any CPU
		{89157FB8-A25B-42EC-A91F-37DFEE274C8C}.Debug|Any CPU.Build.0 = Debug|Any CPU
		{89157FB8-A25B-42EC-A91F-37DFEE274C8C}.Release|Any CPU.ActiveCfg = Release|Any CPU
		{89157FB8-A25B-42EC-A91F-37DFEE274C8C}.Release|Any CPU.Build.0 = Release|Any CPU
		{812B3B34-D2DD-4A3B-BA2D-3D3C52E0C062}.Debug|Any CPU.ActiveCfg = Debug|Any CPU
		{812B3B34-D2DD-4A3B-BA2D-3D3C52E0C062}.Debug|Any CPU.Build.0 = Debug|Any CPU
		{812B3B34-D2DD-4A3B-BA2D-3D3C52E0C062}.Release|Any CPU.ActiveCfg = Release|Any CPU
		{812B3B34-D2DD-4A3B-BA2D-3D3C52E0C062}.Release|Any CPU.Build.0 = Release|Any CPU
		{34FBB2D3-4E2B-4411-95F2-C6B56899826A}.Debug|Any CPU.ActiveCfg = Debug|Any CPU
		{34FBB2D3-4E2B-4411-95F2-C6B56899826A}.Debug|Any CPU.Build.0 = Debug|Any CPU
		{34FBB2D3-4E2B-4411-95F2-C6B56899826A}.Release|Any CPU.ActiveCfg = Release|Any CPU
		{34FBB2D3-4E2B-4411-95F2-C6B56899826A}.Release|Any CPU.Build.0 = Release|Any CPU
		{536EFB55-EEA1-4761-9A72-D4EA84A6DB70}.Debug|Any CPU.ActiveCfg = Debug|Any CPU
		{536EFB55-EEA1-4761-9A72-D4EA84A6DB70}.Debug|Any CPU.Build.0 = Debug|Any CPU
		{536EFB55-EEA1-4761-9A72-D4EA84A6DB70}.Release|Any CPU.ActiveCfg = Release|Any CPU
		{536EFB55-EEA1-4761-9A72-D4EA84A6DB70}.Release|Any CPU.Build.0 = Release|Any CPU
		{AA84DBF7-F70F-4673-8DC2-6EFBE3E9BF83}.Debug|Any CPU.ActiveCfg = Debug|Any CPU
		{AA84DBF7-F70F-4673-8DC2-6EFBE3E9BF83}.Debug|Any CPU.Build.0 = Debug|Any CPU
		{AA84DBF7-F70F-4673-8DC2-6EFBE3E9BF83}.Release|Any CPU.ActiveCfg = Release|Any CPU
		{AA84DBF7-F70F-4673-8DC2-6EFBE3E9BF83}.Release|Any CPU.Build.0 = Release|Any CPU
		{51050209-EC2F-4DC7-8F46-07E22B7811CD}.Debug|Any CPU.ActiveCfg = Debug|Any CPU
		{51050209-EC2F-4DC7-8F46-07E22B7811CD}.Debug|Any CPU.Build.0 = Debug|Any CPU
		{51050209-EC2F-4DC7-8F46-07E22B7811CD}.Release|Any CPU.ActiveCfg = Release|Any CPU
		{51050209-EC2F-4DC7-8F46-07E22B7811CD}.Release|Any CPU.Build.0 = Release|Any CPU
		{3246883E-2FA7-4B4A-BDC5-99039A2869BC}.Debug|Any CPU.ActiveCfg = Debug|Any CPU
		{3246883E-2FA7-4B4A-BDC5-99039A2869BC}.Debug|Any CPU.Build.0 = Debug|Any CPU
		{3246883E-2FA7-4B4A-BDC5-99039A2869BC}.Release|Any CPU.ActiveCfg = Release|Any CPU
		{3246883E-2FA7-4B4A-BDC5-99039A2869BC}.Release|Any CPU.Build.0 = Release|Any CPU
		{2BBFDE36-28A7-4875-8EBE-CC25C76B97FF}.Debug|Any CPU.ActiveCfg = Debug|Any CPU
		{2BBFDE36-28A7-4875-8EBE-CC25C76B97FF}.Debug|Any CPU.Build.0 = Debug|Any CPU
		{2BBFDE36-28A7-4875-8EBE-CC25C76B97FF}.Release|Any CPU.ActiveCfg = Release|Any CPU
		{2BBFDE36-28A7-4875-8EBE-CC25C76B97FF}.Release|Any CPU.Build.0 = Release|Any CPU
		{130A7A00-A9AF-4EA8-8107-BBEA07F166DF}.Debug|Any CPU.ActiveCfg = Debug|Any CPU
		{130A7A00-A9AF-4EA8-8107-BBEA07F166DF}.Debug|Any CPU.Build.0 = Debug|Any CPU
		{130A7A00-A9AF-4EA8-8107-BBEA07F166DF}.Release|Any CPU.ActiveCfg = Release|Any CPU
		{130A7A00-A9AF-4EA8-8107-BBEA07F166DF}.Release|Any CPU.Build.0 = Release|Any CPU
		{036D287A-33E1-4B28-BE13-14AEA16BC91F}.Debug|Any CPU.ActiveCfg = Debug|Any CPU
		{036D287A-33E1-4B28-BE13-14AEA16BC91F}.Debug|Any CPU.Build.0 = Debug|Any CPU
		{036D287A-33E1-4B28-BE13-14AEA16BC91F}.Release|Any CPU.ActiveCfg = Release|Any CPU
		{036D287A-33E1-4B28-BE13-14AEA16BC91F}.Release|Any CPU.Build.0 = Release|Any CPU
		{A1A8AD89-C9C4-41BF-BBCB-EF0544A28BFB}.Debug|Any CPU.ActiveCfg = Debug|Any CPU
		{A1A8AD89-C9C4-41BF-BBCB-EF0544A28BFB}.Debug|Any CPU.Build.0 = Debug|Any CPU
		{A1A8AD89-C9C4-41BF-BBCB-EF0544A28BFB}.Release|Any CPU.ActiveCfg = Release|Any CPU
		{A1A8AD89-C9C4-41BF-BBCB-EF0544A28BFB}.Release|Any CPU.Build.0 = Release|Any CPU
		{9F79BBEC-02CE-4F76-AED4-BC191DA3054B}.Debug|Any CPU.ActiveCfg = Debug|Any CPU
		{9F79BBEC-02CE-4F76-AED4-BC191DA3054B}.Debug|Any CPU.Build.0 = Debug|Any CPU
		{9F79BBEC-02CE-4F76-AED4-BC191DA3054B}.Release|Any CPU.ActiveCfg = Release|Any CPU
		{9F79BBEC-02CE-4F76-AED4-BC191DA3054B}.Release|Any CPU.Build.0 = Release|Any CPU
		{C25CFDCF-8E06-4DD8-A83E-FF7EF9FDA02E}.Debug|Any CPU.ActiveCfg = Debug|Any CPU
		{C25CFDCF-8E06-4DD8-A83E-FF7EF9FDA02E}.Debug|Any CPU.Build.0 = Debug|Any CPU
		{C25CFDCF-8E06-4DD8-A83E-FF7EF9FDA02E}.Release|Any CPU.ActiveCfg = Release|Any CPU
		{C25CFDCF-8E06-4DD8-A83E-FF7EF9FDA02E}.Release|Any CPU.Build.0 = Release|Any CPU
		{4A54379F-4775-41B6-9752-FF300288916A}.Debug|Any CPU.ActiveCfg = Debug|Any CPU
		{4A54379F-4775-41B6-9752-FF300288916A}.Debug|Any CPU.Build.0 = Debug|Any CPU
		{4A54379F-4775-41B6-9752-FF300288916A}.Release|Any CPU.ActiveCfg = Release|Any CPU
		{4A54379F-4775-41B6-9752-FF300288916A}.Release|Any CPU.Build.0 = Release|Any CPU
		{39AB433B-F7A6-4DD3-873A-9527946B7BD8}.Debug|Any CPU.ActiveCfg = Debug|Any CPU
		{39AB433B-F7A6-4DD3-873A-9527946B7BD8}.Debug|Any CPU.Build.0 = Debug|Any CPU
		{39AB433B-F7A6-4DD3-873A-9527946B7BD8}.Release|Any CPU.ActiveCfg = Release|Any CPU
		{39AB433B-F7A6-4DD3-873A-9527946B7BD8}.Release|Any CPU.Build.0 = Release|Any CPU
		{0BB927FB-8C12-49B6-9150-64B733B2EBFD}.Debug|Any CPU.ActiveCfg = Debug|Any CPU
		{0BB927FB-8C12-49B6-9150-64B733B2EBFD}.Debug|Any CPU.Build.0 = Debug|Any CPU
		{0BB927FB-8C12-49B6-9150-64B733B2EBFD}.Release|Any CPU.ActiveCfg = Release|Any CPU
		{0BB927FB-8C12-49B6-9150-64B733B2EBFD}.Release|Any CPU.Build.0 = Release|Any CPU
		{E9652738-2B3D-4357-B84B-54F0EA161382}.Debug|Any CPU.ActiveCfg = Debug|Any CPU
		{E9652738-2B3D-4357-B84B-54F0EA161382}.Debug|Any CPU.Build.0 = Debug|Any CPU
		{E9652738-2B3D-4357-B84B-54F0EA161382}.Release|Any CPU.ActiveCfg = Release|Any CPU
		{E9652738-2B3D-4357-B84B-54F0EA161382}.Release|Any CPU.Build.0 = Release|Any CPU
		{1FCB2200-28B8-4703-8E89-73241AAED047}.Debug|Any CPU.ActiveCfg = Debug|Any CPU
		{1FCB2200-28B8-4703-8E89-73241AAED047}.Debug|Any CPU.Build.0 = Debug|Any CPU
		{1FCB2200-28B8-4703-8E89-73241AAED047}.Release|Any CPU.ActiveCfg = Release|Any CPU
		{1FCB2200-28B8-4703-8E89-73241AAED047}.Release|Any CPU.Build.0 = Release|Any CPU
		{B0312D9E-FA30-43E9-B666-40A8782D6E1C}.Debug|Any CPU.ActiveCfg = Debug|Any CPU
		{B0312D9E-FA30-43E9-B666-40A8782D6E1C}.Debug|Any CPU.Build.0 = Debug|Any CPU
		{B0312D9E-FA30-43E9-B666-40A8782D6E1C}.Release|Any CPU.ActiveCfg = Release|Any CPU
		{B0312D9E-FA30-43E9-B666-40A8782D6E1C}.Release|Any CPU.Build.0 = Release|Any CPU
		{D2614FC7-102F-4F78-BB06-7C87304A10BA}.Debug|Any CPU.ActiveCfg = Debug|Any CPU
		{D2614FC7-102F-4F78-BB06-7C87304A10BA}.Debug|Any CPU.Build.0 = Debug|Any CPU
		{D2614FC7-102F-4F78-BB06-7C87304A10BA}.Release|Any CPU.ActiveCfg = Release|Any CPU
		{D2614FC7-102F-4F78-BB06-7C87304A10BA}.Release|Any CPU.Build.0 = Release|Any CPU
		{A41E24C6-B16D-4C6A-A9A9-2C5AF424F20F}.Debug|Any CPU.ActiveCfg = Debug|Any CPU
		{A41E24C6-B16D-4C6A-A9A9-2C5AF424F20F}.Debug|Any CPU.Build.0 = Debug|Any CPU
		{A41E24C6-B16D-4C6A-A9A9-2C5AF424F20F}.Release|Any CPU.ActiveCfg = Release|Any CPU
		{A41E24C6-B16D-4C6A-A9A9-2C5AF424F20F}.Release|Any CPU.Build.0 = Release|Any CPU
		{F88AB1C2-100E-459F-B2BE-5F2ACF050A0A}.Debug|Any CPU.ActiveCfg = Debug|Any CPU
		{F88AB1C2-100E-459F-B2BE-5F2ACF050A0A}.Debug|Any CPU.Build.0 = Debug|Any CPU
		{F88AB1C2-100E-459F-B2BE-5F2ACF050A0A}.Release|Any CPU.ActiveCfg = Release|Any CPU
		{F88AB1C2-100E-459F-B2BE-5F2ACF050A0A}.Release|Any CPU.Build.0 = Release|Any CPU
		{A527B8B0-7214-4C4F-B62F-8A244B8416C8}.Debug|Any CPU.ActiveCfg = Debug|Any CPU
		{A527B8B0-7214-4C4F-B62F-8A244B8416C8}.Debug|Any CPU.Build.0 = Debug|Any CPU
		{A527B8B0-7214-4C4F-B62F-8A244B8416C8}.Release|Any CPU.ActiveCfg = Release|Any CPU
		{A527B8B0-7214-4C4F-B62F-8A244B8416C8}.Release|Any CPU.Build.0 = Release|Any CPU
		{6DB4423B-0C99-46C9-8960-6BD54D42113A}.Debug|Any CPU.ActiveCfg = Debug|Any CPU
		{6DB4423B-0C99-46C9-8960-6BD54D42113A}.Debug|Any CPU.Build.0 = Debug|Any CPU
		{6DB4423B-0C99-46C9-8960-6BD54D42113A}.Release|Any CPU.ActiveCfg = Release|Any CPU
		{6DB4423B-0C99-46C9-8960-6BD54D42113A}.Release|Any CPU.Build.0 = Release|Any CPU
		{A1A8A2C2-7F5C-4859-8F59-F60F867CE19C}.Debug|Any CPU.ActiveCfg = Debug|Any CPU
		{A1A8A2C2-7F5C-4859-8F59-F60F867CE19C}.Debug|Any CPU.Build.0 = Debug|Any CPU
		{A1A8A2C2-7F5C-4859-8F59-F60F867CE19C}.Release|Any CPU.ActiveCfg = Release|Any CPU
		{A1A8A2C2-7F5C-4859-8F59-F60F867CE19C}.Release|Any CPU.Build.0 = Release|Any CPU
		{FAF438E1-B771-418B-83DD-A0F959C82D97}.Debug|Any CPU.ActiveCfg = Debug|Any CPU
		{FAF438E1-B771-418B-83DD-A0F959C82D97}.Debug|Any CPU.Build.0 = Debug|Any CPU
		{FAF438E1-B771-418B-83DD-A0F959C82D97}.Release|Any CPU.ActiveCfg = Release|Any CPU
		{FAF438E1-B771-418B-83DD-A0F959C82D97}.Release|Any CPU.Build.0 = Release|Any CPU
		{D64F1240-0110-42E1-AE59-E95AEC8A2900}.Debug|Any CPU.ActiveCfg = Debug|Any CPU
		{D64F1240-0110-42E1-AE59-E95AEC8A2900}.Debug|Any CPU.Build.0 = Debug|Any CPU
		{D64F1240-0110-42E1-AE59-E95AEC8A2900}.Release|Any CPU.ActiveCfg = Release|Any CPU
		{D64F1240-0110-42E1-AE59-E95AEC8A2900}.Release|Any CPU.Build.0 = Release|Any CPU
		{199FC97A-682B-4C7B-A560-1032B16AEAC4}.Debug|Any CPU.ActiveCfg = Debug|Any CPU
		{199FC97A-682B-4C7B-A560-1032B16AEAC4}.Debug|Any CPU.Build.0 = Debug|Any CPU
		{199FC97A-682B-4C7B-A560-1032B16AEAC4}.Release|Any CPU.ActiveCfg = Release|Any CPU
		{199FC97A-682B-4C7B-A560-1032B16AEAC4}.Release|Any CPU.Build.0 = Release|Any CPU
		{4FA6955C-6860-493F-ABD4-CE327A33EEA3}.Debug|Any CPU.ActiveCfg = Debug|Any CPU
		{4FA6955C-6860-493F-ABD4-CE327A33EEA3}.Debug|Any CPU.Build.0 = Debug|Any CPU
		{4FA6955C-6860-493F-ABD4-CE327A33EEA3}.Release|Any CPU.ActiveCfg = Release|Any CPU
		{4FA6955C-6860-493F-ABD4-CE327A33EEA3}.Release|Any CPU.Build.0 = Release|Any CPU
		{C5043453-5FB8-4796-9A80-C4C766F2CB62}.Debug|Any CPU.ActiveCfg = Debug|Any CPU
		{C5043453-5FB8-4796-9A80-C4C766F2CB62}.Debug|Any CPU.Build.0 = Debug|Any CPU
		{C5043453-5FB8-4796-9A80-C4C766F2CB62}.Release|Any CPU.ActiveCfg = Release|Any CPU
		{C5043453-5FB8-4796-9A80-C4C766F2CB62}.Release|Any CPU.Build.0 = Release|Any CPU
		{044C3108-FE79-460A-9C31-A03C30228836}.Debug|Any CPU.ActiveCfg = Debug|Any CPU
		{044C3108-FE79-460A-9C31-A03C30228836}.Debug|Any CPU.Build.0 = Debug|Any CPU
		{044C3108-FE79-460A-9C31-A03C30228836}.Release|Any CPU.ActiveCfg = Release|Any CPU
		{044C3108-FE79-460A-9C31-A03C30228836}.Release|Any CPU.Build.0 = Release|Any CPU
		{3212A999-4AC4-4911-9AA4-92AB906BCB5E}.Debug|Any CPU.ActiveCfg = Debug|Any CPU
		{3212A999-4AC4-4911-9AA4-92AB906BCB5E}.Debug|Any CPU.Build.0 = Debug|Any CPU
		{3212A999-4AC4-4911-9AA4-92AB906BCB5E}.Release|Any CPU.ActiveCfg = Release|Any CPU
		{3212A999-4AC4-4911-9AA4-92AB906BCB5E}.Release|Any CPU.Build.0 = Release|Any CPU
	EndGlobalSection
	GlobalSection(NestedProjects) = preSolution
		{155227F0-A33B-40AA-A4B4-06F813EB921B} = {61017E64-6D00-49CB-9E81-5002DC8F7D5F}
		{C6658DE0-2B2F-47F0-BB61-2CA66D435C09} = {61017E64-6D00-49CB-9E81-5002DC8F7D5F}
		{873BFC3E-63C2-4495-A503-5EC05DCD84E4} = {155227F0-A33B-40AA-A4B4-06F813EB921B}
		{56C2FFB8-EA54-45B5-A095-4A78142EB4B5} = {155227F0-A33B-40AA-A4B4-06F813EB921B}
		{5BA4A8FA-F7F4-45B3-AEC8-8886D35AAC79} = {61017E64-6D00-49CB-9E81-5002DC8F7D5F}
		{F06B9573-DF68-4606-866C-A7546A10A05A} = {61017E64-6D00-49CB-9E81-5002DC8F7D5F}
		{B2049499-D384-46DF-8837-F1180107DD54} = {5BA4A8FA-F7F4-45B3-AEC8-8886D35AAC79}
		{FC5D2CE9-FFB0-478D-8D54-E4109D1FD202} = {F06B9573-DF68-4606-866C-A7546A10A05A}
		{E31F8955-B221-48AA-B301-6EE317D6F5B1} = {F06B9573-DF68-4606-866C-A7546A10A05A}
		{3C2752A7-EEBC-4ED4-B1BF-0FCF6E071BC2} = {F06B9573-DF68-4606-866C-A7546A10A05A}
		{82E26BF9-5F3A-4365-899A-AB1FFD54AA45} = {5BA4A8FA-F7F4-45B3-AEC8-8886D35AAC79}
		{0601A2A6-2C62-418B-9104-8CDE497E5283} = {5BA4A8FA-F7F4-45B3-AEC8-8886D35AAC79}
		{7D5A49B4-9A9B-496E-803B-DEB85B2C3132} = {5BA4A8FA-F7F4-45B3-AEC8-8886D35AAC79}
		{ACD65CE5-3CC2-47B1-BFAC-72443D764F6E} = {5BA4A8FA-F7F4-45B3-AEC8-8886D35AAC79}
		{78DAB791-8595-4612-8E9E-2248AF5B1862} = {5BA4A8FA-F7F4-45B3-AEC8-8886D35AAC79}
		{D31581AB-A6C1-4B73-AB63-45667F6C82AE} = {5BA4A8FA-F7F4-45B3-AEC8-8886D35AAC79}
		{8E5BD3D9-3529-48BC-B741-CFB7A69DB233} = {5BA4A8FA-F7F4-45B3-AEC8-8886D35AAC79}
		{24C7095B-5CDD-4369-9F34-5565A019B195} = {5BA4A8FA-F7F4-45B3-AEC8-8886D35AAC79}
		{BB983D0B-A939-4008-B9E3-C7C172BCF83A} = {5BA4A8FA-F7F4-45B3-AEC8-8886D35AAC79}
		{302BFC43-ED2F-43AE-8AD4-FCD481B0AC67} = {5BA4A8FA-F7F4-45B3-AEC8-8886D35AAC79}
		{C9539BD8-D2AE-4A8D-8281-71A05B3FBF31} = {5BA4A8FA-F7F4-45B3-AEC8-8886D35AAC79}
		{169E2C9B-6687-427F-A278-30BF849BFEDC} = {5BA4A8FA-F7F4-45B3-AEC8-8886D35AAC79}
		{2DD5D66B-85E9-4AF9-911C-C9F963234159} = {5BA4A8FA-F7F4-45B3-AEC8-8886D35AAC79}
		{8A050229-DB79-4E0B-9AFF-7565E87F2954} = {5BA4A8FA-F7F4-45B3-AEC8-8886D35AAC79}
		{C237BA1A-3A7D-4AB2-BE09-2696F3C082A4} = {C6658DE0-2B2F-47F0-BB61-2CA66D435C09}
		{80529478-A383-4FEA-B744-C71264969E9A} = {5BA4A8FA-F7F4-45B3-AEC8-8886D35AAC79}
		{40ED82D8-A7BB-4D37-9157-3176EDA3E119} = {5BA4A8FA-F7F4-45B3-AEC8-8886D35AAC79}
		{80FF5821-E831-450D-AA0C-C76D07D878F4} = {5BA4A8FA-F7F4-45B3-AEC8-8886D35AAC79}
		{39CD855E-83B1-4A96-93F7-01608211EBE3} = {C6658DE0-2B2F-47F0-BB61-2CA66D435C09}
		{30B49E42-AE61-4F7C-981F-923F07BB3986} = {5BA4A8FA-F7F4-45B3-AEC8-8886D35AAC79}
		{D229105F-6879-4452-9189-75DE060C0F4C} = {5BA4A8FA-F7F4-45B3-AEC8-8886D35AAC79}
		{7CC95512-7F44-45C3-A669-95B7048D4730} = {5BA4A8FA-F7F4-45B3-AEC8-8886D35AAC79}
		{CAC22763-4A1C-4FC5-AC0D-6148927596D6} = {5BA4A8FA-F7F4-45B3-AEC8-8886D35AAC79}
		{389D40B8-005F-46A1-9493-1FE6065F04FD} = {155227F0-A33B-40AA-A4B4-06F813EB921B}
		{D253AFC2-9496-4538-B424-47CC579B7A96} = {873BFC3E-63C2-4495-A503-5EC05DCD84E4}
		{74B9AFE0-EB4B-4AD2-BF25-90753203EFF8} = {873BFC3E-63C2-4495-A503-5EC05DCD84E4}
		{70D3ACE9-EB41-4B36-949C-08B8C22B99F7} = {873BFC3E-63C2-4495-A503-5EC05DCD84E4}
		{997F5709-61E0-4874-BFC3-07974685E02E} = {873BFC3E-63C2-4495-A503-5EC05DCD84E4}
		{F09B30F7-AF33-44D7-B835-099D1F72A37E} = {5BA4A8FA-F7F4-45B3-AEC8-8886D35AAC79}
		{55AAF940-12DC-4793-805C-992AEF2C1E8D} = {56C2FFB8-EA54-45B5-A095-4A78142EB4B5}
		{1AA0AEFC-BD58-4284-A6C5-AD15C5C79782} = {873BFC3E-63C2-4495-A503-5EC05DCD84E4}
		{555A4306-3BAB-409E-8BB8-3171A5867B2C} = {5BA4A8FA-F7F4-45B3-AEC8-8886D35AAC79}
		{1E5BD8D9-55BE-41E2-B389-6AB9F26C22AF} = {5BA4A8FA-F7F4-45B3-AEC8-8886D35AAC79}
		{B191F11D-583D-44D9-8A08-F5B0DC58B822} = {5BA4A8FA-F7F4-45B3-AEC8-8886D35AAC79}
		{DF8CCA17-6B00-42C6-B4EC-61B42AA91EE0} = {56C2FFB8-EA54-45B5-A095-4A78142EB4B5}
		{AD8C4BB0-C78F-496C-B326-1D82C02C7568} = {C6658DE0-2B2F-47F0-BB61-2CA66D435C09}
		{7F1FDA45-C731-4DCC-BFF6-403D4B857A93} = {5BA4A8FA-F7F4-45B3-AEC8-8886D35AAC79}
		{4782CA82-83B0-437E-8C97-636BB8B402EA} = {873BFC3E-63C2-4495-A503-5EC05DCD84E4}
		{1A37795B-EBAB-4A9F-8CF0-373DA3D4C64A} = {56C2FFB8-EA54-45B5-A095-4A78142EB4B5}
		{89157FB8-A25B-42EC-A91F-37DFEE274C8C} = {56C2FFB8-EA54-45B5-A095-4A78142EB4B5}
		{812B3B34-D2DD-4A3B-BA2D-3D3C52E0C062} = {56C2FFB8-EA54-45B5-A095-4A78142EB4B5}
		{34FBB2D3-4E2B-4411-95F2-C6B56899826A} = {56C2FFB8-EA54-45B5-A095-4A78142EB4B5}
		{536EFB55-EEA1-4761-9A72-D4EA84A6DB70} = {56C2FFB8-EA54-45B5-A095-4A78142EB4B5}
		{AA84DBF7-F70F-4673-8DC2-6EFBE3E9BF83} = {5BA4A8FA-F7F4-45B3-AEC8-8886D35AAC79}
		{51050209-EC2F-4DC7-8F46-07E22B7811CD} = {56C2FFB8-EA54-45B5-A095-4A78142EB4B5}
		{3246883E-2FA7-4B4A-BDC5-99039A2869BC} = {5BA4A8FA-F7F4-45B3-AEC8-8886D35AAC79}
		{2BBFDE36-28A7-4875-8EBE-CC25C76B97FF} = {5BA4A8FA-F7F4-45B3-AEC8-8886D35AAC79}
		{130A7A00-A9AF-4EA8-8107-BBEA07F166DF} = {56C2FFB8-EA54-45B5-A095-4A78142EB4B5}
		{036D287A-33E1-4B28-BE13-14AEA16BC91F} = {56C2FFB8-EA54-45B5-A095-4A78142EB4B5}
		{A1A8AD89-C9C4-41BF-BBCB-EF0544A28BFB} = {56C2FFB8-EA54-45B5-A095-4A78142EB4B5}
		{9F79BBEC-02CE-4F76-AED4-BC191DA3054B} = {5BA4A8FA-F7F4-45B3-AEC8-8886D35AAC79}
		{C25CFDCF-8E06-4DD8-A83E-FF7EF9FDA02E} = {56C2FFB8-EA54-45B5-A095-4A78142EB4B5}
		{4A54379F-4775-41B6-9752-FF300288916A} = {56C2FFB8-EA54-45B5-A095-4A78142EB4B5}
		{39AB433B-F7A6-4DD3-873A-9527946B7BD8} = {873BFC3E-63C2-4495-A503-5EC05DCD84E4}
		{18453B51-25EB-4317-A4B3-B10518252E92} = {90031D64-CA0F-46D0-9AF4-8DC023A5FFCD}
		{1B8D5897-902E-4632-8698-E89CAF3DDF54} = {90031D64-CA0F-46D0-9AF4-8DC023A5FFCD}
		{08B41FFA-CEE3-46A7-B5C0-3EB65D37A16C} = {90031D64-CA0F-46D0-9AF4-8DC023A5FFCD}
		{0BB927FB-8C12-49B6-9150-64B733B2EBFD} = {18453B51-25EB-4317-A4B3-B10518252E92}
		{E9652738-2B3D-4357-B84B-54F0EA161382} = {1B8D5897-902E-4632-8698-E89CAF3DDF54}
		{89608AA5-5ADE-4832-AC7B-871C4AE64210} = {61017E64-6D00-49CB-9E81-5002DC8F7D5F}
		{1FCB2200-28B8-4703-8E89-73241AAED047} = {89608AA5-5ADE-4832-AC7B-871C4AE64210}
		{B0312D9E-FA30-43E9-B666-40A8782D6E1C} = {56C2FFB8-EA54-45B5-A095-4A78142EB4B5}
		{D2614FC7-102F-4F78-BB06-7C87304A10BA} = {56C2FFB8-EA54-45B5-A095-4A78142EB4B5}
		{A41E24C6-B16D-4C6A-A9A9-2C5AF424F20F} = {56C2FFB8-EA54-45B5-A095-4A78142EB4B5}
		{F88AB1C2-100E-459F-B2BE-5F2ACF050A0A} = {56C2FFB8-EA54-45B5-A095-4A78142EB4B5}
		{A527B8B0-7214-4C4F-B62F-8A244B8416C8} = {873BFC3E-63C2-4495-A503-5EC05DCD84E4}
		{6DB4423B-0C99-46C9-8960-6BD54D42113A} = {873BFC3E-63C2-4495-A503-5EC05DCD84E4}
		{A1A8A2C2-7F5C-4859-8F59-F60F867CE19C} = {873BFC3E-63C2-4495-A503-5EC05DCD84E4}
		{FAF438E1-B771-418B-83DD-A0F959C82D97} = {873BFC3E-63C2-4495-A503-5EC05DCD84E4}
		{D64F1240-0110-42E1-AE59-E95AEC8A2900} = {56C2FFB8-EA54-45B5-A095-4A78142EB4B5}
		{199FC97A-682B-4C7B-A560-1032B16AEAC4} = {56C2FFB8-EA54-45B5-A095-4A78142EB4B5}
		{4FA6955C-6860-493F-ABD4-CE327A33EEA3} = {873BFC3E-63C2-4495-A503-5EC05DCD84E4}
		{C5043453-5FB8-4796-9A80-C4C766F2CB62} = {56C2FFB8-EA54-45B5-A095-4A78142EB4B5}
		{044C3108-FE79-460A-9C31-A03C30228836} = {5BA4A8FA-F7F4-45B3-AEC8-8886D35AAC79}
		{3212A999-4AC4-4911-9AA4-92AB906BCB5E} = {56C2FFB8-EA54-45B5-A095-4A78142EB4B5}
	EndGlobalSection
EndGlobal
