
Microsoft Visual Studio Solution File, Format Version 12.00
Project("{2150E333-8FDC-42A3-9474-1A3956D46DE8}") = "src", "src", "{61017E64-6D00-49CB-9E81-5002DC8F7D5F}"
EndProject
Project("{2150E333-8FDC-42A3-9474-1A3956D46DE8}") = "samples", "samples", "{155227F0-A33B-40AA-A4B4-06F813EB921B}"
EndProject
Project("{2150E333-8FDC-42A3-9474-1A3956D46DE8}") = "core", "core", "{C6658DE0-2B2F-47F0-BB61-2CA66D435C09}"
EndProject
Project("{2150E333-8FDC-42A3-9474-1A3956D46DE8}") = "activities", "activities", "{F8604289-6D28-428E-9FA8-1480464964F0}"
EndProject
Project("{FAE04EC0-301F-11D3-BF4B-00C04F79EFBC}") = "Elsa.Samples.Console1", "src\samples\console\Elsa.Samples.Console1\Elsa.Samples.Console1.csproj", "{B44A9DDA-8091-490A-BC0B-2EAE4A601B09}"
EndProject
Project("{FAE04EC0-301F-11D3-BF4B-00C04F79EFBC}") = "Elsa.Core", "src\core\Elsa.Core\Elsa.Core.csproj", "{6FA9ED7D-2D32-46BC-B47F-E503B2A4C0A9}"
EndProject
Project("{FAE04EC0-301F-11D3-BF4B-00C04F79EFBC}") = "Elsa.Extensions.DependencyInjection", "src\core\Elsa.Extensions.DependencyInjection\Elsa.Extensions.DependencyInjection.csproj", "{042022EA-62BC-44BD-A93F-11ABDB39C791}"
EndProject
Project("{2150E333-8FDC-42A3-9474-1A3956D46DE8}") = "solution", "solution", "{7D21EB5E-D6B4-48A5-A9BC-A26387A65F0B}"
ProjectSection(SolutionItems) = preProject
	README.md = README.md
	docker-compose.yml = docker-compose.yml
EndProjectSection
EndProject
Project("{2150E333-8FDC-42A3-9474-1A3956D46DE8}") = "docs", "docs", "{0354F050-3992-4DD4-B0EE-5FBA04AC72B6}"
EndProject
Project("{2150E333-8FDC-42A3-9474-1A3956D46DE8}") = "architecture", "architecture", "{A34FD350-79C5-492A-8811-6DBD80830F8B}"
ProjectSection(SolutionItems) = preProject
	docs\architecture\Layer1.md = docs\architecture\Layer1.md
	docs\architecture\Layer2.md = docs\architecture\Layer2.md
EndProjectSection
EndProject
Project("{2150E333-8FDC-42A3-9474-1A3956D46DE8}") = "console", "console", "{873BFC3E-63C2-4495-A503-5EC05DCD84E4}"
EndProject
Project("{2150E333-8FDC-42A3-9474-1A3956D46DE8}") = "aspnet", "aspnet", "{56C2FFB8-EA54-45B5-A095-4A78142EB4B5}"
EndProject
Project("{FAE04EC0-301F-11D3-BF4B-00C04F79EFBC}") = "Elsa.Samples.Web1", "src\samples\aspnet\Elsa.Samples.Web1\Elsa.Samples.Web1.csproj", "{A2E6E9A4-4C21-4022-A53E-BDF5ED0D0678}"
EndProject
Project("{FAE04EC0-301F-11D3-BF4B-00C04F79EFBC}") = "Elsa.Activities.Http", "src\activities\Elsa.Activities.Http\Elsa.Activities.Http.csproj", "{CF88276B-D1C8-4E0D-8043-0BFA54DA693E}"
EndProject
Project("{2150E333-8FDC-42A3-9474-1A3956D46DE8}") = "api", "api", "{298BA226-B766-40AE-933F-EB9AFCDE051C}"
EndProject
Project("{FAE04EC0-301F-11D3-BF4B-00C04F79EFBC}") = "Elsa.Api", "src\api\Elsa.Api\Elsa.Api.csproj", "{39C6C4A2-077E-48C2-B295-DFE357EC38B2}"
EndProject
Project("{2150E333-8FDC-42A3-9474-1A3956D46DE8}") = "persistence", "persistence", "{9B7776E2-0014-4C87-B1F4-22FB0BC076F1}"
EndProject
Project("{FAE04EC0-301F-11D3-BF4B-00C04F79EFBC}") = "Elsa.Persistence.InMemory", "src\persistence\Elsa.Persistence.InMemory\Elsa.Persistence.InMemory.csproj", "{BC97FD3A-1351-443C-9EAE-0F28F8204A6C}"
EndProject
Project("{2150E333-8FDC-42A3-9474-1A3956D46DE8}") = "runtime", "runtime", "{04584653-8E42-47DB-850B-7C6C37B307B7}"
EndProject
Project("{FAE04EC0-301F-11D3-BF4B-00C04F79EFBC}") = "Elsa.Runtime", "src\runtime\Elsa.Runtime\Elsa.Runtime.csproj", "{8C5894A4-F358-45CF-B198-BFBCA30B77F6}"
EndProject
Project("{FAE04EC0-301F-11D3-BF4B-00C04F79EFBC}") = "Elsa.Persistence.Abstractions", "src\persistence\Elsa.Persistence.Abstractions\Elsa.Persistence.Abstractions.csproj", "{C0226CDD-DF79-4767-A4A5-3D9037535929}"
EndProject
Project("{FAE04EC0-301F-11D3-BF4B-00C04F79EFBC}") = "Elsa.Runtime.HostedServices", "src\runtime\Elsa.Runtime.HostedServices\Elsa.Runtime.HostedServices.csproj", "{4A874C29-2915-4F5C-A01A-80F56B929541}"
EndProject
Project("{2150E333-8FDC-42A3-9474-1A3956D46DE8}") = "dsl", "dsl", "{CE121DFD-72D4-4DB7-968F-C0DB320D08FB}"
EndProject
Project("{FAE04EC0-301F-11D3-BF4B-00C04F79EFBC}") = "Elsa.Dsl", "src\dsl\Elsa.Dsl\Elsa.Dsl.csproj", "{61F5C50C-C572-46AB-8F37-54D1F84CC31D}"
EndProject
Project("{FAE04EC0-301F-11D3-BF4B-00C04F79EFBC}") = "Elsa.Samples.Console2", "src\samples\console\Elsa.Samples.Console2\Elsa.Samples.Console2.csproj", "{48960E35-903C-4EF0-A8F4-3871B000B12D}"
EndProject
Project("{FAE04EC0-301F-11D3-BF4B-00C04F79EFBC}") = "Elsa.Activities.Timers", "src\activities\Elsa.Activities.Timers\Elsa.Activities.Timers.csproj", "{9FE7C169-F639-4F6D-86EB-D97FE3E9D206}"
EndProject
Project("{2150E333-8FDC-42A3-9474-1A3956D46DE8}") = "scripting", "scripting", "{2633B8B9-4AEC-4A54-8832-1C940B54E041}"
EndProject
Project("{FAE04EC0-301F-11D3-BF4B-00C04F79EFBC}") = "Elsa.Scripting.JavaScript", "src\scripting\Elsa.Scripting.JavaScript\Elsa.Scripting.JavaScript.csproj", "{5D349665-3B5D-4DA4-A7B0-C6F11611B0C9}"
EndProject
Project("{FAE04EC0-301F-11D3-BF4B-00C04F79EFBC}") = "Elsa.Runtime.ProtoActor", "src\runtime\Elsa.Runtime.ProtoActor\Elsa.Runtime.ProtoActor.csproj", "{E5A05E1D-0F7F-4030-B434-596C76486CDB}"
EndProject
Project("{FAE04EC0-301F-11D3-BF4B-00C04F79EFBC}") = "Elsa.Samples.Web2", "src\samples\aspnet\Elsa.Samples.Web2\Elsa.Samples.Web2.csproj", "{13A6BAF1-9BAD-4A3A-A61F-5E4F01CDF0BF}"
EndProject
Project("{2150E333-8FDC-42A3-9474-1A3956D46DE8}") = "protoactor", "protoactor", "{03A5D774-A546-4D4B-8687-C6F96A886C72}"
EndProject
Project("{FAE04EC0-301F-11D3-BF4B-00C04F79EFBC}") = "Proto.Actor", "..\..\ProtoActor\protoactor-dotnet\src\Proto.Actor\Proto.Actor.csproj", "{B8F68D35-C561-4C45-881D-84142B557A54}"
EndProject
Project("{FAE04EC0-301F-11D3-BF4B-00C04F79EFBC}") = "Proto.Cluster", "..\..\ProtoActor\protoactor-dotnet\src\Proto.Cluster\Proto.Cluster.csproj", "{E27E725F-C4B0-4D6E-ADA0-DD7D014F4C6C}"
EndProject
Project("{FAE04EC0-301F-11D3-BF4B-00C04F79EFBC}") = "Proto.Cluster.TestProvider", "..\..\ProtoActor\protoactor-dotnet\src\Proto.Cluster.TestProvider\Proto.Cluster.TestProvider.csproj", "{EB1BACFB-3DF0-45D0-89AF-4571023DDE50}"
EndProject
Project("{FAE04EC0-301F-11D3-BF4B-00C04F79EFBC}") = "Proto.Remote", "..\..\ProtoActor\protoactor-dotnet\src\Proto.Remote\Proto.Remote.csproj", "{0BD81F36-D6B4-4DF1-8BAA-5F25B6779FC5}"
EndProject
Project("{FAE04EC0-301F-11D3-BF4B-00C04F79EFBC}") = "Proto.Remote.GrpcCore", "..\..\ProtoActor\protoactor-dotnet\src\Proto.Remote.GrpcCore\Proto.Remote.GrpcCore.csproj", "{466E5047-4184-42C6-9C4D-14A5707E2F49}"
EndProject
Project("{FAE04EC0-301F-11D3-BF4B-00C04F79EFBC}") = "Elsa.Api.Core", "src\api\Elsa.Api.Core\Elsa.Api.Core.csproj", "{A335B51D-8219-4361-BAAF-5F5D1B74EF89}"
EndProject
Project("{FAE04EC0-301F-11D3-BF4B-00C04F79EFBC}") = "Elsa", "src\core\Elsa\Elsa.csproj", "{521365AE-A681-4E4B-87E6-B4D982CDD520}"
EndProject
Global
	GlobalSection(SolutionConfigurationPlatforms) = preSolution
		Debug|Any CPU = Debug|Any CPU
		Release|Any CPU = Release|Any CPU
	EndGlobalSection
	GlobalSection(ProjectConfigurationPlatforms) = postSolution
		{B44A9DDA-8091-490A-BC0B-2EAE4A601B09}.Debug|Any CPU.ActiveCfg = Debug|Any CPU
		{B44A9DDA-8091-490A-BC0B-2EAE4A601B09}.Debug|Any CPU.Build.0 = Debug|Any CPU
		{B44A9DDA-8091-490A-BC0B-2EAE4A601B09}.Release|Any CPU.ActiveCfg = Release|Any CPU
		{B44A9DDA-8091-490A-BC0B-2EAE4A601B09}.Release|Any CPU.Build.0 = Release|Any CPU
		{6FA9ED7D-2D32-46BC-B47F-E503B2A4C0A9}.Debug|Any CPU.ActiveCfg = Debug|Any CPU
		{6FA9ED7D-2D32-46BC-B47F-E503B2A4C0A9}.Debug|Any CPU.Build.0 = Debug|Any CPU
		{6FA9ED7D-2D32-46BC-B47F-E503B2A4C0A9}.Release|Any CPU.ActiveCfg = Release|Any CPU
		{6FA9ED7D-2D32-46BC-B47F-E503B2A4C0A9}.Release|Any CPU.Build.0 = Release|Any CPU
		{042022EA-62BC-44BD-A93F-11ABDB39C791}.Debug|Any CPU.ActiveCfg = Debug|Any CPU
		{042022EA-62BC-44BD-A93F-11ABDB39C791}.Debug|Any CPU.Build.0 = Debug|Any CPU
		{042022EA-62BC-44BD-A93F-11ABDB39C791}.Release|Any CPU.ActiveCfg = Release|Any CPU
		{042022EA-62BC-44BD-A93F-11ABDB39C791}.Release|Any CPU.Build.0 = Release|Any CPU
		{A2E6E9A4-4C21-4022-A53E-BDF5ED0D0678}.Debug|Any CPU.ActiveCfg = Debug|Any CPU
		{A2E6E9A4-4C21-4022-A53E-BDF5ED0D0678}.Debug|Any CPU.Build.0 = Debug|Any CPU
		{A2E6E9A4-4C21-4022-A53E-BDF5ED0D0678}.Release|Any CPU.ActiveCfg = Release|Any CPU
		{A2E6E9A4-4C21-4022-A53E-BDF5ED0D0678}.Release|Any CPU.Build.0 = Release|Any CPU
		{CF88276B-D1C8-4E0D-8043-0BFA54DA693E}.Debug|Any CPU.ActiveCfg = Debug|Any CPU
		{CF88276B-D1C8-4E0D-8043-0BFA54DA693E}.Debug|Any CPU.Build.0 = Debug|Any CPU
		{CF88276B-D1C8-4E0D-8043-0BFA54DA693E}.Release|Any CPU.ActiveCfg = Release|Any CPU
		{CF88276B-D1C8-4E0D-8043-0BFA54DA693E}.Release|Any CPU.Build.0 = Release|Any CPU
		{39C6C4A2-077E-48C2-B295-DFE357EC38B2}.Debug|Any CPU.ActiveCfg = Debug|Any CPU
		{39C6C4A2-077E-48C2-B295-DFE357EC38B2}.Debug|Any CPU.Build.0 = Debug|Any CPU
		{39C6C4A2-077E-48C2-B295-DFE357EC38B2}.Release|Any CPU.ActiveCfg = Release|Any CPU
		{39C6C4A2-077E-48C2-B295-DFE357EC38B2}.Release|Any CPU.Build.0 = Release|Any CPU
		{BC97FD3A-1351-443C-9EAE-0F28F8204A6C}.Debug|Any CPU.ActiveCfg = Debug|Any CPU
		{BC97FD3A-1351-443C-9EAE-0F28F8204A6C}.Debug|Any CPU.Build.0 = Debug|Any CPU
		{BC97FD3A-1351-443C-9EAE-0F28F8204A6C}.Release|Any CPU.ActiveCfg = Release|Any CPU
		{BC97FD3A-1351-443C-9EAE-0F28F8204A6C}.Release|Any CPU.Build.0 = Release|Any CPU
		{8C5894A4-F358-45CF-B198-BFBCA30B77F6}.Debug|Any CPU.ActiveCfg = Debug|Any CPU
		{8C5894A4-F358-45CF-B198-BFBCA30B77F6}.Debug|Any CPU.Build.0 = Debug|Any CPU
		{8C5894A4-F358-45CF-B198-BFBCA30B77F6}.Release|Any CPU.ActiveCfg = Release|Any CPU
		{8C5894A4-F358-45CF-B198-BFBCA30B77F6}.Release|Any CPU.Build.0 = Release|Any CPU
		{C0226CDD-DF79-4767-A4A5-3D9037535929}.Debug|Any CPU.ActiveCfg = Debug|Any CPU
		{C0226CDD-DF79-4767-A4A5-3D9037535929}.Debug|Any CPU.Build.0 = Debug|Any CPU
		{C0226CDD-DF79-4767-A4A5-3D9037535929}.Release|Any CPU.ActiveCfg = Release|Any CPU
		{C0226CDD-DF79-4767-A4A5-3D9037535929}.Release|Any CPU.Build.0 = Release|Any CPU
		{4A874C29-2915-4F5C-A01A-80F56B929541}.Debug|Any CPU.ActiveCfg = Debug|Any CPU
		{4A874C29-2915-4F5C-A01A-80F56B929541}.Debug|Any CPU.Build.0 = Debug|Any CPU
		{4A874C29-2915-4F5C-A01A-80F56B929541}.Release|Any CPU.ActiveCfg = Release|Any CPU
		{4A874C29-2915-4F5C-A01A-80F56B929541}.Release|Any CPU.Build.0 = Release|Any CPU
		{61F5C50C-C572-46AB-8F37-54D1F84CC31D}.Debug|Any CPU.ActiveCfg = Debug|Any CPU
		{61F5C50C-C572-46AB-8F37-54D1F84CC31D}.Debug|Any CPU.Build.0 = Debug|Any CPU
		{61F5C50C-C572-46AB-8F37-54D1F84CC31D}.Release|Any CPU.ActiveCfg = Release|Any CPU
		{61F5C50C-C572-46AB-8F37-54D1F84CC31D}.Release|Any CPU.Build.0 = Release|Any CPU
		{48960E35-903C-4EF0-A8F4-3871B000B12D}.Debug|Any CPU.ActiveCfg = Debug|Any CPU
		{48960E35-903C-4EF0-A8F4-3871B000B12D}.Debug|Any CPU.Build.0 = Debug|Any CPU
		{48960E35-903C-4EF0-A8F4-3871B000B12D}.Release|Any CPU.ActiveCfg = Release|Any CPU
		{48960E35-903C-4EF0-A8F4-3871B000B12D}.Release|Any CPU.Build.0 = Release|Any CPU
		{9FE7C169-F639-4F6D-86EB-D97FE3E9D206}.Debug|Any CPU.ActiveCfg = Debug|Any CPU
		{9FE7C169-F639-4F6D-86EB-D97FE3E9D206}.Debug|Any CPU.Build.0 = Debug|Any CPU
		{9FE7C169-F639-4F6D-86EB-D97FE3E9D206}.Release|Any CPU.ActiveCfg = Release|Any CPU
		{9FE7C169-F639-4F6D-86EB-D97FE3E9D206}.Release|Any CPU.Build.0 = Release|Any CPU
		{5D349665-3B5D-4DA4-A7B0-C6F11611B0C9}.Debug|Any CPU.ActiveCfg = Debug|Any CPU
		{5D349665-3B5D-4DA4-A7B0-C6F11611B0C9}.Debug|Any CPU.Build.0 = Debug|Any CPU
		{5D349665-3B5D-4DA4-A7B0-C6F11611B0C9}.Release|Any CPU.ActiveCfg = Release|Any CPU
		{5D349665-3B5D-4DA4-A7B0-C6F11611B0C9}.Release|Any CPU.Build.0 = Release|Any CPU
		{E5A05E1D-0F7F-4030-B434-596C76486CDB}.Debug|Any CPU.ActiveCfg = Debug|Any CPU
		{E5A05E1D-0F7F-4030-B434-596C76486CDB}.Debug|Any CPU.Build.0 = Debug|Any CPU
		{E5A05E1D-0F7F-4030-B434-596C76486CDB}.Release|Any CPU.ActiveCfg = Release|Any CPU
		{E5A05E1D-0F7F-4030-B434-596C76486CDB}.Release|Any CPU.Build.0 = Release|Any CPU
		{13A6BAF1-9BAD-4A3A-A61F-5E4F01CDF0BF}.Debug|Any CPU.ActiveCfg = Debug|Any CPU
		{13A6BAF1-9BAD-4A3A-A61F-5E4F01CDF0BF}.Debug|Any CPU.Build.0 = Debug|Any CPU
		{13A6BAF1-9BAD-4A3A-A61F-5E4F01CDF0BF}.Release|Any CPU.ActiveCfg = Release|Any CPU
		{13A6BAF1-9BAD-4A3A-A61F-5E4F01CDF0BF}.Release|Any CPU.Build.0 = Release|Any CPU
		{B8F68D35-C561-4C45-881D-84142B557A54}.Debug|Any CPU.ActiveCfg = Debug|Any CPU
		{B8F68D35-C561-4C45-881D-84142B557A54}.Debug|Any CPU.Build.0 = Debug|Any CPU
		{B8F68D35-C561-4C45-881D-84142B557A54}.Release|Any CPU.ActiveCfg = Release|Any CPU
		{B8F68D35-C561-4C45-881D-84142B557A54}.Release|Any CPU.Build.0 = Release|Any CPU
		{E27E725F-C4B0-4D6E-ADA0-DD7D014F4C6C}.Debug|Any CPU.ActiveCfg = Debug|Any CPU
		{E27E725F-C4B0-4D6E-ADA0-DD7D014F4C6C}.Debug|Any CPU.Build.0 = Debug|Any CPU
		{E27E725F-C4B0-4D6E-ADA0-DD7D014F4C6C}.Release|Any CPU.ActiveCfg = Release|Any CPU
		{E27E725F-C4B0-4D6E-ADA0-DD7D014F4C6C}.Release|Any CPU.Build.0 = Release|Any CPU
		{EB1BACFB-3DF0-45D0-89AF-4571023DDE50}.Debug|Any CPU.ActiveCfg = Debug|Any CPU
		{EB1BACFB-3DF0-45D0-89AF-4571023DDE50}.Debug|Any CPU.Build.0 = Debug|Any CPU
		{EB1BACFB-3DF0-45D0-89AF-4571023DDE50}.Release|Any CPU.ActiveCfg = Release|Any CPU
		{EB1BACFB-3DF0-45D0-89AF-4571023DDE50}.Release|Any CPU.Build.0 = Release|Any CPU
		{0BD81F36-D6B4-4DF1-8BAA-5F25B6779FC5}.Debug|Any CPU.ActiveCfg = Debug|Any CPU
		{0BD81F36-D6B4-4DF1-8BAA-5F25B6779FC5}.Debug|Any CPU.Build.0 = Debug|Any CPU
		{0BD81F36-D6B4-4DF1-8BAA-5F25B6779FC5}.Release|Any CPU.ActiveCfg = Release|Any CPU
		{0BD81F36-D6B4-4DF1-8BAA-5F25B6779FC5}.Release|Any CPU.Build.0 = Release|Any CPU
		{466E5047-4184-42C6-9C4D-14A5707E2F49}.Debug|Any CPU.ActiveCfg = Debug|Any CPU
		{466E5047-4184-42C6-9C4D-14A5707E2F49}.Debug|Any CPU.Build.0 = Debug|Any CPU
		{466E5047-4184-42C6-9C4D-14A5707E2F49}.Release|Any CPU.ActiveCfg = Release|Any CPU
		{466E5047-4184-42C6-9C4D-14A5707E2F49}.Release|Any CPU.Build.0 = Release|Any CPU
		{A335B51D-8219-4361-BAAF-5F5D1B74EF89}.Debug|Any CPU.ActiveCfg = Debug|Any CPU
		{A335B51D-8219-4361-BAAF-5F5D1B74EF89}.Debug|Any CPU.Build.0 = Debug|Any CPU
		{A335B51D-8219-4361-BAAF-5F5D1B74EF89}.Release|Any CPU.ActiveCfg = Release|Any CPU
		{A335B51D-8219-4361-BAAF-5F5D1B74EF89}.Release|Any CPU.Build.0 = Release|Any CPU
		{521365AE-A681-4E4B-87E6-B4D982CDD520}.Debug|Any CPU.ActiveCfg = Debug|Any CPU
		{521365AE-A681-4E4B-87E6-B4D982CDD520}.Debug|Any CPU.Build.0 = Debug|Any CPU
		{521365AE-A681-4E4B-87E6-B4D982CDD520}.Release|Any CPU.ActiveCfg = Release|Any CPU
		{521365AE-A681-4E4B-87E6-B4D982CDD520}.Release|Any CPU.Build.0 = Release|Any CPU
	EndGlobalSection
	GlobalSection(NestedProjects) = preSolution
		{155227F0-A33B-40AA-A4B4-06F813EB921B} = {61017E64-6D00-49CB-9E81-5002DC8F7D5F}
		{C6658DE0-2B2F-47F0-BB61-2CA66D435C09} = {61017E64-6D00-49CB-9E81-5002DC8F7D5F}
		{F8604289-6D28-428E-9FA8-1480464964F0} = {61017E64-6D00-49CB-9E81-5002DC8F7D5F}
		{6FA9ED7D-2D32-46BC-B47F-E503B2A4C0A9} = {C6658DE0-2B2F-47F0-BB61-2CA66D435C09}
		{042022EA-62BC-44BD-A93F-11ABDB39C791} = {C6658DE0-2B2F-47F0-BB61-2CA66D435C09}
		{A34FD350-79C5-492A-8811-6DBD80830F8B} = {0354F050-3992-4DD4-B0EE-5FBA04AC72B6}
		{873BFC3E-63C2-4495-A503-5EC05DCD84E4} = {155227F0-A33B-40AA-A4B4-06F813EB921B}
		{B44A9DDA-8091-490A-BC0B-2EAE4A601B09} = {873BFC3E-63C2-4495-A503-5EC05DCD84E4}
		{56C2FFB8-EA54-45B5-A095-4A78142EB4B5} = {155227F0-A33B-40AA-A4B4-06F813EB921B}
		{A2E6E9A4-4C21-4022-A53E-BDF5ED0D0678} = {56C2FFB8-EA54-45B5-A095-4A78142EB4B5}
		{CF88276B-D1C8-4E0D-8043-0BFA54DA693E} = {F8604289-6D28-428E-9FA8-1480464964F0}
		{298BA226-B766-40AE-933F-EB9AFCDE051C} = {61017E64-6D00-49CB-9E81-5002DC8F7D5F}
		{39C6C4A2-077E-48C2-B295-DFE357EC38B2} = {298BA226-B766-40AE-933F-EB9AFCDE051C}
		{9B7776E2-0014-4C87-B1F4-22FB0BC076F1} = {61017E64-6D00-49CB-9E81-5002DC8F7D5F}
		{BC97FD3A-1351-443C-9EAE-0F28F8204A6C} = {9B7776E2-0014-4C87-B1F4-22FB0BC076F1}
		{04584653-8E42-47DB-850B-7C6C37B307B7} = {61017E64-6D00-49CB-9E81-5002DC8F7D5F}
		{8C5894A4-F358-45CF-B198-BFBCA30B77F6} = {04584653-8E42-47DB-850B-7C6C37B307B7}
		{C0226CDD-DF79-4767-A4A5-3D9037535929} = {9B7776E2-0014-4C87-B1F4-22FB0BC076F1}
		{4A874C29-2915-4F5C-A01A-80F56B929541} = {04584653-8E42-47DB-850B-7C6C37B307B7}
		{CE121DFD-72D4-4DB7-968F-C0DB320D08FB} = {61017E64-6D00-49CB-9E81-5002DC8F7D5F}
		{61F5C50C-C572-46AB-8F37-54D1F84CC31D} = {CE121DFD-72D4-4DB7-968F-C0DB320D08FB}
		{48960E35-903C-4EF0-A8F4-3871B000B12D} = {873BFC3E-63C2-4495-A503-5EC05DCD84E4}
		{9FE7C169-F639-4F6D-86EB-D97FE3E9D206} = {F8604289-6D28-428E-9FA8-1480464964F0}
		{2633B8B9-4AEC-4A54-8832-1C940B54E041} = {61017E64-6D00-49CB-9E81-5002DC8F7D5F}
		{5D349665-3B5D-4DA4-A7B0-C6F11611B0C9} = {2633B8B9-4AEC-4A54-8832-1C940B54E041}
		{E5A05E1D-0F7F-4030-B434-596C76486CDB} = {04584653-8E42-47DB-850B-7C6C37B307B7}
		{13A6BAF1-9BAD-4A3A-A61F-5E4F01CDF0BF} = {56C2FFB8-EA54-45B5-A095-4A78142EB4B5}
		{B8F68D35-C561-4C45-881D-84142B557A54} = {03A5D774-A546-4D4B-8687-C6F96A886C72}
		{E27E725F-C4B0-4D6E-ADA0-DD7D014F4C6C} = {03A5D774-A546-4D4B-8687-C6F96A886C72}
		{EB1BACFB-3DF0-45D0-89AF-4571023DDE50} = {03A5D774-A546-4D4B-8687-C6F96A886C72}
		{0BD81F36-D6B4-4DF1-8BAA-5F25B6779FC5} = {03A5D774-A546-4D4B-8687-C6F96A886C72}
		{466E5047-4184-42C6-9C4D-14A5707E2F49} = {03A5D774-A546-4D4B-8687-C6F96A886C72}
		{A335B51D-8219-4361-BAAF-5F5D1B74EF89} = {298BA226-B766-40AE-933F-EB9AFCDE051C}
		{521365AE-A681-4E4B-87E6-B4D982CDD520} = {C6658DE0-2B2F-47F0-BB61-2CA66D435C09}
	EndGlobalSection
EndGlobal
