
Microsoft Visual Studio Solution File, Format Version 12.00
# Visual Studio Version 16
VisualStudioVersion = 16.0.29509.3
MinimumVisualStudioVersion = 10.0.40219.1
Project("{9A19103F-16F7-4668-BE54-9A1E7A4F7556}") = "Elsa.Core", "src\core\Elsa.Core\Elsa.Core.csproj", "{300EE2D5-54C5-46F2-AD03-BB43589EA074}"
EndProject
Project("{2150E333-8FDC-42A3-9474-1A3956D46DE8}") = "src", "src", "{DA71CDAA-8DD3-4D5F-9FBD-8E4B37A2D925}"
EndProject
Project("{2150E333-8FDC-42A3-9474-1A3956D46DE8}") = "solution", "solution", "{7165BB9E-F22C-40D2-B7B1-CA3EFA2529A0}"
	ProjectSection(SolutionItems) = preProject
		.dockerignore = .dockerignore
		.editorconfig = .editorconfig
		.gitignore = .gitignore
		docker-compose.yaml = docker-compose.yaml
		Dockerfile = Dockerfile
		Nuget.Config = Nuget.Config
		README.md = README.md
		appveyor.yml = appveyor.yml
	EndProjectSection
EndProject
Project("{9A19103F-16F7-4668-BE54-9A1E7A4F7556}") = "Elsa.Abstractions", "src\core\Elsa.Abstractions\Elsa.Abstractions.csproj", "{3130C574-557C-4DA2-933E-AED7A9EBE48A}"
EndProject
Project("{2150E333-8FDC-42A3-9474-1A3956D46DE8}") = "core", "core", "{35F44BE9-13D0-417C-A01A-F0787BEE6DC3}"
EndProject
Project("{9A19103F-16F7-4668-BE54-9A1E7A4F7556}") = "Elsa.Activities.Console", "src\activities\Elsa.Activities.Console\Elsa.Activities.Console.csproj", "{B98B80CB-D3A3-437C-A61C-ED82C8C77B2F}"
EndProject
Project("{9A19103F-16F7-4668-BE54-9A1E7A4F7556}") = "Elsa.Activities.Http", "src\activities\Elsa.Activities.Http\Elsa.Activities.Http.csproj", "{1D63E1B4-2386-4BEC-9090-C3F3CBF25703}"
EndProject
Project("{2150E333-8FDC-42A3-9474-1A3956D46DE8}") = "activities", "activities", "{B43B546E-23F3-46E8-ACB7-D04F05CDA180}"
EndProject
Project("{9A19103F-16F7-4668-BE54-9A1E7A4F7556}") = "Elsa.Activities.Email", "src\activities\Elsa.Activities.Email\Elsa.Activities.Email.csproj", "{D20FCB88-9DCA-49EA-9CC2-5B94DD935D30}"
EndProject
Project("{9A19103F-16F7-4668-BE54-9A1E7A4F7556}") = "Elsa.Activities.Timers", "src\activities\Elsa.Activities.Timers\Elsa.Activities.Timers.csproj", "{E4B71DC4-3E73-49C3-9B4E-CA13909F222D}"
EndProject
Project("{9A19103F-16F7-4668-BE54-9A1E7A4F7556}") = "Elsa.Activities.MassTransit", "src\activities\Elsa.Activities.MassTransit\Elsa.Activities.MassTransit.csproj", "{C4939482-9447-47D1-B6AF-E9F8C6323841}"
EndProject
Project("{2150E333-8FDC-42A3-9474-1A3956D46DE8}") = "samples", "samples", "{5E5E1E84-DDBC-40D6-B891-0D563A15A44A}"
	ProjectSection(SolutionItems) = preProject
		src\samples\README.md = src\samples\README.md
	EndProjectSection
EndProject
Project("{9A19103F-16F7-4668-BE54-9A1E7A4F7556}") = "Sample01", "src\samples\Sample01\Sample01.csproj", "{FD72B97A-60C5-4592-91E5-0ED7A8D34C83}"
EndProject
Project("{9A19103F-16F7-4668-BE54-9A1E7A4F7556}") = "Sample02", "src\samples\Sample02\Sample02.csproj", "{C7F43E7A-B133-41A8-BB9F-B4982CD4A1AA}"
EndProject
Project("{9A19103F-16F7-4668-BE54-9A1E7A4F7556}") = "Sample03", "src\samples\Sample03\Sample03.csproj", "{B86540C9-10EC-449C-9FB1-9194D903AF92}"
EndProject
Project("{9A19103F-16F7-4668-BE54-9A1E7A4F7556}") = "Sample04", "src\samples\Sample04\Sample04.csproj", "{DCAB4D92-DF84-4075-8E34-6B09AAC1FC68}"
EndProject
Project("{9A19103F-16F7-4668-BE54-9A1E7A4F7556}") = "Sample05", "src\samples\Sample05\Sample05.csproj", "{A59DA67D-3B50-4128-98E5-D8F1E0484C3C}"
EndProject
Project("{9A19103F-16F7-4668-BE54-9A1E7A4F7556}") = "Sample06", "src\samples\Sample06\Sample06.csproj", "{C0F7845C-E844-43E8-A51A-B38751B55B9C}"
EndProject
Project("{9A19103F-16F7-4668-BE54-9A1E7A4F7556}") = "Sample07", "src\samples\Sample07\Sample07.csproj", "{FC6628CB-69ED-4ED1-A2F5-B2233CD75C15}"
EndProject
Project("{9A19103F-16F7-4668-BE54-9A1E7A4F7556}") = "Sample08", "src\samples\Sample08\Sample08.csproj", "{9E0C1D8B-7935-42E0-8C10-A31386A9FE9C}"
EndProject
Project("{9A19103F-16F7-4668-BE54-9A1E7A4F7556}") = "Sample09", "src\samples\Sample09\Sample09.csproj", "{E8622C16-D80B-46A7-99D4-B939B20FBFD6}"
EndProject
Project("{2150E333-8FDC-42A3-9474-1A3956D46DE8}") = "persistence", "persistence", "{600C4AE0-0585-4181-9CEC-2BB43430C713}"
EndProject
Project("{9A19103F-16F7-4668-BE54-9A1E7A4F7556}") = "Elsa.Persistence.YesSql", "src\persistence\Elsa.Persistence.YesSql\Elsa.Persistence.YesSql.csproj", "{905C1067-2119-443D-B5FE-DA8E027FAD62}"
EndProject
Project("{9A19103F-16F7-4668-BE54-9A1E7A4F7556}") = "Sample10", "src\samples\Sample10\Sample10.csproj", "{E0076858-353F-4302-9690-920204E38BF6}"
EndProject
Project("{9A19103F-16F7-4668-BE54-9A1E7A4F7556}") = "Sample11", "src\samples\Sample11\Sample11.csproj", "{0C3BB425-2FED-4ADF-8DBE-D68DF0CA5A41}"
EndProject
Project("{9A19103F-16F7-4668-BE54-9A1E7A4F7556}") = "Elsa.Activities.UserTask", "src\activities\Elsa.Activities.UserTask\Elsa.Activities.UserTask.csproj", "{823F80B6-E241-43F7-83BD-29FBB58A77F9}"
EndProject
Project("{9A19103F-16F7-4668-BE54-9A1E7A4F7556}") = "Sample12", "src\samples\Sample12\Sample12.csproj", "{D0F68FBB-17C6-421E-B8AE-AAAFE111BF0B}"
EndProject
Project("{9A19103F-16F7-4668-BE54-9A1E7A4F7556}") = "Sample13", "src\samples\Sample13\Sample13.csproj", "{006BDFC0-0203-4B09-8FBC-52642E22CA79}"
EndProject
Project("{9A19103F-16F7-4668-BE54-9A1E7A4F7556}") = "Elsa.Persistence.EntityFrameworkCore", "src\persistence\Elsa.Persistence.EntityFrameworkCore\Elsa.Persistence.EntityFrameworkCore.csproj", "{C938899D-A637-47AE-B95A-3D25166644AD}"
EndProject
Project("{9A19103F-16F7-4668-BE54-9A1E7A4F7556}") = "Sample14", "src\samples\Sample14\Sample14.csproj", "{65EA3A1B-B75B-4400-9BFA-CD09CD2669B7}"
EndProject
Project("{2150E333-8FDC-42A3-9474-1A3956D46DE8}") = "dashboard", "dashboard", "{0DF567E8-2A21-4A1C-90E8-025F1EC615F3}"
EndProject
Project("{9A19103F-16F7-4668-BE54-9A1E7A4F7556}") = "Elsa.Dashboard", "src\dashboard\Elsa.Dashboard\Elsa.Dashboard.csproj", "{690CB21A-E7F4-4606-926F-95EB41E39828}"
EndProject
Project("{9A19103F-16F7-4668-BE54-9A1E7A4F7556}") = "Elsa.Persistence.MongoDb", "src\persistence\Elsa.Persistence.MongoDb\Elsa.Persistence.MongoDb.csproj", "{311AD5A3-75B8-4216-B114-97A0072B36A7}"
EndProject
Project("{9A19103F-16F7-4668-BE54-9A1E7A4F7556}") = "Sample15", "src\samples\Sample15\Sample15.csproj", "{5155F75B-38F2-4B5B-9C8F-6F6641BF986B}"
EndProject
Project("{9A19103F-16F7-4668-BE54-9A1E7A4F7556}") = "Elsa.WorkflowDesigner", "src\dashboard\Elsa.WorkflowDesigner\Elsa.WorkflowDesigner.csproj", "{944DAD02-4024-4D3E-8C75-AE313EA02A94}"
EndProject
Project("{9A19103F-16F7-4668-BE54-9A1E7A4F7556}") = "Elsa.Activities.Dropbox", "src\activities\Elsa.Activities.Dropbox\Elsa.Activities.Dropbox.csproj", "{79E85459-EF54-44D6-9508-1E68B8238D00}"
EndProject
Project("{9A19103F-16F7-4668-BE54-9A1E7A4F7556}") = "Elsa.Persistence.DocumentDb", "src\persistence\Elsa.Persistence.DocumentDb\Elsa.Persistence.DocumentDb.csproj", "{8C51A528-F9B5-464E-AAD1-1ADC44697085}"
EndProject
Project("{9A19103F-16F7-4668-BE54-9A1E7A4F7556}") = "Sample16", "src\samples\Sample16\Sample16.csproj", "{DFE72CF4-C77C-4932-A00F-A8D325E603CE}"
EndProject
Project("{9A19103F-16F7-4668-BE54-9A1E7A4F7556}") = "Sample17", "src\samples\Sample17\Sample17.csproj", "{8854DF17-D566-49C9-8210-68AB8F5659FA}"
EndProject
Project("{2150E333-8FDC-42A3-9474-1A3956D46DE8}") = "scripting", "scripting", "{9C3C685E-3D7D-4638-A031-24F71CF74B52}"
EndProject
Project("{9A19103F-16F7-4668-BE54-9A1E7A4F7556}") = "Elsa.Activities.ControlFlow", "src\activities\Elsa.Activities.ControlFlow\Elsa.Activities.ControlFlow.csproj", "{1F8E7DFB-824E-4B9F-9866-482B191CF005}"
EndProject
Project("{9A19103F-16F7-4668-BE54-9A1E7A4F7556}") = "Elsa.Activities.Workflows", "src\activities\Elsa.Activities.Workflows\Elsa.Activities.Workflows.csproj", "{9017817D-A3D1-4068-97BF-FCA1EF3BFC50}"
EndProject
Project("{9A19103F-16F7-4668-BE54-9A1E7A4F7556}") = "Elsa", "src\core\Elsa\Elsa.csproj", "{6BB5EB72-AD9A-41ED-A6AA-0FF1093EA41B}"
EndProject
Project("{9A19103F-16F7-4668-BE54-9A1E7A4F7556}") = "Elsa.Scripting.JavaScript", "src\scripting\Elsa.Scripting.JavaScript\Elsa.Scripting.JavaScript.csproj", "{18BE8F72-E528-4617-B1B1-07BD35337DFC}"
EndProject
Project("{9A19103F-16F7-4668-BE54-9A1E7A4F7556}") = "Elsa.Scripting.Liquid", "src\scripting\Elsa.Scripting.Liquid\Elsa.Scripting.Liquid.csproj", "{01DC21DD-C6E2-4B21-864E-97D29448F777}"
EndProject
Project("{9A19103F-16F7-4668-BE54-9A1E7A4F7556}") = "Sample18", "src\samples\Sample18\Sample18.csproj", "{616AA0BA-FBDD-4ABE-B688-A3F79F38C698}"
EndProject
Project("{9A19103F-16F7-4668-BE54-9A1E7A4F7556}") = "Sample19", "src\samples\Sample19\Sample19.csproj", "{2AEA0028-96D6-4823-A88F-24294E4BA4E8}"
EndProject
Project("{9A19103F-16F7-4668-BE54-9A1E7A4F7556}") = "Elsa.Activities.Reflection", "src\activities\Elsa.Activities.Reflection\Elsa.Activities.Reflection.csproj", "{258F624E-98D7-4498-AE2E-F612D8ECA763}"
EndProject
Project("{9A19103F-16F7-4668-BE54-9A1E7A4F7556}") = "Sample20", "src\samples\Sample20\Sample20.csproj", "{9B238B75-5A68-48B1-973A-59F0EFAB0A8B}"
EndProject
Project("{9A19103F-16F7-4668-BE54-9A1E7A4F7556}") = "Sample21", "src\samples\Sample21\Sample21.csproj", "{6BA81F4E-2B17-4C7B-ACB1-6588B0315582}"
EndProject
Project("{9A19103F-16F7-4668-BE54-9A1E7A4F7556}") = "Elsa.Dashboard.Web", "src\dashboard\Elsa.Dashboard.Web\Elsa.Dashboard.Web.csproj", "{AE0363D2-3630-4CDD-86A1-7D6A717361BD}"
EndProject
Project("{9A19103F-16F7-4668-BE54-9A1E7A4F7556}") = "Sample22", "src\samples\Sample22\Sample22.csproj", "{BE634D4E-73A1-48CE-8682-F548CA0BA5B6}"
EndProject
Project("{9A19103F-16F7-4668-BE54-9A1E7A4F7556}") = "Sample23", "src\samples\Sample23\Sample23.csproj", "{5F16E2EC-7162-47F8-B8F1-81CACB05A5D9}"
EndProject
Project("{9A19103F-16F7-4668-BE54-9A1E7A4F7556}") = "Sample24", "src\samples\Sample24\Sample24.csproj", "{C7B1C36D-7297-4AA2-8AFE-31FC5CB99AA0}"
EndProject
Project("{9A19103F-16F7-4668-BE54-9A1E7A4F7556}") = "Sample25", "src\samples\Sample25\Sample25.csproj", "{ADDA6EB3-32F0-4802-B595-B12090DC4A1C}"
EndProject
Project("{9A19103F-16F7-4668-BE54-9A1E7A4F7556}") = "Sample26", "src\samples\Sample26\Sample26.csproj", "{61B0A047-844E-430C-A83F-DCF2C3E2BD7D}"
EndProject
Project("{9A19103F-16F7-4668-BE54-9A1E7A4F7556}") = "Sample27", "src\samples\Sample27\Sample27.csproj", "{AF45B023-759B-4CAF-BA88-EB0505B03447}"
EndProject
Global
	GlobalSection(SolutionConfigurationPlatforms) = preSolution
		Debug|Any CPU = Debug|Any CPU
		Release|Any CPU = Release|Any CPU
	EndGlobalSection
	GlobalSection(ProjectConfigurationPlatforms) = postSolution
		{300EE2D5-54C5-46F2-AD03-BB43589EA074}.Debug|Any CPU.ActiveCfg = Debug|Any CPU
		{300EE2D5-54C5-46F2-AD03-BB43589EA074}.Debug|Any CPU.Build.0 = Debug|Any CPU
		{300EE2D5-54C5-46F2-AD03-BB43589EA074}.Release|Any CPU.ActiveCfg = Release|Any CPU
		{300EE2D5-54C5-46F2-AD03-BB43589EA074}.Release|Any CPU.Build.0 = Release|Any CPU
		{3130C574-557C-4DA2-933E-AED7A9EBE48A}.Debug|Any CPU.ActiveCfg = Debug|Any CPU
		{3130C574-557C-4DA2-933E-AED7A9EBE48A}.Debug|Any CPU.Build.0 = Debug|Any CPU
		{3130C574-557C-4DA2-933E-AED7A9EBE48A}.Release|Any CPU.ActiveCfg = Release|Any CPU
		{3130C574-557C-4DA2-933E-AED7A9EBE48A}.Release|Any CPU.Build.0 = Release|Any CPU
		{B98B80CB-D3A3-437C-A61C-ED82C8C77B2F}.Debug|Any CPU.ActiveCfg = Debug|Any CPU
		{B98B80CB-D3A3-437C-A61C-ED82C8C77B2F}.Debug|Any CPU.Build.0 = Debug|Any CPU
		{B98B80CB-D3A3-437C-A61C-ED82C8C77B2F}.Release|Any CPU.ActiveCfg = Release|Any CPU
		{B98B80CB-D3A3-437C-A61C-ED82C8C77B2F}.Release|Any CPU.Build.0 = Release|Any CPU
		{1D63E1B4-2386-4BEC-9090-C3F3CBF25703}.Debug|Any CPU.ActiveCfg = Debug|Any CPU
		{1D63E1B4-2386-4BEC-9090-C3F3CBF25703}.Debug|Any CPU.Build.0 = Debug|Any CPU
		{1D63E1B4-2386-4BEC-9090-C3F3CBF25703}.Release|Any CPU.ActiveCfg = Release|Any CPU
		{1D63E1B4-2386-4BEC-9090-C3F3CBF25703}.Release|Any CPU.Build.0 = Release|Any CPU
		{D20FCB88-9DCA-49EA-9CC2-5B94DD935D30}.Debug|Any CPU.ActiveCfg = Debug|Any CPU
		{D20FCB88-9DCA-49EA-9CC2-5B94DD935D30}.Debug|Any CPU.Build.0 = Debug|Any CPU
		{D20FCB88-9DCA-49EA-9CC2-5B94DD935D30}.Release|Any CPU.ActiveCfg = Release|Any CPU
		{D20FCB88-9DCA-49EA-9CC2-5B94DD935D30}.Release|Any CPU.Build.0 = Release|Any CPU
		{E4B71DC4-3E73-49C3-9B4E-CA13909F222D}.Debug|Any CPU.ActiveCfg = Debug|Any CPU
		{E4B71DC4-3E73-49C3-9B4E-CA13909F222D}.Debug|Any CPU.Build.0 = Debug|Any CPU
		{E4B71DC4-3E73-49C3-9B4E-CA13909F222D}.Release|Any CPU.ActiveCfg = Release|Any CPU
		{E4B71DC4-3E73-49C3-9B4E-CA13909F222D}.Release|Any CPU.Build.0 = Release|Any CPU
		{C4939482-9447-47D1-B6AF-E9F8C6323841}.Debug|Any CPU.ActiveCfg = Debug|Any CPU
		{C4939482-9447-47D1-B6AF-E9F8C6323841}.Debug|Any CPU.Build.0 = Debug|Any CPU
		{C4939482-9447-47D1-B6AF-E9F8C6323841}.Release|Any CPU.ActiveCfg = Release|Any CPU
		{C4939482-9447-47D1-B6AF-E9F8C6323841}.Release|Any CPU.Build.0 = Release|Any CPU
		{FD72B97A-60C5-4592-91E5-0ED7A8D34C83}.Debug|Any CPU.ActiveCfg = Debug|Any CPU
		{FD72B97A-60C5-4592-91E5-0ED7A8D34C83}.Debug|Any CPU.Build.0 = Debug|Any CPU
		{FD72B97A-60C5-4592-91E5-0ED7A8D34C83}.Release|Any CPU.ActiveCfg = Release|Any CPU
		{FD72B97A-60C5-4592-91E5-0ED7A8D34C83}.Release|Any CPU.Build.0 = Release|Any CPU
		{C7F43E7A-B133-41A8-BB9F-B4982CD4A1AA}.Debug|Any CPU.ActiveCfg = Debug|Any CPU
		{C7F43E7A-B133-41A8-BB9F-B4982CD4A1AA}.Debug|Any CPU.Build.0 = Debug|Any CPU
		{C7F43E7A-B133-41A8-BB9F-B4982CD4A1AA}.Release|Any CPU.ActiveCfg = Release|Any CPU
		{C7F43E7A-B133-41A8-BB9F-B4982CD4A1AA}.Release|Any CPU.Build.0 = Release|Any CPU
		{B86540C9-10EC-449C-9FB1-9194D903AF92}.Debug|Any CPU.ActiveCfg = Debug|Any CPU
		{B86540C9-10EC-449C-9FB1-9194D903AF92}.Debug|Any CPU.Build.0 = Debug|Any CPU
		{B86540C9-10EC-449C-9FB1-9194D903AF92}.Release|Any CPU.ActiveCfg = Release|Any CPU
		{B86540C9-10EC-449C-9FB1-9194D903AF92}.Release|Any CPU.Build.0 = Release|Any CPU
		{DCAB4D92-DF84-4075-8E34-6B09AAC1FC68}.Debug|Any CPU.ActiveCfg = Debug|Any CPU
		{DCAB4D92-DF84-4075-8E34-6B09AAC1FC68}.Debug|Any CPU.Build.0 = Debug|Any CPU
		{DCAB4D92-DF84-4075-8E34-6B09AAC1FC68}.Release|Any CPU.ActiveCfg = Release|Any CPU
		{DCAB4D92-DF84-4075-8E34-6B09AAC1FC68}.Release|Any CPU.Build.0 = Release|Any CPU
		{A59DA67D-3B50-4128-98E5-D8F1E0484C3C}.Debug|Any CPU.ActiveCfg = Debug|Any CPU
		{A59DA67D-3B50-4128-98E5-D8F1E0484C3C}.Debug|Any CPU.Build.0 = Debug|Any CPU
		{A59DA67D-3B50-4128-98E5-D8F1E0484C3C}.Release|Any CPU.ActiveCfg = Release|Any CPU
		{A59DA67D-3B50-4128-98E5-D8F1E0484C3C}.Release|Any CPU.Build.0 = Release|Any CPU
		{C0F7845C-E844-43E8-A51A-B38751B55B9C}.Debug|Any CPU.ActiveCfg = Debug|Any CPU
		{C0F7845C-E844-43E8-A51A-B38751B55B9C}.Debug|Any CPU.Build.0 = Debug|Any CPU
		{C0F7845C-E844-43E8-A51A-B38751B55B9C}.Release|Any CPU.ActiveCfg = Release|Any CPU
		{C0F7845C-E844-43E8-A51A-B38751B55B9C}.Release|Any CPU.Build.0 = Release|Any CPU
		{FC6628CB-69ED-4ED1-A2F5-B2233CD75C15}.Debug|Any CPU.ActiveCfg = Debug|Any CPU
		{FC6628CB-69ED-4ED1-A2F5-B2233CD75C15}.Debug|Any CPU.Build.0 = Debug|Any CPU
		{FC6628CB-69ED-4ED1-A2F5-B2233CD75C15}.Release|Any CPU.ActiveCfg = Release|Any CPU
		{FC6628CB-69ED-4ED1-A2F5-B2233CD75C15}.Release|Any CPU.Build.0 = Release|Any CPU
		{9E0C1D8B-7935-42E0-8C10-A31386A9FE9C}.Debug|Any CPU.ActiveCfg = Debug|Any CPU
		{9E0C1D8B-7935-42E0-8C10-A31386A9FE9C}.Debug|Any CPU.Build.0 = Debug|Any CPU
		{9E0C1D8B-7935-42E0-8C10-A31386A9FE9C}.Release|Any CPU.ActiveCfg = Release|Any CPU
		{9E0C1D8B-7935-42E0-8C10-A31386A9FE9C}.Release|Any CPU.Build.0 = Release|Any CPU
		{E8622C16-D80B-46A7-99D4-B939B20FBFD6}.Debug|Any CPU.ActiveCfg = Debug|Any CPU
		{E8622C16-D80B-46A7-99D4-B939B20FBFD6}.Debug|Any CPU.Build.0 = Debug|Any CPU
		{E8622C16-D80B-46A7-99D4-B939B20FBFD6}.Release|Any CPU.ActiveCfg = Release|Any CPU
		{E8622C16-D80B-46A7-99D4-B939B20FBFD6}.Release|Any CPU.Build.0 = Release|Any CPU
		{905C1067-2119-443D-B5FE-DA8E027FAD62}.Debug|Any CPU.ActiveCfg = Debug|Any CPU
		{905C1067-2119-443D-B5FE-DA8E027FAD62}.Debug|Any CPU.Build.0 = Debug|Any CPU
		{905C1067-2119-443D-B5FE-DA8E027FAD62}.Release|Any CPU.ActiveCfg = Release|Any CPU
		{905C1067-2119-443D-B5FE-DA8E027FAD62}.Release|Any CPU.Build.0 = Release|Any CPU
		{E0076858-353F-4302-9690-920204E38BF6}.Debug|Any CPU.ActiveCfg = Debug|Any CPU
		{E0076858-353F-4302-9690-920204E38BF6}.Debug|Any CPU.Build.0 = Debug|Any CPU
		{E0076858-353F-4302-9690-920204E38BF6}.Release|Any CPU.ActiveCfg = Release|Any CPU
		{E0076858-353F-4302-9690-920204E38BF6}.Release|Any CPU.Build.0 = Release|Any CPU
		{0C3BB425-2FED-4ADF-8DBE-D68DF0CA5A41}.Debug|Any CPU.ActiveCfg = Debug|Any CPU
		{0C3BB425-2FED-4ADF-8DBE-D68DF0CA5A41}.Debug|Any CPU.Build.0 = Debug|Any CPU
		{0C3BB425-2FED-4ADF-8DBE-D68DF0CA5A41}.Release|Any CPU.ActiveCfg = Release|Any CPU
		{0C3BB425-2FED-4ADF-8DBE-D68DF0CA5A41}.Release|Any CPU.Build.0 = Release|Any CPU
		{823F80B6-E241-43F7-83BD-29FBB58A77F9}.Debug|Any CPU.ActiveCfg = Debug|Any CPU
		{823F80B6-E241-43F7-83BD-29FBB58A77F9}.Debug|Any CPU.Build.0 = Debug|Any CPU
		{823F80B6-E241-43F7-83BD-29FBB58A77F9}.Release|Any CPU.ActiveCfg = Release|Any CPU
		{823F80B6-E241-43F7-83BD-29FBB58A77F9}.Release|Any CPU.Build.0 = Release|Any CPU
		{D0F68FBB-17C6-421E-B8AE-AAAFE111BF0B}.Debug|Any CPU.ActiveCfg = Debug|Any CPU
		{D0F68FBB-17C6-421E-B8AE-AAAFE111BF0B}.Debug|Any CPU.Build.0 = Debug|Any CPU
		{D0F68FBB-17C6-421E-B8AE-AAAFE111BF0B}.Release|Any CPU.ActiveCfg = Release|Any CPU
		{D0F68FBB-17C6-421E-B8AE-AAAFE111BF0B}.Release|Any CPU.Build.0 = Release|Any CPU
		{006BDFC0-0203-4B09-8FBC-52642E22CA79}.Debug|Any CPU.ActiveCfg = Debug|Any CPU
		{006BDFC0-0203-4B09-8FBC-52642E22CA79}.Debug|Any CPU.Build.0 = Debug|Any CPU
		{006BDFC0-0203-4B09-8FBC-52642E22CA79}.Release|Any CPU.ActiveCfg = Release|Any CPU
		{006BDFC0-0203-4B09-8FBC-52642E22CA79}.Release|Any CPU.Build.0 = Release|Any CPU
		{C938899D-A637-47AE-B95A-3D25166644AD}.Debug|Any CPU.ActiveCfg = Debug|Any CPU
		{C938899D-A637-47AE-B95A-3D25166644AD}.Debug|Any CPU.Build.0 = Debug|Any CPU
		{C938899D-A637-47AE-B95A-3D25166644AD}.Release|Any CPU.ActiveCfg = Release|Any CPU
		{C938899D-A637-47AE-B95A-3D25166644AD}.Release|Any CPU.Build.0 = Release|Any CPU
		{65EA3A1B-B75B-4400-9BFA-CD09CD2669B7}.Debug|Any CPU.ActiveCfg = Debug|Any CPU
		{65EA3A1B-B75B-4400-9BFA-CD09CD2669B7}.Debug|Any CPU.Build.0 = Debug|Any CPU
		{65EA3A1B-B75B-4400-9BFA-CD09CD2669B7}.Release|Any CPU.ActiveCfg = Release|Any CPU
		{65EA3A1B-B75B-4400-9BFA-CD09CD2669B7}.Release|Any CPU.Build.0 = Release|Any CPU
		{690CB21A-E7F4-4606-926F-95EB41E39828}.Debug|Any CPU.ActiveCfg = Debug|Any CPU
		{690CB21A-E7F4-4606-926F-95EB41E39828}.Debug|Any CPU.Build.0 = Debug|Any CPU
		{690CB21A-E7F4-4606-926F-95EB41E39828}.Release|Any CPU.ActiveCfg = Release|Any CPU
		{690CB21A-E7F4-4606-926F-95EB41E39828}.Release|Any CPU.Build.0 = Release|Any CPU
		{311AD5A3-75B8-4216-B114-97A0072B36A7}.Debug|Any CPU.ActiveCfg = Debug|Any CPU
		{311AD5A3-75B8-4216-B114-97A0072B36A7}.Debug|Any CPU.Build.0 = Debug|Any CPU
		{311AD5A3-75B8-4216-B114-97A0072B36A7}.Release|Any CPU.ActiveCfg = Release|Any CPU
		{311AD5A3-75B8-4216-B114-97A0072B36A7}.Release|Any CPU.Build.0 = Release|Any CPU
		{5155F75B-38F2-4B5B-9C8F-6F6641BF986B}.Debug|Any CPU.ActiveCfg = Debug|Any CPU
		{5155F75B-38F2-4B5B-9C8F-6F6641BF986B}.Debug|Any CPU.Build.0 = Debug|Any CPU
		{5155F75B-38F2-4B5B-9C8F-6F6641BF986B}.Release|Any CPU.ActiveCfg = Release|Any CPU
		{5155F75B-38F2-4B5B-9C8F-6F6641BF986B}.Release|Any CPU.Build.0 = Release|Any CPU
		{944DAD02-4024-4D3E-8C75-AE313EA02A94}.Debug|Any CPU.ActiveCfg = Debug|Any CPU
		{944DAD02-4024-4D3E-8C75-AE313EA02A94}.Debug|Any CPU.Build.0 = Debug|Any CPU
		{944DAD02-4024-4D3E-8C75-AE313EA02A94}.Release|Any CPU.ActiveCfg = Release|Any CPU
		{944DAD02-4024-4D3E-8C75-AE313EA02A94}.Release|Any CPU.Build.0 = Release|Any CPU
		{79E85459-EF54-44D6-9508-1E68B8238D00}.Debug|Any CPU.ActiveCfg = Debug|Any CPU
		{79E85459-EF54-44D6-9508-1E68B8238D00}.Debug|Any CPU.Build.0 = Debug|Any CPU
		{79E85459-EF54-44D6-9508-1E68B8238D00}.Release|Any CPU.ActiveCfg = Release|Any CPU
		{79E85459-EF54-44D6-9508-1E68B8238D00}.Release|Any CPU.Build.0 = Release|Any CPU
		{8C51A528-F9B5-464E-AAD1-1ADC44697085}.Debug|Any CPU.ActiveCfg = Debug|Any CPU
		{8C51A528-F9B5-464E-AAD1-1ADC44697085}.Debug|Any CPU.Build.0 = Debug|Any CPU
		{8C51A528-F9B5-464E-AAD1-1ADC44697085}.Release|Any CPU.ActiveCfg = Release|Any CPU
		{8C51A528-F9B5-464E-AAD1-1ADC44697085}.Release|Any CPU.Build.0 = Release|Any CPU
		{DFE72CF4-C77C-4932-A00F-A8D325E603CE}.Debug|Any CPU.ActiveCfg = Debug|Any CPU
		{DFE72CF4-C77C-4932-A00F-A8D325E603CE}.Debug|Any CPU.Build.0 = Debug|Any CPU
		{DFE72CF4-C77C-4932-A00F-A8D325E603CE}.Release|Any CPU.ActiveCfg = Release|Any CPU
		{DFE72CF4-C77C-4932-A00F-A8D325E603CE}.Release|Any CPU.Build.0 = Release|Any CPU
		{8854DF17-D566-49C9-8210-68AB8F5659FA}.Debug|Any CPU.ActiveCfg = Debug|Any CPU
		{8854DF17-D566-49C9-8210-68AB8F5659FA}.Debug|Any CPU.Build.0 = Debug|Any CPU
		{8854DF17-D566-49C9-8210-68AB8F5659FA}.Release|Any CPU.ActiveCfg = Release|Any CPU
		{8854DF17-D566-49C9-8210-68AB8F5659FA}.Release|Any CPU.Build.0 = Release|Any CPU
		{1F8E7DFB-824E-4B9F-9866-482B191CF005}.Debug|Any CPU.ActiveCfg = Debug|Any CPU
		{1F8E7DFB-824E-4B9F-9866-482B191CF005}.Debug|Any CPU.Build.0 = Debug|Any CPU
		{1F8E7DFB-824E-4B9F-9866-482B191CF005}.Release|Any CPU.ActiveCfg = Release|Any CPU
		{1F8E7DFB-824E-4B9F-9866-482B191CF005}.Release|Any CPU.Build.0 = Release|Any CPU
		{9017817D-A3D1-4068-97BF-FCA1EF3BFC50}.Debug|Any CPU.ActiveCfg = Debug|Any CPU
		{9017817D-A3D1-4068-97BF-FCA1EF3BFC50}.Debug|Any CPU.Build.0 = Debug|Any CPU
		{9017817D-A3D1-4068-97BF-FCA1EF3BFC50}.Release|Any CPU.ActiveCfg = Release|Any CPU
		{9017817D-A3D1-4068-97BF-FCA1EF3BFC50}.Release|Any CPU.Build.0 = Release|Any CPU
		{6BB5EB72-AD9A-41ED-A6AA-0FF1093EA41B}.Debug|Any CPU.ActiveCfg = Debug|Any CPU
		{6BB5EB72-AD9A-41ED-A6AA-0FF1093EA41B}.Debug|Any CPU.Build.0 = Debug|Any CPU
		{6BB5EB72-AD9A-41ED-A6AA-0FF1093EA41B}.Release|Any CPU.ActiveCfg = Release|Any CPU
		{6BB5EB72-AD9A-41ED-A6AA-0FF1093EA41B}.Release|Any CPU.Build.0 = Release|Any CPU
		{18BE8F72-E528-4617-B1B1-07BD35337DFC}.Debug|Any CPU.ActiveCfg = Debug|Any CPU
		{18BE8F72-E528-4617-B1B1-07BD35337DFC}.Debug|Any CPU.Build.0 = Debug|Any CPU
		{18BE8F72-E528-4617-B1B1-07BD35337DFC}.Release|Any CPU.ActiveCfg = Release|Any CPU
		{18BE8F72-E528-4617-B1B1-07BD35337DFC}.Release|Any CPU.Build.0 = Release|Any CPU
		{01DC21DD-C6E2-4B21-864E-97D29448F777}.Debug|Any CPU.ActiveCfg = Debug|Any CPU
		{01DC21DD-C6E2-4B21-864E-97D29448F777}.Debug|Any CPU.Build.0 = Debug|Any CPU
		{01DC21DD-C6E2-4B21-864E-97D29448F777}.Release|Any CPU.ActiveCfg = Release|Any CPU
		{01DC21DD-C6E2-4B21-864E-97D29448F777}.Release|Any CPU.Build.0 = Release|Any CPU
		{616AA0BA-FBDD-4ABE-B688-A3F79F38C698}.Debug|Any CPU.ActiveCfg = Debug|Any CPU
		{616AA0BA-FBDD-4ABE-B688-A3F79F38C698}.Debug|Any CPU.Build.0 = Debug|Any CPU
		{616AA0BA-FBDD-4ABE-B688-A3F79F38C698}.Release|Any CPU.ActiveCfg = Release|Any CPU
		{616AA0BA-FBDD-4ABE-B688-A3F79F38C698}.Release|Any CPU.Build.0 = Release|Any CPU
		{2AEA0028-96D6-4823-A88F-24294E4BA4E8}.Debug|Any CPU.ActiveCfg = Debug|Any CPU
		{2AEA0028-96D6-4823-A88F-24294E4BA4E8}.Debug|Any CPU.Build.0 = Debug|Any CPU
		{2AEA0028-96D6-4823-A88F-24294E4BA4E8}.Release|Any CPU.ActiveCfg = Release|Any CPU
		{2AEA0028-96D6-4823-A88F-24294E4BA4E8}.Release|Any CPU.Build.0 = Release|Any CPU
		{258F624E-98D7-4498-AE2E-F612D8ECA763}.Debug|Any CPU.ActiveCfg = Debug|Any CPU
		{258F624E-98D7-4498-AE2E-F612D8ECA763}.Debug|Any CPU.Build.0 = Debug|Any CPU
		{258F624E-98D7-4498-AE2E-F612D8ECA763}.Release|Any CPU.ActiveCfg = Release|Any CPU
		{258F624E-98D7-4498-AE2E-F612D8ECA763}.Release|Any CPU.Build.0 = Release|Any CPU
		{9B238B75-5A68-48B1-973A-59F0EFAB0A8B}.Debug|Any CPU.ActiveCfg = Debug|Any CPU
		{9B238B75-5A68-48B1-973A-59F0EFAB0A8B}.Debug|Any CPU.Build.0 = Debug|Any CPU
		{9B238B75-5A68-48B1-973A-59F0EFAB0A8B}.Release|Any CPU.ActiveCfg = Release|Any CPU
		{9B238B75-5A68-48B1-973A-59F0EFAB0A8B}.Release|Any CPU.Build.0 = Release|Any CPU
		{6BA81F4E-2B17-4C7B-ACB1-6588B0315582}.Debug|Any CPU.ActiveCfg = Debug|Any CPU
		{6BA81F4E-2B17-4C7B-ACB1-6588B0315582}.Debug|Any CPU.Build.0 = Debug|Any CPU
		{6BA81F4E-2B17-4C7B-ACB1-6588B0315582}.Release|Any CPU.ActiveCfg = Release|Any CPU
		{6BA81F4E-2B17-4C7B-ACB1-6588B0315582}.Release|Any CPU.Build.0 = Release|Any CPU
		{AE0363D2-3630-4CDD-86A1-7D6A717361BD}.Debug|Any CPU.ActiveCfg = Debug|Any CPU
		{AE0363D2-3630-4CDD-86A1-7D6A717361BD}.Debug|Any CPU.Build.0 = Debug|Any CPU
		{AE0363D2-3630-4CDD-86A1-7D6A717361BD}.Release|Any CPU.ActiveCfg = Release|Any CPU
		{AE0363D2-3630-4CDD-86A1-7D6A717361BD}.Release|Any CPU.Build.0 = Release|Any CPU
		{BE634D4E-73A1-48CE-8682-F548CA0BA5B6}.Debug|Any CPU.ActiveCfg = Debug|Any CPU
		{BE634D4E-73A1-48CE-8682-F548CA0BA5B6}.Debug|Any CPU.Build.0 = Debug|Any CPU
		{BE634D4E-73A1-48CE-8682-F548CA0BA5B6}.Release|Any CPU.ActiveCfg = Release|Any CPU
		{BE634D4E-73A1-48CE-8682-F548CA0BA5B6}.Release|Any CPU.Build.0 = Release|Any CPU
		{5F16E2EC-7162-47F8-B8F1-81CACB05A5D9}.Debug|Any CPU.ActiveCfg = Debug|Any CPU
		{5F16E2EC-7162-47F8-B8F1-81CACB05A5D9}.Debug|Any CPU.Build.0 = Debug|Any CPU
		{5F16E2EC-7162-47F8-B8F1-81CACB05A5D9}.Release|Any CPU.ActiveCfg = Release|Any CPU
		{5F16E2EC-7162-47F8-B8F1-81CACB05A5D9}.Release|Any CPU.Build.0 = Release|Any CPU
		{C7B1C36D-7297-4AA2-8AFE-31FC5CB99AA0}.Debug|Any CPU.ActiveCfg = Debug|Any CPU
		{C7B1C36D-7297-4AA2-8AFE-31FC5CB99AA0}.Debug|Any CPU.Build.0 = Debug|Any CPU
		{C7B1C36D-7297-4AA2-8AFE-31FC5CB99AA0}.Release|Any CPU.ActiveCfg = Release|Any CPU
		{C7B1C36D-7297-4AA2-8AFE-31FC5CB99AA0}.Release|Any CPU.Build.0 = Release|Any CPU
		{ADDA6EB3-32F0-4802-B595-B12090DC4A1C}.Debug|Any CPU.ActiveCfg = Debug|Any CPU
		{ADDA6EB3-32F0-4802-B595-B12090DC4A1C}.Debug|Any CPU.Build.0 = Debug|Any CPU
		{ADDA6EB3-32F0-4802-B595-B12090DC4A1C}.Release|Any CPU.ActiveCfg = Release|Any CPU
		{ADDA6EB3-32F0-4802-B595-B12090DC4A1C}.Release|Any CPU.Build.0 = Release|Any CPU
		{61B0A047-844E-430C-A83F-DCF2C3E2BD7D}.Debug|Any CPU.ActiveCfg = Debug|Any CPU
		{61B0A047-844E-430C-A83F-DCF2C3E2BD7D}.Debug|Any CPU.Build.0 = Debug|Any CPU
		{61B0A047-844E-430C-A83F-DCF2C3E2BD7D}.Release|Any CPU.ActiveCfg = Release|Any CPU
		{61B0A047-844E-430C-A83F-DCF2C3E2BD7D}.Release|Any CPU.Build.0 = Release|Any CPU
		{AF45B023-759B-4CAF-BA88-EB0505B03447}.Debug|Any CPU.ActiveCfg = Debug|Any CPU
		{AF45B023-759B-4CAF-BA88-EB0505B03447}.Debug|Any CPU.Build.0 = Debug|Any CPU
		{AF45B023-759B-4CAF-BA88-EB0505B03447}.Release|Any CPU.ActiveCfg = Release|Any CPU
		{AF45B023-759B-4CAF-BA88-EB0505B03447}.Release|Any CPU.Build.0 = Release|Any CPU
	EndGlobalSection
	GlobalSection(SolutionProperties) = preSolution
		HideSolutionNode = FALSE
	EndGlobalSection
	GlobalSection(NestedProjects) = preSolution
		{300EE2D5-54C5-46F2-AD03-BB43589EA074} = {35F44BE9-13D0-417C-A01A-F0787BEE6DC3}
		{3130C574-557C-4DA2-933E-AED7A9EBE48A} = {35F44BE9-13D0-417C-A01A-F0787BEE6DC3}
		{35F44BE9-13D0-417C-A01A-F0787BEE6DC3} = {DA71CDAA-8DD3-4D5F-9FBD-8E4B37A2D925}
		{B98B80CB-D3A3-437C-A61C-ED82C8C77B2F} = {B43B546E-23F3-46E8-ACB7-D04F05CDA180}
		{1D63E1B4-2386-4BEC-9090-C3F3CBF25703} = {B43B546E-23F3-46E8-ACB7-D04F05CDA180}
		{B43B546E-23F3-46E8-ACB7-D04F05CDA180} = {DA71CDAA-8DD3-4D5F-9FBD-8E4B37A2D925}
		{D20FCB88-9DCA-49EA-9CC2-5B94DD935D30} = {B43B546E-23F3-46E8-ACB7-D04F05CDA180}
		{E4B71DC4-3E73-49C3-9B4E-CA13909F222D} = {B43B546E-23F3-46E8-ACB7-D04F05CDA180}
		{C4939482-9447-47D1-B6AF-E9F8C6323841} = {B43B546E-23F3-46E8-ACB7-D04F05CDA180}
		{5E5E1E84-DDBC-40D6-B891-0D563A15A44A} = {DA71CDAA-8DD3-4D5F-9FBD-8E4B37A2D925}
		{FD72B97A-60C5-4592-91E5-0ED7A8D34C83} = {5E5E1E84-DDBC-40D6-B891-0D563A15A44A}
		{C7F43E7A-B133-41A8-BB9F-B4982CD4A1AA} = {5E5E1E84-DDBC-40D6-B891-0D563A15A44A}
		{B86540C9-10EC-449C-9FB1-9194D903AF92} = {5E5E1E84-DDBC-40D6-B891-0D563A15A44A}
		{DCAB4D92-DF84-4075-8E34-6B09AAC1FC68} = {5E5E1E84-DDBC-40D6-B891-0D563A15A44A}
		{A59DA67D-3B50-4128-98E5-D8F1E0484C3C} = {5E5E1E84-DDBC-40D6-B891-0D563A15A44A}
		{C0F7845C-E844-43E8-A51A-B38751B55B9C} = {5E5E1E84-DDBC-40D6-B891-0D563A15A44A}
		{FC6628CB-69ED-4ED1-A2F5-B2233CD75C15} = {5E5E1E84-DDBC-40D6-B891-0D563A15A44A}
		{9E0C1D8B-7935-42E0-8C10-A31386A9FE9C} = {5E5E1E84-DDBC-40D6-B891-0D563A15A44A}
		{E8622C16-D80B-46A7-99D4-B939B20FBFD6} = {5E5E1E84-DDBC-40D6-B891-0D563A15A44A}
		{600C4AE0-0585-4181-9CEC-2BB43430C713} = {DA71CDAA-8DD3-4D5F-9FBD-8E4B37A2D925}
		{905C1067-2119-443D-B5FE-DA8E027FAD62} = {600C4AE0-0585-4181-9CEC-2BB43430C713}
		{E0076858-353F-4302-9690-920204E38BF6} = {5E5E1E84-DDBC-40D6-B891-0D563A15A44A}
		{0C3BB425-2FED-4ADF-8DBE-D68DF0CA5A41} = {5E5E1E84-DDBC-40D6-B891-0D563A15A44A}
		{823F80B6-E241-43F7-83BD-29FBB58A77F9} = {B43B546E-23F3-46E8-ACB7-D04F05CDA180}
		{D0F68FBB-17C6-421E-B8AE-AAAFE111BF0B} = {5E5E1E84-DDBC-40D6-B891-0D563A15A44A}
		{006BDFC0-0203-4B09-8FBC-52642E22CA79} = {5E5E1E84-DDBC-40D6-B891-0D563A15A44A}
		{C938899D-A637-47AE-B95A-3D25166644AD} = {600C4AE0-0585-4181-9CEC-2BB43430C713}
		{65EA3A1B-B75B-4400-9BFA-CD09CD2669B7} = {5E5E1E84-DDBC-40D6-B891-0D563A15A44A}
		{0DF567E8-2A21-4A1C-90E8-025F1EC615F3} = {DA71CDAA-8DD3-4D5F-9FBD-8E4B37A2D925}
		{690CB21A-E7F4-4606-926F-95EB41E39828} = {0DF567E8-2A21-4A1C-90E8-025F1EC615F3}
		{311AD5A3-75B8-4216-B114-97A0072B36A7} = {600C4AE0-0585-4181-9CEC-2BB43430C713}
		{5155F75B-38F2-4B5B-9C8F-6F6641BF986B} = {5E5E1E84-DDBC-40D6-B891-0D563A15A44A}
		{944DAD02-4024-4D3E-8C75-AE313EA02A94} = {0DF567E8-2A21-4A1C-90E8-025F1EC615F3}
		{79E85459-EF54-44D6-9508-1E68B8238D00} = {B43B546E-23F3-46E8-ACB7-D04F05CDA180}
		{8C51A528-F9B5-464E-AAD1-1ADC44697085} = {600C4AE0-0585-4181-9CEC-2BB43430C713}
		{DFE72CF4-C77C-4932-A00F-A8D325E603CE} = {5E5E1E84-DDBC-40D6-B891-0D563A15A44A}
		{8854DF17-D566-49C9-8210-68AB8F5659FA} = {5E5E1E84-DDBC-40D6-B891-0D563A15A44A}
		{9C3C685E-3D7D-4638-A031-24F71CF74B52} = {DA71CDAA-8DD3-4D5F-9FBD-8E4B37A2D925}
		{1F8E7DFB-824E-4B9F-9866-482B191CF005} = {B43B546E-23F3-46E8-ACB7-D04F05CDA180}
		{9017817D-A3D1-4068-97BF-FCA1EF3BFC50} = {B43B546E-23F3-46E8-ACB7-D04F05CDA180}
		{6BB5EB72-AD9A-41ED-A6AA-0FF1093EA41B} = {35F44BE9-13D0-417C-A01A-F0787BEE6DC3}
		{18BE8F72-E528-4617-B1B1-07BD35337DFC} = {9C3C685E-3D7D-4638-A031-24F71CF74B52}
		{01DC21DD-C6E2-4B21-864E-97D29448F777} = {9C3C685E-3D7D-4638-A031-24F71CF74B52}
		{616AA0BA-FBDD-4ABE-B688-A3F79F38C698} = {5E5E1E84-DDBC-40D6-B891-0D563A15A44A}
		{2AEA0028-96D6-4823-A88F-24294E4BA4E8} = {5E5E1E84-DDBC-40D6-B891-0D563A15A44A}
		{258F624E-98D7-4498-AE2E-F612D8ECA763} = {B43B546E-23F3-46E8-ACB7-D04F05CDA180}
		{9B238B75-5A68-48B1-973A-59F0EFAB0A8B} = {5E5E1E84-DDBC-40D6-B891-0D563A15A44A}
		{6BA81F4E-2B17-4C7B-ACB1-6588B0315582} = {5E5E1E84-DDBC-40D6-B891-0D563A15A44A}
		{AE0363D2-3630-4CDD-86A1-7D6A717361BD} = {0DF567E8-2A21-4A1C-90E8-025F1EC615F3}
		{BE634D4E-73A1-48CE-8682-F548CA0BA5B6} = {5E5E1E84-DDBC-40D6-B891-0D563A15A44A}
		{5F16E2EC-7162-47F8-B8F1-81CACB05A5D9} = {5E5E1E84-DDBC-40D6-B891-0D563A15A44A}
		{C7B1C36D-7297-4AA2-8AFE-31FC5CB99AA0} = {5E5E1E84-DDBC-40D6-B891-0D563A15A44A}
		{ADDA6EB3-32F0-4802-B595-B12090DC4A1C} = {5E5E1E84-DDBC-40D6-B891-0D563A15A44A}
		{61B0A047-844E-430C-A83F-DCF2C3E2BD7D} = {5E5E1E84-DDBC-40D6-B891-0D563A15A44A}
		{AF45B023-759B-4CAF-BA88-EB0505B03447} = {5E5E1E84-DDBC-40D6-B891-0D563A15A44A}
	EndGlobalSection
	GlobalSection(ExtensibilityGlobals) = postSolution
		SolutionGuid = {8B0975FD-7050-48B0-88C5-48C33378E158}
	EndGlobalSection
EndGlobal
