{
  "version": 1,
  "dependencies": {
    "net10.0": {
      "Elsa.Secrets.Persistence.EFCore": {
        "type": "Direct",
        "requested": "[3.8.4, 3.8.4]",
        "resolved": "3.8.4",
        "contentHash": "tKHRx8C0QEuhlEorCtDr9yTkffnLCe0Yx/wBydUO0qzqo6d7EPEUOxJmWl+bwwFeHVZbzoroATPYQf/oBU9jPg==",
        "dependencies": {
          "Elsa.Persistence.EFCore.Common": "3.8.4",
          "Elsa.Secrets": "3.8.4"
        }
      },
      "Elsa.Secrets.Persistence.EFCore.SqlServer": {
        "type": "Direct",
        "requested": "[3.8.4, 3.8.4]",
        "resolved": "3.8.4",
        "contentHash": "3sIXB0HTR2DutmVqSVa60mRm5bj32vzWside+thbiD+vKd2BDhniYXCTBM6zTyeQiiZHfXoS/eX6+WJt/Hxgjg==",
        "dependencies": {
          "Elsa.Persistence.EFCore.SqlServer": "3.8.4",
          "Elsa.Secrets.Persistence.EFCore": "3.8.4"
        }
      },
      "Microsoft.NET.ILLink.Tasks": {
        "type": "Direct",
        "requested": "[10.0.8, )",
        "resolved": "10.0.8",
        "contentHash": "dVbSXGIFNR5nZcv2tOLoWI+a9T4jtFd77IYjuND+QVe360qWgAF7H0WtoopYhRw/+SgpGUTyrkrh+65+ClNnfw=="
      },
      "AspNetCore.Authentication.ApiKey": {
        "type": "Transitive",
        "resolved": "9.0.0",
        "contentHash": "bvQc1iVs3RJZY+BEzId90Dv5R4pFVCyDscYoYIwkbpKRWPR5CCKgAjICsrS6pV8jfZOKNaJRyCLtGGn35adO2Q=="
      },
      "Azure.Core": {
        "type": "Transitive",
        "resolved": "1.47.1",
        "contentHash": "oPcncSsDHuxB8SC522z47xbp2+ttkcKv2YZ90KXhRKN0YQd2+7l1UURT9EBzUNEXtkLZUOAB5xbByMTrYRh3yA==",
        "dependencies": {
          "Microsoft.Bcl.AsyncInterfaces": "8.0.0",
          "System.ClientModel": "1.5.1",
          "System.Memory.Data": "8.0.1"
        }
      },
      "Azure.Identity": {
        "type": "Transitive",
        "resolved": "1.14.2",
        "contentHash": "YhNMwOTwT+I2wIcJKSdP0ADyB2aK+JaYWZxO8LSRDm5w77LFr0ykR9xmt2ZV5T1gaI7xU6iNFIh/yW1dAlpddQ==",
        "dependencies": {
          "Azure.Core": "1.46.1",
          "Microsoft.Identity.Client": "4.73.1",
          "Microsoft.Identity.Client.Extensions.Msal": "4.73.1"
        }
      },
      "Cronos": {
        "type": "Transitive",
        "resolved": "0.11.1",
        "contentHash": "5Ug+giPQITSAdTp/METAsofRSSUi3I5p7t4dlcXnzUgUzwZb4HkOBcYfpHuPwAHrnKJjmyW8amVzLD6mfLpaBg=="
      },
      "CShells": {
        "type": "Transitive",
        "resolved": "0.0.28",
        "contentHash": "yO2OuMpd9B94021n9o9FeBAwbae1wpNu1Zq/FdO7mTCzuRStPzSqejjFtQxJ0o7fcN8qK7T0jook5OnOxjKZ5g==",
        "dependencies": {
          "CShells.Abstractions": "0.0.28",
          "JetBrains.Annotations": "2025.2.4",
          "Microsoft.Extensions.Configuration": "10.0.0",
          "Microsoft.Extensions.Configuration.Abstractions": "10.0.0",
          "Microsoft.Extensions.Configuration.Binder": "10.0.0",
          "Microsoft.Extensions.DependencyInjection": "10.0.0",
          "Microsoft.Extensions.DependencyInjection.Abstractions": "10.0.0",
          "Microsoft.Extensions.DependencyModel": "10.0.1",
          "Microsoft.Extensions.Hosting.Abstractions": "10.0.0",
          "Microsoft.Extensions.Logging": "10.0.0",
          "Microsoft.Extensions.Logging.Abstractions": "10.0.0"
        }
      },
      "CShells.Abstractions": {
        "type": "Transitive",
        "resolved": "0.0.28",
        "contentHash": "+AdhE7p4mrhk3KHyWXCpaWpF+cuWUUN63rRl1rRwTnyA/6FRFeXqAF6ZowkABXDNfzeyLe5fx7jWcVyWHbj1tQ==",
        "dependencies": {
          "JetBrains.Annotations": "2025.2.4",
          "Microsoft.Extensions.Configuration": "10.0.0",
          "Microsoft.Extensions.DependencyInjection.Abstractions": "10.0.0",
          "Microsoft.Extensions.Options": "10.0.0"
        }
      },
      "CShells.AspNetCore": {
        "type": "Transitive",
        "resolved": "0.0.28",
        "contentHash": "2md72TbS2KWYAnOdFrZ8oVZX+ZQVaDn0F/swjOWhNd2BCRGHVZQN4syRARLIpCeV7TbFHGuvAts84XUTQup5dw==",
        "dependencies": {
          "CShells": "0.0.28",
          "CShells.AspNetCore.Abstractions": "0.0.28",
          "JetBrains.Annotations": "2025.2.4"
        }
      },
      "CShells.AspNetCore.Abstractions": {
        "type": "Transitive",
        "resolved": "0.0.28",
        "contentHash": "E5eySQPEiCwCaQ5ckw+L5HTTaMu5KNbqIM0pzRLa0yCaMKr+2yoj8J+7afmppgRVbQTcjuIAgTJh8HnS99Tfjg==",
        "dependencies": {
          "CShells.Abstractions": "0.0.28",
          "JetBrains.Annotations": "2025.2.4"
        }
      },
      "CShells.FastEndpoints": {
        "type": "Transitive",
        "resolved": "0.0.28",
        "contentHash": "u64ExNddMIR/si8SiXKLwzZ1L0uo60swPSDc47CuYvisx6cOGv7AF9iRkmbKBkR9dHzh4gd7HVwOfYiehW+FyQ==",
        "dependencies": {
          "CShells.AspNetCore": "0.0.28",
          "CShells.FastEndpoints.Abstractions": "0.0.28",
          "FastEndpoints": "7.2.0",
          "JetBrains.Annotations": "2025.2.4"
        }
      },
      "CShells.FastEndpoints.Abstractions": {
        "type": "Transitive",
        "resolved": "0.0.28",
        "contentHash": "gU0gMtXt08d/HhqHidqPHECdY19mdubOdDhW/UBnkxbDeA1d3oIBLw/5jHO7ISIYL9yJNG+9x5r9yBdU+zJdfw==",
        "dependencies": {
          "CShells.Abstractions": "0.0.28",
          "FastEndpoints": "7.2.0",
          "JetBrains.Annotations": "2025.2.4"
        }
      },
      "DistributedLock.Core": {
        "type": "Transitive",
        "resolved": "1.0.9",
        "contentHash": "y72z/Ta4xX3qKc+bsAJDsAZ+LuXz4xbCiAYgJwvOP2Xup63tdonTXmlKXU45Ds3GfEuMEHGrnVinhxyBZjRc2Q=="
      },
      "DistributedLock.FileSystem": {
        "type": "Transitive",
        "resolved": "1.0.3",
        "contentHash": "Q88LTgHXzcQq9ATa6SZSqAE+VFyIapNGFs+XG7nHx+SpzUf1ACnZ8iyz6fAT/ojH+OLNnWwF3kCYh83s+vnCbA==",
        "dependencies": {
          "DistributedLock.Core": "[1.0.8, 1.1.0)"
        }
      },
      "Elsa.Alterations": {
        "type": "Transitive",
        "resolved": "3.8.4",
        "contentHash": "sBr9c2KTWj5uJS5ZZB2vRINm5ZfA/OOf7tKtauBnwIPxgrJeK67ZvFtwLZq+T39U0v+qQl/jhFVQ6hOowA9rEA==",
        "dependencies": {
          "Elsa.Alterations.Core": "3.8.4"
        }
      },
      "Elsa.Alterations.Core": {
        "type": "Transitive",
        "resolved": "3.8.4",
        "contentHash": "ehIx0Q61QxlZQyp2UtJ6WP5GmRMQFuQyILGlVDbXn25o0P74IgB9qUxk4IpmipcMJxMi/qgmrCfHenZEehAlFA==",
        "dependencies": {
          "Elsa.Workflows.Runtime": "3.8.4",
          "Microsoft.Extensions.Logging.Abstractions": "10.0.9"
        }
      },
      "Elsa.Api.Common": {
        "type": "Transitive",
        "resolved": "3.8.4",
        "contentHash": "GOppx2NEhfN2Gs8W1JerlR29ZHli7KPSKcDOGn9/LOh+G7HVdQvm8PD3GdjMeG30PnC5JTdYFljAqI18OQeAoQ==",
        "dependencies": {
          "CShells.AspNetCore.Abstractions": "0.0.28",
          "CShells.FastEndpoints": "0.0.28",
          "CShells.FastEndpoints.Abstractions": "0.0.28",
          "Elsa.Features": "3.8.4",
          "Elsa.Workflows.Core": "3.8.4",
          "FastEndpoints": "8.2.0",
          "FastEndpoints.Security": "8.2.0",
          "FastEndpoints.Swagger": "8.2.0"
        }
      },
      "Elsa.Caching": {
        "type": "Transitive",
        "resolved": "3.8.4",
        "contentHash": "9YXhtw0koHac71houlBDcz7lnENgWk3a+bhpb6gmHE3QFye+4tFifMljJerF0XjDxO+aMjvXaChBUTc33G58Vg==",
        "dependencies": {
          "Elsa.Features": "3.8.4",
          "Microsoft.Extensions.Caching.Memory": "10.0.9",
          "Scrutor": "7.0.0"
        }
      },
      "Elsa.Common": {
        "type": "Transitive",
        "resolved": "3.8.4",
        "contentHash": "/7E6PfBex0s7Zg0anxECDmohDCwZs/2UmUs3m74xE+/I/6e2FaEn2q3/T6PXqm2eekgmMwdxIM0O39jspt7rtA==",
        "dependencies": {
          "Cronos": "0.11.1",
          "DistributedLock.Core": "1.0.9",
          "Elsa.Features": "3.8.4",
          "Elsa.Mediator": "3.8.4",
          "IronCompress": "1.7.0",
          "LinqKit.Core": "1.2.11",
          "Microsoft.Extensions.Configuration": "10.0.9",
          "Microsoft.Extensions.Configuration.Json": "10.0.9",
          "Snappier": "1.3.1"
        }
      },
      "Elsa.Expressions": {
        "type": "Transitive",
        "resolved": "3.8.4",
        "contentHash": "zrY5jq2li/ukAP/brx3suOnbcc4G+ysgzcIQkLbDi+BMxT+xrUBuuVbypet583HlBc10rQLLYZeo4ezomVjHIA==",
        "dependencies": {
          "Elsa.Common": "3.8.4",
          "Elsa.Features": "3.8.4",
          "Microsoft.Extensions.DependencyInjection.Abstractions": "10.0.9",
          "Microsoft.Extensions.Options": "10.0.9"
        }
      },
      "Elsa.Features": {
        "type": "Transitive",
        "resolved": "3.8.4",
        "contentHash": "FPZIVo0ZmGJRnY0VOljFuLgwMxVNs8DTMhm01Skh5dbCSI2G1TarvLl3ZYdZJdGULMOwRL9Yfk4bMC7eEI7SNQ==",
        "dependencies": {
          "CShells.Abstractions": "0.0.28",
          "Microsoft.Extensions.DependencyInjection.Abstractions": "10.0.9",
          "Microsoft.Extensions.Hosting.Abstractions": "10.0.9"
        }
      },
      "Elsa.Identity": {
        "type": "Transitive",
        "resolved": "3.8.4",
        "contentHash": "ulM5xnSXfGU7/FqgzPKuhbEhsNWS8yIqzVExBGGS+TVU+sgYwHNiQStluV9dK349F7Wije+OzGhonAlosByXWg==",
        "dependencies": {
          "AspNetCore.Authentication.ApiKey": "9.0.0",
          "CShells.FastEndpoints.Abstractions": "0.0.28",
          "Elsa.Api.Common": "3.8.4"
        }
      },
      "Elsa.KeyValues": {
        "type": "Transitive",
        "resolved": "3.8.4",
        "contentHash": "n00jvvroo0tCmVLvwfiVCXQ4A+qU3cpv3unoDjOCB3KVEnGhV7kdbXiJuKjBuryVHjG/KQVEbix0ZrGOoVex5g==",
        "dependencies": {
          "Elsa.Common": "3.8.4",
          "Elsa.Features": "3.8.4"
        }
      },
      "Elsa.Labels": {
        "type": "Transitive",
        "resolved": "3.8.4",
        "contentHash": "rwNfp32lnaPvEbLkrbYpsW1ZSXpv9jQOZJKGN+n9YYOypnxax1rOT3qwfcQMJpWzntWLb3nAB5K6OkoIZqyGIg==",
        "dependencies": {
          "Elsa.Api.Common": "3.8.4",
          "Elsa.Workflows.Management": "3.8.4",
          "Open.Linq.AsyncExtensions": "1.2.0"
        }
      },
      "Elsa.Mediator": {
        "type": "Transitive",
        "resolved": "3.8.4",
        "contentHash": "NbxlJxGnriCgzT8DLGFyrs43Nic+2YR8f7kbkVgSeV7xM44ctmzZpvWLpjE5iWSETdbl+LdzymyVnTgVQ44eLQ==",
        "dependencies": {
          "Microsoft.Extensions.DependencyInjection.Abstractions": "10.0.9",
          "Microsoft.Extensions.Hosting.Abstractions": "10.0.9",
          "Microsoft.Extensions.Logging.Abstractions": "10.0.9",
          "Microsoft.Extensions.Options.ConfigurationExtensions": "10.0.9"
        }
      },
      "Elsa.Persistence.EFCore": {
        "type": "Transitive",
        "resolved": "3.8.4",
        "contentHash": "ZXjrUMkQUnZcBmblFegmrnMd1AzHKI5lyRJgQ8om4vQYXbTzn8KtADhhpEdnKtENZuM3OehxXuKI7Cb/K5nJjQ==",
        "dependencies": {
          "Elsa.Alterations": "3.8.4",
          "Elsa.Identity": "3.8.4",
          "Elsa.Labels": "3.8.4",
          "Elsa.Persistence.EFCore.Common": "3.8.4",
          "Elsa.Workflows.Runtime": "3.8.4",
          "Microsoft.Extensions.Hosting.Abstractions": "10.0.9"
        }
      },
      "Elsa.Persistence.EFCore.Common": {
        "type": "Transitive",
        "resolved": "3.8.4",
        "contentHash": "aIhSJ8LnhpfrM0aGXDJQiaBkCcT+x5j+o/57LKDkqesAqJ6R+hY9q4Sc/FoA4sp9l823WrQud/+sKdA/S3ZwTQ==",
        "dependencies": {
          "Elsa.Common": "3.8.4",
          "Elsa.Tenants": "3.8.4",
          "Microsoft.EntityFrameworkCore": "10.0.9",
          "Microsoft.EntityFrameworkCore.Relational": "10.0.9",
          "Microsoft.Extensions.Hosting.Abstractions": "10.0.9",
          "Open.Linq.AsyncExtensions": "1.2.0",
          "Scrutor": "7.0.0",
          "System.CommandLine": "2.0.9"
        }
      },
      "Elsa.Persistence.EFCore.SqlServer": {
        "type": "Transitive",
        "resolved": "3.8.4",
        "contentHash": "x7Pp92wTnotXw/fymMJ5Z68Bliv0/WPyMXnFODVEdBU35yCo50JG9x2UVo3klbmloQhKP0Wywnu19QctKBunnA==",
        "dependencies": {
          "Elsa.Persistence.EFCore": "3.8.4",
          "Microsoft.EntityFrameworkCore.SqlServer": "10.0.9"
        }
      },
      "Elsa.Secrets": {
        "type": "Transitive",
        "resolved": "3.8.4",
        "contentHash": "nPvfXrauwdlaPNKiDveKUW4gKykfVxmQsUSppPMo+koOsSEGX5fyXx3PHgYb0x1OnkDyKk2VnnCr4RpsfTyzDQ==",
        "dependencies": {
          "Elsa.Api.Common": "3.8.4",
          "Elsa.Expressions": "3.8.4",
          "Microsoft.Extensions.Configuration.Abstractions": "10.0.9",
          "Microsoft.Extensions.Options": "10.0.9"
        }
      },
      "Elsa.Tenants": {
        "type": "Transitive",
        "resolved": "3.8.4",
        "contentHash": "xPHWkLckqGHgBC57Q/0My5Fp6K221NQePKOiVDXVI2bKFcgwcicFTAsUMKHC01iCjLxqVVnvLC1lhjAlWourOg==",
        "dependencies": {
          "Elsa.Api.Common": "3.8.4",
          "Elsa.Common": "3.8.4",
          "Elsa.Features": "3.8.4"
        }
      },
      "Elsa.Workflows.Core": {
        "type": "Transitive",
        "resolved": "3.8.4",
        "contentHash": "uEjGRe21lTNBE2588+yblHaJhXajOrxRfrX+1pxV102jUfIpGfxltD2eK9WGx0vekbKfvXuz391MVEsW6i77kw==",
        "dependencies": {
          "Elsa.Common": "3.8.4",
          "Elsa.Expressions": "3.8.4",
          "Humanizer.Core": "3.0.10",
          "JsonSchema.Net": "9.4.0",
          "Microsoft.Extensions.Hosting.Abstractions": "10.0.9",
          "Microsoft.Extensions.Logging": "10.0.9",
          "Microsoft.Extensions.Logging.Abstractions": "10.0.9",
          "Microsoft.Extensions.Options": "10.0.9",
          "Newtonsoft.Json": "13.0.4",
          "ShortGuid": "2.0.1"
        }
      },
      "Elsa.Workflows.Management": {
        "type": "Transitive",
        "resolved": "3.8.4",
        "contentHash": "K7XA4w9h8/5xR2I2pxY9HnBAbK9mJlY6hSeJuo6BarlgDxlt08mns8GOfSxaB5Sqai4Cg2VtkxOdSA1EAkTAeA==",
        "dependencies": {
          "Elsa.Api.Common": "3.8.4",
          "Elsa.Caching": "3.8.4",
          "Elsa.Workflows.Core": "3.8.4",
          "Humanizer.Core": "3.0.10",
          "IronCompress": "1.7.0",
          "System.Linq.Dynamic.Core": "1.7.2"
        }
      },
      "Elsa.Workflows.Runtime": {
        "type": "Transitive",
        "resolved": "3.8.4",
        "contentHash": "1jC3AqEIaXU1GVVIIiqkSKAGS3W2edEW+fzojx3MOgLAdlqG4RPaW7UBD/GNL2tjB/J0jmEbw4GzgGfMzLppaQ==",
        "dependencies": {
          "DistributedLock.FileSystem": "1.0.3",
          "Elsa.Caching": "3.8.4",
          "Elsa.KeyValues": "3.8.4",
          "Elsa.Tenants": "3.8.4",
          "Elsa.Workflows.Core": "3.8.4",
          "Elsa.Workflows.Management": "3.8.4",
          "Microsoft.Extensions.DependencyInjection": "10.0.9",
          "Microsoft.Extensions.Diagnostics.HealthChecks": "10.0.9",
          "Microsoft.Extensions.Hosting.Abstractions": "10.0.9",
          "Open.Linq.AsyncExtensions": "1.2.0",
          "ThrottleDebounce": "2.0.2"
        }
      },
      "FastEndpoints": {
        "type": "Transitive",
        "resolved": "8.2.0",
        "contentHash": "NfsC7v8YDmZtBjWYs88+ef1/vnL+qGcw8FigGyNzJD8IVAG9ZSmtIKyLJu95BZjfAMwcGcjo+3qXsyC9L7SLlA==",
        "dependencies": {
          "FastEndpoints.Attributes": "8.2.0",
          "FastEndpoints.JobQueues": "8.2.0",
          "FastEndpoints.Messaging": "8.2.0",
          "FluentValidation": "12.1.1"
        }
      },
      "FastEndpoints.Attributes": {
        "type": "Transitive",
        "resolved": "8.2.0",
        "contentHash": "ni128Yjqk5cAYTvkHqWvhCoFIDqUNstnNd7SljUKr3m8UdLDcZCUKy0lKe9W8R8KLTEdzwk0nufeZDb3MxAaDg==",
        "dependencies": {
          "Microsoft.Extensions.Primitives": "10.0.9"
        }
      },
      "FastEndpoints.Core": {
        "type": "Transitive",
        "resolved": "8.2.0",
        "contentHash": "jYC2hFYyH0Yfiv6ykR4SgctGu0Y1cx7gpiScRmdubepzGvPRysbNVNeysAKFg18ZP0PGXUharea3kcEAnJn8Iw=="
      },
      "FastEndpoints.JobQueues": {
        "type": "Transitive",
        "resolved": "8.2.0",
        "contentHash": "2ZhXE0Ghq+/TqsMP/3uy+XiT4FZRZ6+IFvnDfl+roSlhkgAO30g0SYob0eX3pEr93+KtT1trDSG2H+5rZHMTmA==",
        "dependencies": {
          "FastEndpoints.Messaging": "8.2.0",
          "Microsoft.Extensions.DependencyInjection.Abstractions": "10.0.9",
          "Microsoft.Extensions.Hosting.Abstractions": "10.0.9"
        }
      },
      "FastEndpoints.Messaging": {
        "type": "Transitive",
        "resolved": "8.2.0",
        "contentHash": "5gyFV0GxY88WxxJZX4A+wY0a+wTpoloyyG+egJTiwZh9JrnDXgdMSKMzBf7ePi8vJUoGrVhcrJS4B+ThmUItqA==",
        "dependencies": {
          "FastEndpoints.Core": "8.2.0",
          "FastEndpoints.Messaging.Core": "8.2.0",
          "Microsoft.Extensions.DependencyInjection.Abstractions": "10.0.9"
        }
      },
      "FastEndpoints.Messaging.Core": {
        "type": "Transitive",
        "resolved": "8.2.0",
        "contentHash": "ubGKGIzdSos62ECTNkkPcHubBem7Nbi7T1+f+h6uHhZblwW56SOxeSzQMA3C7/2qIs94bVnlT0bFphcEewH4BQ=="
      },
      "FastEndpoints.Security": {
        "type": "Transitive",
        "resolved": "8.2.0",
        "contentHash": "TBBEwWIKHnIDEZjfzhe7AJcaoFakpqx6sYFnOypEKMKlzdsgIPusKPkS6BBO98XEU5sqvfZZ5pvGAt/4UmNCng==",
        "dependencies": {
          "FastEndpoints": "8.2.0",
          "Microsoft.AspNetCore.Authentication.JwtBearer": "10.0.9"
        }
      },
      "FastEndpoints.Swagger": {
        "type": "Transitive",
        "resolved": "8.2.0",
        "contentHash": "iWJ4BKY186ejHKPmnIA/sda4umJukLYiWeky5mAJ/EuZLaGeoyAo27gilOrfhS/29equhLqIn6Sy71GgF8Fm8Q==",
        "dependencies": {
          "FastEndpoints": "8.2.0",
          "NSwag.AspNetCore": "14.7.1"
        }
      },
      "FluentValidation": {
        "type": "Transitive",
        "resolved": "12.1.1",
        "contentHash": "EPpkIe1yh1a0OXyC100oOA8WMbZvqUu5plwhvYcb7oSELfyUZzfxV48BLhvs3kKo4NwG7MGLNgy1RJiYtT8Dpw=="
      },
      "Humanizer.Core": {
        "type": "Transitive",
        "resolved": "3.0.10",
        "contentHash": "yZIhtw8sYuvsONzQbZxWpR60tMWYHXoo0DL6nyOqSFiU5POjBTSEyWFpTQtJEZuy+oqiYTXKXY/Mjx7KnqIQFw=="
      },
      "IronCompress": {
        "type": "Transitive",
        "resolved": "1.7.0",
        "contentHash": "soOOMriKl0J/p3V2fKuJ7R6n+SBtvpB+mRxmWU3tNeowmtBs32CyEyxHaBPralorsInVRWPFZDDJ46Eg6A9nqQ==",
        "dependencies": {
          "Snappier": "1.2.0",
          "ZstdSharp.Port": "0.8.6"
        }
      },
      "JetBrains.Annotations": {
        "type": "Transitive",
        "resolved": "2025.2.4",
        "contentHash": "TwbgxAkXxY+vNEhNVx/QXjJ4vqxmepOjsgRvvImQPbHkHMMb4W+ahL3laMsxXKtNT7iMy+E1B3xkqao2hf1n3A=="
      },
      "Json.More.Net": {
        "type": "Transitive",
        "resolved": "3.0.1",
        "contentHash": "fRctF2J2SILYG6wqP21drmeEODmCVkVQ/b3MndDu2fT1swfySyUgq7ePCk+aENGlDcIm05fyfjh9vcuqDEfv3w=="
      },
      "JsonPointer.Net": {
        "type": "Transitive",
        "resolved": "7.0.2",
        "contentHash": "oClYHv2ooeRrtPZyC9sb/Za/ie5pGhjTbNHlAyFg4XOCyU+606FdoZKS7UdaWvtsPlrF+U2w0Ja3TRvn5+spyA==",
        "dependencies": {
          "Humanizer.Core": "3.0.10",
          "Json.More.Net": "3.0.1"
        }
      },
      "JsonSchema.Net": {
        "type": "Transitive",
        "resolved": "9.4.0",
        "contentHash": "muE4nPuzbD9x5XA1mkXJNqX4mhz47oF3EY8qFLY1pyUY7lhXFKq65t/dSKIHeNSLBV17zwZuq24MD1em90rMNg==",
        "dependencies": {
          "JsonPointer.Net": "7.0.2"
        }
      },
      "LinqKit.Core": {
        "type": "Transitive",
        "resolved": "1.2.11",
        "contentHash": "jQXu7G9Ik6BDcS5506RV1CI184pG5eHwvqzrB5zEivciW7KiZ9iHM8ZTyu5o/TGt55woagJGUVsJYw4aBjRfEQ=="
      },
      "Microsoft.AspNetCore.Authentication.JwtBearer": {
        "type": "Transitive",
        "resolved": "10.0.9",
        "contentHash": "Hs5NDsGm8YicDDNx5RoBIT+H2AB9R27MvZ2gHoupTiHr+nnH3VxzY7DcmlbJ3b5DvvOhK35lWt/9Odtrq9sjtA==",
        "dependencies": {
          "Microsoft.IdentityModel.Protocols.OpenIdConnect": "8.0.1"
        }
      },
      "Microsoft.Bcl.AsyncInterfaces": {
        "type": "Transitive",
        "resolved": "8.0.0",
        "contentHash": "3WA9q9yVqJp222P3x1wYIGDAkpjAku0TMUaaQV22g6L67AI0LdOIrVS7Ht2vJfLHGSPVuqN94vIr15qn+HEkHw=="
      },
      "Microsoft.Bcl.Cryptography": {
        "type": "Transitive",
        "resolved": "9.0.4",
        "contentHash": "YgZYAWzyNuPVtPq6WNm0bqOWNjYaWgl5mBWTGZyNoXitYBUYSp6iUB9AwK0V1mo793qRJUXz2t6UZrWITZSvuQ=="
      },
      "Microsoft.Data.SqlClient": {
        "type": "Transitive",
        "resolved": "6.1.1",
        "contentHash": "syGQmIUPAYYHAHyTD8FCkTNThpQWvoA7crnIQRMfp8dyB5A2cWU3fQexlRTFkVmV7S0TjVmthi0LJEFVjHo8AQ==",
        "dependencies": {
          "Azure.Core": "1.47.1",
          "Azure.Identity": "1.14.2",
          "Microsoft.Bcl.Cryptography": "9.0.4",
          "Microsoft.Data.SqlClient.SNI.runtime": "6.0.2",
          "Microsoft.Extensions.Caching.Memory": "9.0.4",
          "Microsoft.IdentityModel.JsonWebTokens": "7.7.1",
          "Microsoft.IdentityModel.Protocols.OpenIdConnect": "7.7.1",
          "Microsoft.SqlServer.Server": "1.0.0",
          "System.Configuration.ConfigurationManager": "9.0.4",
          "System.Security.Cryptography.Pkcs": "9.0.4"
        }
      },
      "Microsoft.Data.SqlClient.SNI.runtime": {
        "type": "Transitive",
        "resolved": "6.0.2",
        "contentHash": "f+pRODTWX7Y67jXO3T5S2dIPZ9qMJNySjlZT/TKmWVNWe19N8jcWmHaqHnnchaq3gxEKv1SWVY5EFzOD06l41w=="
      },
      "Microsoft.EntityFrameworkCore": {
        "type": "Transitive",
        "resolved": "10.0.9",
        "contentHash": "tu85SRzOT021V7EQlViCiAE7TqldVn469Y6lt5TEn/+XC4/MeNCHgMRSxqYuWqvF4zAQZUhCmtNEZuM3ss4LeA==",
        "dependencies": {
          "Microsoft.EntityFrameworkCore.Abstractions": "10.0.9",
          "Microsoft.EntityFrameworkCore.Analyzers": "10.0.9",
          "Microsoft.Extensions.Caching.Memory": "10.0.9",
          "Microsoft.Extensions.Logging": "10.0.9"
        }
      },
      "Microsoft.EntityFrameworkCore.Abstractions": {
        "type": "Transitive",
        "resolved": "10.0.9",
        "contentHash": "GRMaiPkqYna/gCsyDffYDWmefGPC3hDrdMw+2rrGcQwhs6uZOsaMQXMJnoXQ35tx9SkBV2ieRRU9N/jLOO6BZw=="
      },
      "Microsoft.EntityFrameworkCore.Analyzers": {
        "type": "Transitive",
        "resolved": "10.0.9",
        "contentHash": "aiEFB+C5EsZGqxvMPazE07hbWsp4iPaufJpanGt5O+lrwv7mJLrqma5haVIgFAPCyhQkmk75XSCEubT1zUjxtA=="
      },
      "Microsoft.EntityFrameworkCore.Relational": {
        "type": "Transitive",
        "resolved": "10.0.9",
        "contentHash": "dEoyYKgiaZHHgOFm1WMWm1sFEsEuhPWufX4L9PekKtqd/RaIcPjkCjvbrVvJtApErb5wPSJhYvnTlxhH+p9h2g==",
        "dependencies": {
          "Microsoft.EntityFrameworkCore": "10.0.9",
          "Microsoft.Extensions.Caching.Memory": "10.0.9",
          "Microsoft.Extensions.Configuration.Abstractions": "10.0.9",
          "Microsoft.Extensions.Logging": "10.0.9"
        }
      },
      "Microsoft.EntityFrameworkCore.SqlServer": {
        "type": "Transitive",
        "resolved": "10.0.9",
        "contentHash": "wjgpB/UFSeMU3uMfMzD4so567vJi5UugE6iTcONBx+rPb/PWpjYlzYKyxm2pGAFNpTFNbqoirtt7uUCc97Tfiw==",
        "dependencies": {
          "Microsoft.Data.SqlClient": "6.1.1",
          "Microsoft.EntityFrameworkCore.Relational": "10.0.9",
          "Microsoft.Extensions.Caching.Memory": "10.0.9",
          "Microsoft.Extensions.Configuration.Abstractions": "10.0.9",
          "Microsoft.Extensions.Logging": "10.0.9"
        }
      },
      "Microsoft.Extensions.Caching.Abstractions": {
        "type": "Transitive",
        "resolved": "10.0.9",
        "contentHash": "5fGxcw2vuYp8s0wio9H1ECiuk4iKSdTIlNuigdLIrkhg+5XAwgFVDB/5Ots3pfN/QhABLYXutA79JFtnUKDSHA==",
        "dependencies": {
          "Microsoft.Extensions.Primitives": "10.0.9"
        }
      },
      "Microsoft.Extensions.Caching.Memory": {
        "type": "Transitive",
        "resolved": "10.0.9",
        "contentHash": "G9mregdatGWMCQWeCw012LDeJVP7G/XIxH8Ddbjc8bD1//dA+8VVQdcRE9jI1moyoJxSSZhHITUnNQ8FUDl5+Q==",
        "dependencies": {
          "Microsoft.Extensions.Caching.Abstractions": "10.0.9",
          "Microsoft.Extensions.DependencyInjection.Abstractions": "10.0.9",
          "Microsoft.Extensions.Logging.Abstractions": "10.0.9",
          "Microsoft.Extensions.Options": "10.0.9",
          "Microsoft.Extensions.Primitives": "10.0.9"
        }
      },
      "Microsoft.Extensions.Configuration": {
        "type": "Transitive",
        "resolved": "10.0.9",
        "contentHash": "woZsWLhOQsASuxbmgiZJqiGUBNo3IjRdXC92xt8rRokza+P6/nIsnzq7sm9Or6ZYcRl2kL1ufj8HVzp1QlPTXw==",
        "dependencies": {
          "Microsoft.Extensions.Configuration.Abstractions": "10.0.9",
          "Microsoft.Extensions.Primitives": "10.0.9"
        }
      },
      "Microsoft.Extensions.Configuration.Abstractions": {
        "type": "Transitive",
        "resolved": "10.0.9",
        "contentHash": "qGhRPd3VxfLV9UqatVOiD9mAeUbj2KiMwGFYC5uXlzExiZQoe4X/hdmzGIU7BQjNLTqCnnbTHVyBglG3668/HA==",
        "dependencies": {
          "Microsoft.Extensions.Primitives": "10.0.9"
        }
      },
      "Microsoft.Extensions.Configuration.Binder": {
        "type": "Transitive",
        "resolved": "10.0.9",
        "contentHash": "Tp/+LPb70RyjjtLg9m5C959eP4KrUpJHThZfAegZVpsfmGvzfuNkuYbI/ft+LvXhMSyUcAeOPaN6rzTccwnZAg==",
        "dependencies": {
          "Microsoft.Extensions.Configuration": "10.0.9",
          "Microsoft.Extensions.Configuration.Abstractions": "10.0.9"
        }
      },
      "Microsoft.Extensions.Configuration.FileExtensions": {
        "type": "Transitive",
        "resolved": "10.0.9",
        "contentHash": "NgLB9cYnIb0/djSDcnqo4GIGGWooxGmr/gCUe3/CRXcKqLizOFui8MyW4EVkTB/KNJL+oXdMXnD6ZRm3Y+qkrQ==",
        "dependencies": {
          "Microsoft.Extensions.Configuration": "10.0.9",
          "Microsoft.Extensions.Configuration.Abstractions": "10.0.9",
          "Microsoft.Extensions.FileProviders.Abstractions": "10.0.9",
          "Microsoft.Extensions.FileProviders.Physical": "10.0.9",
          "Microsoft.Extensions.Primitives": "10.0.9"
        }
      },
      "Microsoft.Extensions.Configuration.Json": {
        "type": "Transitive",
        "resolved": "10.0.9",
        "contentHash": "LiFKJgc9jZEW+7RhcSfsvCwoikt1lDdOqOn+whZC5zVHyg/gExftHl2QPtmfiHsEdDNg+Y+BDr6835tOfj8Y7A==",
        "dependencies": {
          "Microsoft.Extensions.Configuration": "10.0.9",
          "Microsoft.Extensions.Configuration.Abstractions": "10.0.9",
          "Microsoft.Extensions.Configuration.FileExtensions": "10.0.9",
          "Microsoft.Extensions.FileProviders.Abstractions": "10.0.9"
        }
      },
      "Microsoft.Extensions.DependencyInjection": {
        "type": "Transitive",
        "resolved": "10.0.9",
        "contentHash": "NijozhERJDIaJ4k5TSMy1jOi0cSC2HfkvRD/Sl+kGSSKgVbFnF4GxgtMN/MrzHB8D1JxIrD4xSer9Blh9v3axQ==",
        "dependencies": {
          "Microsoft.Extensions.DependencyInjection.Abstractions": "10.0.9"
        }
      },
      "Microsoft.Extensions.DependencyInjection.Abstractions": {
        "type": "Transitive",
        "resolved": "10.0.9",
        "contentHash": "g41l/30G3K4B/d/L8kjux0+30e27c8D0FVQ/PFCpbekgfDpj9mnDhieP67EqXWvl1EWNeZh2rpR4F5B/jcDOHA=="
      },
      "Microsoft.Extensions.DependencyModel": {
        "type": "Transitive",
        "resolved": "10.0.1",
        "contentHash": "IiWPd4j8JLNjSkyXl5hvJwX2ZENDVQVPDHYgZmYdw8+YkY2xp9iQt0vjdnAQZLpo/ipeW1xgOqfSBEnivKWPYQ=="
      },
      "Microsoft.Extensions.Diagnostics.Abstractions": {
        "type": "Transitive",
        "resolved": "10.0.9",
        "contentHash": "86RgyFsmVslW4Nu28IXgt8tLglynGQrwjk/xhGZaTe8j6YIeR1Ywoc42hSHsBSl920CQdfqq2dBohZiGm3AkUA==",
        "dependencies": {
          "Microsoft.Extensions.DependencyInjection.Abstractions": "10.0.9",
          "Microsoft.Extensions.Options": "10.0.9"
        }
      },
      "Microsoft.Extensions.Diagnostics.HealthChecks": {
        "type": "Transitive",
        "resolved": "10.0.9",
        "contentHash": "I3mmGlsR73z+7SJJ1ngUG6JfH+UEVTm/42leXxzzr6OKC9DqYIqwZKAjumoH3HEcRqfGPOpo/lfECifQN7qgUA==",
        "dependencies": {
          "Microsoft.Extensions.Diagnostics.HealthChecks.Abstractions": "10.0.9",
          "Microsoft.Extensions.Hosting.Abstractions": "10.0.9",
          "Microsoft.Extensions.Logging.Abstractions": "10.0.9",
          "Microsoft.Extensions.Options": "10.0.9"
        }
      },
      "Microsoft.Extensions.Diagnostics.HealthChecks.Abstractions": {
        "type": "Transitive",
        "resolved": "10.0.9",
        "contentHash": "/pbRl7IJW3QFzEwBGtgEvcEUbL9OGFe+1uTMisWLIS+NaHH5+PEQ3/Sw58c4UqXKlC/rtqFp+qSOGelEelNAjA=="
      },
      "Microsoft.Extensions.FileProviders.Abstractions": {
        "type": "Transitive",
        "resolved": "10.0.9",
        "contentHash": "Oxn4vqDk+EwceTMpZxVm7L/UZEAM1qIQlNP1+7tBZckD+P4SKrm/5X4gMTPCTdpnau/xY8Sb4/0d6onomSg4ZA==",
        "dependencies": {
          "Microsoft.Extensions.Primitives": "10.0.9"
        }
      },
      "Microsoft.Extensions.FileProviders.Physical": {
        "type": "Transitive",
        "resolved": "10.0.9",
        "contentHash": "zm8WVod4swgprGrkxkuSILlbXqdDRqF+3y6U0I7jlmj4PMyKN6d8pzXZHUn5lr/gZVULzk/+FeTYlTupt6akpg==",
        "dependencies": {
          "Microsoft.Extensions.FileProviders.Abstractions": "10.0.9",
          "Microsoft.Extensions.FileSystemGlobbing": "10.0.9",
          "Microsoft.Extensions.Primitives": "10.0.9"
        }
      },
      "Microsoft.Extensions.FileSystemGlobbing": {
        "type": "Transitive",
        "resolved": "10.0.9",
        "contentHash": "mvRf9qOH/LslWIee/h+lsElnoUyKotEwoPL31soqScmO/eoxObaTCLCdx2DdqPdRi9LnB+7qKZ49jfyrLZuc+w=="
      },
      "Microsoft.Extensions.Hosting.Abstractions": {
        "type": "Transitive",
        "resolved": "10.0.9",
        "contentHash": "Xd/2F+uWblTiUp+ssaDZN2ea4vmnHmW6PXugmqBHumyhqVkyeh6RJ3S2Zo/F+1bXIL/KuGqe2pKv6UiGOc1KeQ==",
        "dependencies": {
          "Microsoft.Extensions.Configuration.Abstractions": "10.0.9",
          "Microsoft.Extensions.DependencyInjection.Abstractions": "10.0.9",
          "Microsoft.Extensions.Diagnostics.Abstractions": "10.0.9",
          "Microsoft.Extensions.FileProviders.Abstractions": "10.0.9",
          "Microsoft.Extensions.Logging.Abstractions": "10.0.9"
        }
      },
      "Microsoft.Extensions.Logging": {
        "type": "Transitive",
        "resolved": "10.0.9",
        "contentHash": "N7Gm9SjugYjmmnhwbBKC9DFqGqjfJvh6YfOJgtwh0AW0Xpok3dIVors1ik050XmUxKAgAc7nNngDIJyFb06K2g==",
        "dependencies": {
          "Microsoft.Extensions.DependencyInjection": "10.0.9",
          "Microsoft.Extensions.Logging.Abstractions": "10.0.9",
          "Microsoft.Extensions.Options": "10.0.9"
        }
      },
      "Microsoft.Extensions.Logging.Abstractions": {
        "type": "Transitive",
        "resolved": "10.0.9",
        "contentHash": "9S/DFt4cohlMPpzIxjG6kk0L8MuN2vDm9pbMCulxtJzzk82oJHVLBd8vuQxaPskaYQwKqmFmbannf5eoChgjYg==",
        "dependencies": {
          "Microsoft.Extensions.DependencyInjection.Abstractions": "10.0.9"
        }
      },
      "Microsoft.Extensions.Options": {
        "type": "Transitive",
        "resolved": "10.0.9",
        "contentHash": "hyNdX4c2UwkRkzb9byw0H2DQkRzwBM3mzY2sCM9egwzTyg8dvQJmp5noQHGEaaCORQrNK3DD2gREBsc2DlXS4A==",
        "dependencies": {
          "Microsoft.Extensions.DependencyInjection.Abstractions": "10.0.9",
          "Microsoft.Extensions.Primitives": "10.0.9"
        }
      },
      "Microsoft.Extensions.Options.ConfigurationExtensions": {
        "type": "Transitive",
        "resolved": "10.0.9",
        "contentHash": "Y4E24zffF/aPS0igNvY6ZzAQfbxd6AYdC9L4brnH+uK0yYYHIR6FeGVQVVjAOo8wub1EQDl2B90lCcpqoTF7Yw==",
        "dependencies": {
          "Microsoft.Extensions.Configuration.Abstractions": "10.0.9",
          "Microsoft.Extensions.Configuration.Binder": "10.0.9",
          "Microsoft.Extensions.DependencyInjection.Abstractions": "10.0.9",
          "Microsoft.Extensions.Options": "10.0.9",
          "Microsoft.Extensions.Primitives": "10.0.9"
        }
      },
      "Microsoft.Extensions.Primitives": {
        "type": "Transitive",
        "resolved": "10.0.9",
        "contentHash": "fmEbAUFsaIKirgLt/lYhuFRBwhcSJN31jjHgCdbQxJiWOum6EdLjkbgGuukSP9z/a+9LibaxII/kF+GwOXgC4g=="
      },
      "Microsoft.Identity.Client": {
        "type": "Transitive",
        "resolved": "4.73.1",
        "contentHash": "NnDLS8QwYqO5ZZecL2oioi1LUqjh5Ewk4bMLzbgiXJbQmZhDLtKwLxL3DpGMlQAJ2G4KgEnvGPKa+OOgffeJbw==",
        "dependencies": {
          "Microsoft.IdentityModel.Abstractions": "6.35.0"
        }
      },
      "Microsoft.Identity.Client.Extensions.Msal": {
        "type": "Transitive",
        "resolved": "4.73.1",
        "contentHash": "xDztAiV2F0wI0W8FLKv5cbaBefyLD6JVaAsvgSN7bjWNCzGYzHbcOEIP5s4TJXUpQzMfUyBsFl1mC6Zmgpz0PQ==",
        "dependencies": {
          "Microsoft.Identity.Client": "4.73.1",
          "System.Security.Cryptography.ProtectedData": "4.5.0"
        }
      },
      "Microsoft.IdentityModel.Abstractions": {
        "type": "Transitive",
        "resolved": "8.0.1",
        "contentHash": "OtlIWcyX01olfdevPKZdIPfBEvbcioDyBiE/Z2lHsopsMD7twcKtlN9kMevHmI5IIPhFpfwCIiR6qHQz1WHUIw=="
      },
      "Microsoft.IdentityModel.JsonWebTokens": {
        "type": "Transitive",
        "resolved": "8.0.1",
        "contentHash": "s6++gF9x0rQApQzOBbSyp4jUaAlwm+DroKfL8gdOHxs83k8SJfUXhuc46rDB3rNXBQ1MVRxqKUrqFhO/M0E97g==",
        "dependencies": {
          "Microsoft.IdentityModel.Tokens": "8.0.1"
        }
      },
      "Microsoft.IdentityModel.Logging": {
        "type": "Transitive",
        "resolved": "8.0.1",
        "contentHash": "UCPF2exZqBXe7v/6sGNiM6zCQOUXXQ9+v5VTb9gPB8ZSUPnX53BxlN78v2jsbIvK9Dq4GovQxo23x8JgWvm/Qg==",
        "dependencies": {
          "Microsoft.IdentityModel.Abstractions": "8.0.1"
        }
      },
      "Microsoft.IdentityModel.Protocols": {
        "type": "Transitive",
        "resolved": "8.0.1",
        "contentHash": "uA2vpKqU3I2mBBEaeJAWPTjT9v1TZrGWKdgK6G5qJd03CLx83kdiqO9cmiK8/n1erkHzFBwU/RphP83aAe3i3g==",
        "dependencies": {
          "Microsoft.IdentityModel.Tokens": "8.0.1"
        }
      },
      "Microsoft.IdentityModel.Protocols.OpenIdConnect": {
        "type": "Transitive",
        "resolved": "8.0.1",
        "contentHash": "AQDbfpL+yzuuGhO/mQhKNsp44pm5Jv8/BI4KiFXR7beVGZoSH35zMV3PrmcfvSTsyI6qrcR898NzUauD6SRigg==",
        "dependencies": {
          "Microsoft.IdentityModel.Protocols": "8.0.1",
          "System.IdentityModel.Tokens.Jwt": "8.0.1"
        }
      },
      "Microsoft.IdentityModel.Tokens": {
        "type": "Transitive",
        "resolved": "8.0.1",
        "contentHash": "kDimB6Dkd3nkW2oZPDkMkVHfQt3IDqO5gL0oa8WVy3OP4uE8Ij+8TXnqg9TOd9ufjsY3IDiGz7pCUbnfL18tjg==",
        "dependencies": {
          "Microsoft.IdentityModel.Logging": "8.0.1"
        }
      },
      "Microsoft.SqlServer.Server": {
        "type": "Transitive",
        "resolved": "1.0.0",
        "contentHash": "N4KeF3cpcm1PUHym1RmakkzfkEv3GRMyofVv40uXsQhCQeglr2OHNcUk2WOG51AKpGO8ynGpo9M/kFXSzghwug=="
      },
      "Namotion.Reflection": {
        "type": "Transitive",
        "resolved": "3.5.0",
        "contentHash": "FnASiAaTGSmB4SaSroIwnK4ph9noFIXZpPOMezDqWw5S/TNakzSnawPeM7u0Auq1/EqJXeqG4s6UjfrGBH33Ow=="
      },
      "Newtonsoft.Json": {
        "type": "Transitive",
        "resolved": "13.0.4",
        "contentHash": "pdgNNMai3zv51W5aq268sujXUyx7SNdE2bj1wZcWjAQrKMFZV260lbqYop1d2GM67JI1huLRwxo9ZqnfF/lC6A=="
      },
      "NJsonSchema": {
        "type": "Transitive",
        "resolved": "11.6.1",
        "contentHash": "miqvNY4OSXCWVqaMqt0A8VUkij0UH1oPosHMLP+t6/nWNSSzWDPmm7G2DjVW7M9evy0x5DE2pS/DDTtKCpbzSQ==",
        "dependencies": {
          "NJsonSchema.Annotations": "11.6.1",
          "Namotion.Reflection": "3.5.0",
          "Newtonsoft.Json": "13.0.3"
        }
      },
      "NJsonSchema.Annotations": {
        "type": "Transitive",
        "resolved": "11.6.1",
        "contentHash": "WA4z8iK+0SOh2/qoo7rtEanj/LjJZ8oWWoXI8u1xcYMk6VzHONqpabJBYGrzqDO41ld+VQHOFL+B8MXncIVSSA=="
      },
      "NJsonSchema.NewtonsoftJson": {
        "type": "Transitive",
        "resolved": "11.6.1",
        "contentHash": "yuGwViKjNT7BAosX1UAl2asAczupUS0v1IZ0/cO5UXonhjUgE1LmAjAMqHjpbaXiDM+HrQIkJh3bv/2faY2aJg==",
        "dependencies": {
          "NJsonSchema": "11.6.1",
          "Newtonsoft.Json": "13.0.3"
        }
      },
      "NJsonSchema.Yaml": {
        "type": "Transitive",
        "resolved": "11.6.1",
        "contentHash": "3jH3tupVurenoO+bnp9BWR5G46caNqXSWSMGuwb403F7a9vkO13LycuyjD9ohpZHI9crFY8EUWco+pL7eTUxdg==",
        "dependencies": {
          "NJsonSchema": "11.6.1",
          "YamlDotNet": "16.3.0"
        }
      },
      "NSwag.Annotations": {
        "type": "Transitive",
        "resolved": "14.7.1",
        "contentHash": "4McUe39+UXcJc0fk+ZfUy87cy3Myh89/EaGgQwnBKKUsNMc5WEbP+TVk0ByHKGQf9hoO9ouaOGCGeJD0EVQkjg=="
      },
      "NSwag.AspNetCore": {
        "type": "Transitive",
        "resolved": "14.7.1",
        "contentHash": "dL25k8teUyyCDsfRRzezRE++yruSLmsPuGwyl6cHBJQa+ivp0MgQ20VONJ33wzHHLediMTW6X18hKu8qP2Vbmg==",
        "dependencies": {
          "NJsonSchema": "11.6.1",
          "NJsonSchema.NewtonsoftJson": "11.6.1",
          "NJsonSchema.Yaml": "11.6.1",
          "NSwag.Annotations": "14.7.1",
          "NSwag.Core.Yaml": "14.7.1",
          "NSwag.Generation.AspNetCore": "14.7.1",
          "Namotion.Reflection": "3.5.0",
          "Newtonsoft.Json": "13.0.3"
        }
      },
      "NSwag.Core": {
        "type": "Transitive",
        "resolved": "14.7.1",
        "contentHash": "iwwAeMZ3kugAKCokuOdHzKK/OHdp19vUP/B32CJO10HHzVgC+O4M7HXtHuDf9tloC3OEJ2wkUV4/cYrX4Mr98g==",
        "dependencies": {
          "NJsonSchema": "11.6.1",
          "Namotion.Reflection": "3.5.0",
          "Newtonsoft.Json": "13.0.3"
        }
      },
      "NSwag.Core.Yaml": {
        "type": "Transitive",
        "resolved": "14.7.1",
        "contentHash": "C6nkmDBI/Ps54kilnIgq3S9KQnj4IWvncD4xyYolukueqNSTH8gLgPleff0XAgVWZEvFSIKKSTD4q6rxrpkp2w==",
        "dependencies": {
          "NJsonSchema": "11.6.1",
          "NJsonSchema.Yaml": "11.6.1",
          "NSwag.Core": "14.7.1",
          "Namotion.Reflection": "3.5.0",
          "Newtonsoft.Json": "13.0.3"
        }
      },
      "NSwag.Generation": {
        "type": "Transitive",
        "resolved": "14.7.1",
        "contentHash": "+c7KhqBYoDkuEwuzkTG2FYYX6IuBRsXhOVuzO4QcFCwLXqNIzN1v+zAAdNjpd751I8jurpIes4Y7FoFuei/Uag==",
        "dependencies": {
          "NJsonSchema": "11.6.1",
          "NJsonSchema.NewtonsoftJson": "11.6.1",
          "NSwag.Core": "14.7.1",
          "Namotion.Reflection": "3.5.0",
          "Newtonsoft.Json": "13.0.3"
        }
      },
      "NSwag.Generation.AspNetCore": {
        "type": "Transitive",
        "resolved": "14.7.1",
        "contentHash": "nd1DXN9SwnzdJKtR+EqXHGE6cbkbKjo3AViwpGIBurrLEnYevC8vqkRSKdfhuHViSsihqWXF+Q9rR19yyNFiOA==",
        "dependencies": {
          "NJsonSchema": "11.6.1",
          "NJsonSchema.NewtonsoftJson": "11.6.1",
          "NSwag.Generation": "14.7.1",
          "Namotion.Reflection": "3.5.0",
          "Newtonsoft.Json": "13.0.3"
        }
      },
      "Open.Linq.AsyncExtensions": {
        "type": "Transitive",
        "resolved": "1.2.0",
        "contentHash": "bqH1CfR6aEygglNbIwTglBugn9tplvOi2Urn7qiwjW5fO/n3OLSgdIQ09MptMVPa0F/HHG3fcsjNP9Zp2CxUPg=="
      },
      "Scrutor": {
        "type": "Transitive",
        "resolved": "7.0.0",
        "contentHash": "wHWaroody48jnlLoq/REwUltIFLxplXyHTP+sttrc8P7+jkiVqf38afDidJNv4qgD/6zz2NKOYg06xLZ1bG7wQ==",
        "dependencies": {
          "Microsoft.Extensions.DependencyInjection.Abstractions": "10.0.0",
          "Microsoft.Extensions.DependencyModel": "10.0.0"
        }
      },
      "ShortGuid": {
        "type": "Transitive",
        "resolved": "2.0.1",
        "contentHash": "I/bXxaY4BDC0mUCJvF9ZlUfWsq3nRswv53gyNrxqg5SmOObDkggNl7v21tHHMQaPC3PW6xdMS1IHeGzFi2GuAQ=="
      },
      "Snappier": {
        "type": "Transitive",
        "resolved": "1.3.1",
        "contentHash": "DOdDQiO8YZ5rBtVLY+6CmR1yp9WYoJRgEEktPBrR0tEj9QO2djA/zv0O3DX0OZpEAfosbY8pytQ9tQUogwQsEA=="
      },
      "System.ClientModel": {
        "type": "Transitive",
        "resolved": "1.5.1",
        "contentHash": "k2jKSO0X45IqhVOT9iQB4xralNN9foRQsRvXBTyRpAVxyzCJlG895T9qYrQWbcJ6OQXxOouJQ37x5nZH5XKK+A==",
        "dependencies": {
          "Microsoft.Extensions.Logging.Abstractions": "8.0.3",
          "System.Memory.Data": "8.0.1"
        }
      },
      "System.CommandLine": {
        "type": "Transitive",
        "resolved": "2.0.9",
        "contentHash": "SW0WhEk4NFVZ4lOnsLrHQOV/7s0eTidezNybHQWXfqhuXWB17X3RXbrifeWBbUx1iu+NcYchVSufmW7svjUEnA=="
      },
      "System.Configuration.ConfigurationManager": {
        "type": "Transitive",
        "resolved": "9.0.4",
        "contentHash": "dvjqKp+2LpGid6phzrdrS/2mmEPxFl3jE1+L7614q4ZChKbLJCpHXg6sBILlCCED1t//EE+un/UdAetzIMpqnw==",
        "dependencies": {
          "System.Diagnostics.EventLog": "9.0.4",
          "System.Security.Cryptography.ProtectedData": "9.0.4"
        }
      },
      "System.Diagnostics.EventLog": {
        "type": "Transitive",
        "resolved": "9.0.4",
        "contentHash": "getRQEXD8idlpb1KW56XuxImMy0FKp2WJPDf3Qr0kI/QKxxJSftqfDFVo0DZ3HCJRLU73qHSruv5q2l5O47jQQ=="
      },
      "System.IdentityModel.Tokens.Jwt": {
        "type": "Transitive",
        "resolved": "8.0.1",
        "contentHash": "GJw3bYkWpOgvN3tJo5X4lYUeIFA2HD293FPUhKmp7qxS+g5ywAb34Dnd3cDAFLkcMohy5XTpoaZ4uAHuw0uSPQ==",
        "dependencies": {
          "Microsoft.IdentityModel.JsonWebTokens": "8.0.1",
          "Microsoft.IdentityModel.Tokens": "8.0.1"
        }
      },
      "System.Linq.Dynamic.Core": {
        "type": "Transitive",
        "resolved": "1.7.2",
        "contentHash": "11SGBy8DCywOVElSs2J+Cd4WFHruFrBnaaQ86q2HWHBGcCAQDLnbA0ivpFvMeXGPqcEPE+Q3HZtXaXN4F8JLQg=="
      },
      "System.Memory.Data": {
        "type": "Transitive",
        "resolved": "8.0.1",
        "contentHash": "BVYuec3jV23EMRDeR7Dr1/qhx7369dZzJ9IWy2xylvb4YfXsrUxspWc4UWYid/tj4zZK58uGZqn2WQiaDMhmAg=="
      },
      "System.Security.Cryptography.Pkcs": {
        "type": "Transitive",
        "resolved": "9.0.4",
        "contentHash": "cUFTcMlz/Qw9s90b2wnWSCvHdjv51Bau9FQqhsr4TlwSe1OX+7SoXUqphis5G74MLOvMOCghxPPlEqOdCrVVGA=="
      },
      "System.Security.Cryptography.ProtectedData": {
        "type": "Transitive",
        "resolved": "9.0.4",
        "contentHash": "o94k2RKuAce3GeDMlUvIXlhVa1kWpJw95E6C9LwW0KlG0nj5+SgCiIxJ2Eroqb9sLtG1mEMbFttZIBZ13EJPvQ=="
      },
      "ThrottleDebounce": {
        "type": "Transitive",
        "resolved": "2.0.2",
        "contentHash": "SqGyo1Ihv/3Wvq4bjIhjQjFNZ+/6SUvxNIIvdXcDzdP9QRDfySneXtAt9+rkGrFvizjosJAN1jyl2f2vCcR30Q=="
      },
      "YamlDotNet": {
        "type": "Transitive",
        "resolved": "16.3.0",
        "contentHash": "SgMOdxbz8X65z8hraIs6hOEdnkH6hESTAIUa7viEngHOYaH+6q5XJmwr1+yb9vJpNQ19hCQY69xbFsLtXpobQA=="
      },
      "ZstdSharp.Port": {
        "type": "Transitive",
        "resolved": "0.8.6",
        "contentHash": "iP4jVLQoQmUjMU88g1WObiNr6YKZGvh4aOXn3yOJsHqZsflwRsxZPcIBvNXgjXO3vQKSLctXGLTpcBPLnWPS8A=="
      }
    }
  }
}